// !$*UTF8*$!
{
	archiveVersion = 1;
	classes = {
	};
	objectVersion = 56;
	objects = {

/* Begin PBXBuildFile section */
		880455A52D3094AE0098EAD5 /* Assets.xcassets in Resources */ = {isa = PBXBuildFile; fileRef = 880455A42D3094AE0098EAD5 /* Assets.xcassets */; };
		880455A82D3094AE0098EAD5 /* Preview Assets.xcassets in Resources */ = {isa = PBXBuildFile; fileRef = 880455A72D3094AE0098EAD5 /* Preview Assets.xcassets */; };
		885F1CC92D37F9F30090DCD6 /* FirebaseFirestore in Frameworks */ = {isa = PBXBuildFile; productRef = 885F1CC82D37F9F30090DCD6 /* FirebaseFirestore */; };
		8898573A2D3B0F0F00E3F883 /* ViewModifiers.swift in Sources */ = {isa = PBXBuildFile; fileRef = 8898570B2D3B0F0F00E3F883 /* ViewModifiers.swift */; };
		8898573C2D3B0F0F00E3F883 /* FirestoreRepository.swift in Sources */ = {isa = PBXBuildFile; fileRef = 8898570F2D3B0F0F00E3F883 /* FirestoreRepository.swift */; };
		8898573D2D3B0F0F00E3F883 /* AuthError.swift in Sources */ = {isa = PBXBuildFile; fileRef = 889857112D3B0F0F00E3F883 /* AuthError.swift */; };
		8898573E2D3B0F0F00E3F883 /* Category.swift in Sources */ = {isa = PBXBuildFile; fileRef = 889857122D3B0F0F00E3F883 /* Category.swift */; };
		8898573F2D3B0F0F00E3F883 /* Product.swift in Sources */ = {isa = PBXBuildFile; fileRef = 889857132D3B0F0F00E3F883 /* Product.swift */; };
		889857402D3B0F0F00E3F883 /* Banner.swift in Sources */ = {isa = PBXBuildFile; fileRef = 889857142D3B0F0F00E3F883 /* Banner.swift */; };
		889857412D3B0F1000E3F883 /* AuthService.swift in Sources */ = {isa = PBXBuildFile; fileRef = 889857162D3B0F0F00E3F883 /* AuthService.swift */; };
		889857422D3B0F1000E3F883 /* FirestoreService.swift in Sources */ = {isa = PBXBuildFile; fileRef = 889857172D3B0F0F00E3F883 /* FirestoreService.swift */; };
		889857432D3B0F1000E3F883 /* GemStoreApp.swift in Sources */ = {isa = PBXBuildFile; fileRef = 889857192D3B0F0F00E3F883 /* GemStoreApp.swift */; };
		889857442D3B0F1000E3F883 /* HomeViewModel.swift in Sources */ = {isa = PBXBuildFile; fileRef = 8898571D2D3B0F0F00E3F883 /* HomeViewModel.swift */; };
		889857452D3B0F1000E3F883 /* ProductCard.swift in Sources */ = {isa = PBXBuildFile; fileRef = 8898571F2D3B0F0F00E3F883 /* ProductCard.swift */; };
		889857462D3B0F1000E3F883 /* ProductSection.swift in Sources */ = {isa = PBXBuildFile; fileRef = 889857212D3B0F0F00E3F883 /* ProductSection.swift */; };
		889857472D3B0F1000E3F883 /* HomeCategorySection.swift in Sources */ = {isa = PBXBuildFile; fileRef = 889857222D3B0F0F00E3F883 /* HomeCategorySection.swift */; };
		889857482D3B0F1000E3F883 /* BannerView.swift in Sources */ = {isa = PBXBuildFile; fileRef = 889857232D3B0F0F00E3F883 /* BannerView.swift */; };
		889857492D3B0F1000E3F883 /* HomeView.swift in Sources */ = {isa = PBXBuildFile; fileRef = 889857242D3B0F0F00E3F883 /* HomeView.swift */; };
		8898574A2D3B0F1000E3F883 /* DiscoverViewModel.swift in Sources */ = {isa = PBXBuildFile; fileRef = 889857272D3B0F0F00E3F883 /* DiscoverViewModel.swift */; };
		8898574B2D3B0F1000E3F883 /* ProductsViewController.swift in Sources */ = {isa = PBXBuildFile; fileRef = 889857292D3B0F0F00E3F883 /* ProductsViewController.swift */; };
		8898574C2D3B0F1000E3F883 /* DiscoverViewController.swift in Sources */ = {isa = PBXBuildFile; fileRef = 8898572A2D3B0F0F00E3F883 /* DiscoverViewController.swift */; };
		8898574D2D3B0F1000E3F883 /* LoginViewModel.swift in Sources */ = {isa = PBXBuildFile; fileRef = 8898572D2D3B0F0F00E3F883 /* LoginViewModel.swift */; };
		8898574E2D3B0F1000E3F883 /* SignUpViewModel.swift in Sources */ = {isa = PBXBuildFile; fileRef = 8898572E2D3B0F0F00E3F883 /* SignUpViewModel.swift */; };
		8898574F2D3B0F1000E3F883 /* AuthViewModel.swift in Sources */ = {isa = PBXBuildFile; fileRef = 8898572F2D3B0F0F00E3F883 /* AuthViewModel.swift */; };
		889857502D3B0F1000E3F883 /* SignUpViewController.swift in Sources */ = {isa = PBXBuildFile; fileRef = 889857312D3B0F0F00E3F883 /* SignUpViewController.swift */; };
		889857512D3B0F1000E3F883 /* LoginViewController.swift in Sources */ = {isa = PBXBuildFile; fileRef = 889857322D3B0F0F00E3F883 /* LoginViewController.swift */; };
		889857522D3B0F1000E3F883 /* ProfileViewModel.swift in Sources */ = {isa = PBXBuildFile; fileRef = 889857352D3B0F0F00E3F883 /* ProfileViewModel.swift */; };
		889857532D3B0F1000E3F883 /* ProfileView.swift in Sources */ = {isa = PBXBuildFile; fileRef = 889857362D3B0F0F00E3F883 /* ProfileView.swift */; };
		889857542D3B0F1000E3F883 /* MainTabView.swift in Sources */ = {isa = PBXBuildFile; fileRef = 889857382D3B0F0F00E3F883 /* MainTabView.swift */; };
		88B7854C2D36A16C0066B394 /* FirebaseAuth in Frameworks */ = {isa = PBXBuildFile; productRef = 88B7854B2D36A16C0066B394 /* FirebaseAuth */; };
		88B7854F2D36A2640066B394 /* GoogleSignIn in Frameworks */ = {isa = PBXBuildFile; productRef = 88B7854E2D36A2640066B394 /* GoogleSignIn */; };
		88B785512D36A2640066B394 /* GoogleSignInSwift in Frameworks */ = {isa = PBXBuildFile; productRef = 88B785502D36A2640066B394 /* GoogleSignInSwift */; };
		88B785532D36A3720066B394 /* GoogleService-Info.plist in Resources */ = {isa = PBXBuildFile; fileRef = 88B785522D36A3720066B394 /* GoogleService-Info.plist */; };
		88DF7C9C2D35EAA700745369 /* FirebaseAnalytics in Frameworks */ = {isa = PBXBuildFile; productRef = 88DF7C9B2D35EAA700745369 /* FirebaseAnalytics */; };
		88DF7C9E2D35EAA700745369 /* FirebaseAnalyticsOnDeviceConversion in Frameworks */ = {isa = PBXBuildFile; productRef = 88DF7C9D2D35EAA700745369 /* FirebaseAnalyticsOnDeviceConversion */; };
		88DF7CA02D35EAA700745369 /* FirebaseAnalyticsWithoutAdIdSupport in Frameworks */ = {isa = PBXBuildFile; productRef = 88DF7C9F2D35EAA700745369 /* FirebaseAnalyticsWithoutAdIdSupport */; };
		88DF7CA22D35EAA700745369 /* FirebaseAppCheck in Frameworks */ = {isa = PBXBuildFile; productRef = 88DF7CA12D35EAA700745369 /* FirebaseAppCheck */; };
		88DF7CA42D35EAA700745369 /* FirebaseAppDistribution-Beta in Frameworks */ = {isa = PBXBuildFile; productRef = 88DF7CA32D35EAA700745369 /* FirebaseAppDistribution-Beta */; };
		88DF7CA72D35EAD400745369 /* FirebaseCore in Frameworks */ = {isa = PBXBuildFile; productRef = 88DF7CA62D35EAD400745369 /* FirebaseCore */; };
		88DF7CA92D35EADB00745369 /* FirebaseStorage in Frameworks */ = {isa = PBXBuildFile; productRef = 88DF7CA82D35EADB00745369 /* FirebaseStorage */; };
/* End PBXBuildFile section */

/* Begin PBXFileReference section */
		8804559D2D3094AB0098EAD5 /* Ecommerce.app */ = {isa = PBXFileReference; explicitFileType = wrapper.application; includeInIndex = 0; path = Ecommerce.app; sourceTree = BUILT_PRODUCTS_DIR; };
		880455A42D3094AE0098EAD5 /* Assets.xcassets */ = {isa = PBXFileReference; lastKnownFileType = folder.assetcatalog; path = Assets.xcassets; sourceTree = "<group>"; };
		880455A72D3094AE0098EAD5 /* Preview Assets.xcassets */ = {isa = PBXFileReference; lastKnownFileType = folder.assetcatalog; path = "Preview Assets.xcassets"; sourceTree = "<group>"; };
		8898570B2D3B0F0F00E3F883 /* ViewModifiers.swift */ = {isa = PBXFileReference; fileEncoding = 4; lastKnownFileType = sourcecode.swift; path = ViewModifiers.swift; sourceTree = "<group>"; };
		8898570F2D3B0F0F00E3F883 /* FirestoreRepository.swift */ = {isa = PBXFileReference; fileEncoding = 4; lastKnownFileType = sourcecode.swift; path = FirestoreRepository.swift; sourceTree = "<group>"; };
		889857112D3B0F0F00E3F883 /* AuthError.swift */ = {isa = PBXFileReference; fileEncoding = 4; lastKnownFileType = sourcecode.swift; path = AuthError.swift; sourceTree = "<group>"; };
		889857122D3B0F0F00E3F883 /* Category.swift */ = {isa = PBXFileReference; fileEncoding = 4; lastKnownFileType = sourcecode.swift; path = Category.swift; sourceTree = "<group>"; };
		889857132D3B0F0F00E3F883 /* Product.swift */ = {isa = PBXFileReference; fileEncoding = 4; lastKnownFileType = sourcecode.swift; path = Product.swift; sourceTree = "<group>"; };
		889857142D3B0F0F00E3F883 /* Banner.swift */ = {isa = PBXFileReference; fileEncoding = 4; lastKnownFileType = sourcecode.swift; path = Banner.swift; sourceTree = "<group>"; };
		889857162D3B0F0F00E3F883 /* AuthService.swift */ = {isa = PBXFileReference; fileEncoding = 4; lastKnownFileType = sourcecode.swift; path = AuthService.swift; sourceTree = "<group>"; };
		889857172D3B0F0F00E3F883 /* FirestoreService.swift */ = {isa = PBXFileReference; fileEncoding = 4; lastKnownFileType = sourcecode.swift; path = FirestoreService.swift; sourceTree = "<group>"; };
		889857192D3B0F0F00E3F883 /* GemStoreApp.swift */ = {isa = PBXFileReference; fileEncoding = 4; lastKnownFileType = sourcecode.swift; path = GemStoreApp.swift; sourceTree = "<group>"; };
		8898571D2D3B0F0F00E3F883 /* HomeViewModel.swift */ = {isa = PBXFileReference; fileEncoding = 4; lastKnownFileType = sourcecode.swift; path = HomeViewModel.swift; sourceTree = "<group>"; };
		8898571F2D3B0F0F00E3F883 /* ProductCard.swift */ = {isa = PBXFileReference; fileEncoding = 4; lastKnownFileType = sourcecode.swift; path = ProductCard.swift; sourceTree = "<group>"; };
		889857212D3B0F0F00E3F883 /* ProductSection.swift */ = {isa = PBXFileReference; fileEncoding = 4; lastKnownFileType = sourcecode.swift; path = ProductSection.swift; sourceTree = "<group>"; };
		889857222D3B0F0F00E3F883 /* HomeCategorySection.swift */ = {isa = PBXFileReference; fileEncoding = 4; lastKnownFileType = sourcecode.swift; path = HomeCategorySection.swift; sourceTree = "<group>"; };
		889857232D3B0F0F00E3F883 /* BannerView.swift */ = {isa = PBXFileReference; fileEncoding = 4; lastKnownFileType = sourcecode.swift; path = BannerView.swift; sourceTree = "<group>"; };
		889857242D3B0F0F00E3F883 /* HomeView.swift */ = {isa = PBXFileReference; fileEncoding = 4; lastKnownFileType = sourcecode.swift; path = HomeView.swift; sourceTree = "<group>"; };
		889857272D3B0F0F00E3F883 /* DiscoverViewModel.swift */ = {isa = PBXFileReference; fileEncoding = 4; lastKnownFileType = sourcecode.swift; path = DiscoverViewModel.swift; sourceTree = "<group>"; };
		889857292D3B0F0F00E3F883 /* ProductsViewController.swift */ = {isa = PBXFileReference; fileEncoding = 4; lastKnownFileType = sourcecode.swift; path = ProductsViewController.swift; sourceTree = "<group>"; };
		8898572A2D3B0F0F00E3F883 /* DiscoverViewController.swift */ = {isa = PBXFileReference; fileEncoding = 4; lastKnownFileType = sourcecode.swift; path = DiscoverViewController.swift; sourceTree = "<group>"; };
		8898572D2D3B0F0F00E3F883 /* LoginViewModel.swift */ = {isa = PBXFileReference; fileEncoding = 4; lastKnownFileType = sourcecode.swift; path = LoginViewModel.swift; sourceTree = "<group>"; };
		8898572E2D3B0F0F00E3F883 /* SignUpViewModel.swift */ = {isa = PBXFileReference; fileEncoding = 4; lastKnownFileType = sourcecode.swift; path = SignUpViewModel.swift; sourceTree = "<group>"; };
		8898572F2D3B0F0F00E3F883 /* AuthViewModel.swift */ = {isa = PBXFileReference; fileEncoding = 4; lastKnownFileType = sourcecode.swift; path = AuthViewModel.swift; sourceTree = "<group>"; };
		889857312D3B0F0F00E3F883 /* SignUpViewController.swift */ = {isa = PBXFileReference; fileEncoding = 4; lastKnownFileType = sourcecode.swift; path = SignUpViewController.swift; sourceTree = "<group>"; };
		889857322D3B0F0F00E3F883 /* LoginViewController.swift */ = {isa = PBXFileReference; fileEncoding = 4; lastKnownFileType = sourcecode.swift; path = LoginViewController.swift; sourceTree = "<group>"; };
		889857352D3B0F0F00E3F883 /* ProfileViewModel.swift */ = {isa = PBXFileReference; fileEncoding = 4; lastKnownFileType = sourcecode.swift; path = ProfileViewModel.swift; sourceTree = "<group>"; };
		889857362D3B0F0F00E3F883 /* ProfileView.swift */ = {isa = PBXFileReference; fileEncoding = 4; lastKnownFileType = sourcecode.swift; path = ProfileView.swift; sourceTree = "<group>"; };
		889857382D3B0F0F00E3F883 /* MainTabView.swift */ = {isa = PBXFileReference; fileEncoding = 4; lastKnownFileType = sourcecode.swift; path = MainTabView.swift; sourceTree = "<group>"; };
		88B785522D36A3720066B394 /* GoogleService-Info.plist */ = {isa = PBXFileReference; fileEncoding = 4; lastKnownFileType = text.plist.xml; path = "GoogleService-Info.plist"; sourceTree = "<group>"; };
		88B786152D36B26F0066B394 /* Info.plist */ = {isa = PBXFileReference; fileEncoding = 4; lastKnownFileType = text.plist.xml; path = Info.plist; sourceTree = "<group>"; };
/* End PBXFileReference section */

/* Begin PBXFrameworksBuildPhase section */
		8804559A2D3094AB0098EAD5 /* Frameworks */ = {
			isa = PBXFrameworksBuildPhase;
			buildActionMask = 2147483647;
			files = (
				88DF7CA22D35EAA700745369 /* FirebaseAppCheck in Frameworks */,
				88DF7C9C2D35EAA700745369 /* FirebaseAnalytics in Frameworks */,
				88DF7CA42D35EAA700745369 /* FirebaseAppDistribution-Beta in Frameworks */,
				88DF7CA02D35EAA700745369 /* FirebaseAnalyticsWithoutAdIdSupport in Frameworks */,
				88DF7CA92D35EADB00745369 /* FirebaseStorage in Frameworks */,
				88B785512D36A2640066B394 /* GoogleSignInSwift in Frameworks */,
				88DF7CA72D35EAD400745369 /* FirebaseCore in Frameworks */,
				88DF7C9E2D35EAA700745369 /* FirebaseAnalyticsOnDeviceConversion in Frameworks */,
				88B7854C2D36A16C0066B394 /* FirebaseAuth in Frameworks */,
				885F1CC92D37F9F30090DCD6 /* FirebaseFirestore in Frameworks */,
				88B7854F2D36A2640066B394 /* GoogleSignIn in Frameworks */,
			);
			runOnlyForDeploymentPostprocessing = 0;
		};
/* End PBXFrameworksBuildPhase section */

/* Begin PBXGroup section */
		880455942D3094AB0098EAD5 = {
			isa = PBXGroup;
			children = (
				8804559F2D3094AB0098EAD5 /* Ecommerce */,
				8804559E2D3094AB0098EAD5 /* Products */,
				88DF7CA52D35EAD400745369 /* Frameworks */,
			);
			sourceTree = "<group>";
		};
		8804559E2D3094AB0098EAD5 /* Products */ = {
			isa = PBXGroup;
			children = (
				8804559D2D3094AB0098EAD5 /* Ecommerce.app */,
			);
			name = Products;
			sourceTree = "<group>";
		};
		8804559F2D3094AB0098EAD5 /* Ecommerce */ = {
			isa = PBXGroup;
			children = (
				889857072D3B0F0F00E3F883 /* GemStore */,
				880455A42D3094AE0098EAD5 /* Assets.xcassets */,
				88B786152D36B26F0066B394 /* Info.plist */,
				88B785522D36A3720066B394 /* GoogleService-Info.plist */,
				880455A62D3094AE0098EAD5 /* Preview Content */,
			);
			path = Ecommerce;
			sourceTree = "<group>";
		};
		880455A62D3094AE0098EAD5 /* Preview Content */ = {
			isa = PBXGroup;
			children = (
				880455A72D3094AE0098EAD5 /* Preview Assets.xcassets */,
			);
			path = "Preview Content";
			sourceTree = "<group>";
		};
		889857072D3B0F0F00E3F883 /* GemStore */ = {
			isa = PBXGroup;
			children = (
				889857082D3B0F0F00E3F883 /* UI */,
				8898570D2D3B0F0F00E3F883 /* Core */,
				889857182D3B0F0F00E3F883 /* App */,
				8898571A2D3B0F0F00E3F883 /* Features */,
			);
			name = GemStore;
			path = ../../bolo/Ecommerce/GemStore;
			sourceTree = "<group>";
		};
		889857082D3B0F0F00E3F883 /* UI */ = {
			isa = PBXGroup;
			children = (
				889857092D3B0F0F00E3F883 /* Common */,
			);
			path = UI;
			sourceTree = "<group>";
		};
		889857092D3B0F0F00E3F883 /* Common */ = {
			isa = PBXGroup;
			children = (
				8898570B2D3B0F0F00E3F883 /* ViewModifiers.swift */,
			);
			path = Common;
			sourceTree = "<group>";
		};
		8898570D2D3B0F0F00E3F883 /* Core */ = {
			isa = PBXGroup;
			children = (
				8898570E2D3B0F0F00E3F883 /* Repositories */,
				889857102D3B0F0F00E3F883 /* Models */,
				889857152D3B0F0F00E3F883 /* Services */,
			);
			path = Core;
			sourceTree = "<group>";
		};
		8898570E2D3B0F0F00E3F883 /* Repositories */ = {
			isa = PBXGroup;
			children = (
				8898570F2D3B0F0F00E3F883 /* FirestoreRepository.swift */,
			);
			path = Repositories;
			sourceTree = "<group>";
		};
		889857102D3B0F0F00E3F883 /* Models */ = {
			isa = PBXGroup;
			children = (
				889857112D3B0F0F00E3F883 /* AuthError.swift */,
				889857122D3B0F0F00E3F883 /* Category.swift */,
				889857132D3B0F0F00E3F883 /* Product.swift */,
				889857142D3B0F0F00E3F883 /* Banner.swift */,
			);
			path = Models;
			sourceTree = "<group>";
		};
		889857152D3B0F0F00E3F883 /* Services */ = {
			isa = PBXGroup;
			children = (
				889857162D3B0F0F00E3F883 /* AuthService.swift */,
				889857172D3B0F0F00E3F883 /* FirestoreService.swift */,
			);
			path = Services;
			sourceTree = "<group>";
		};
		889857182D3B0F0F00E3F883 /* App */ = {
			isa = PBXGroup;
			children = (
				889857192D3B0F0F00E3F883 /* GemStoreApp.swift */,
			);
			path = App;
			sourceTree = "<group>";
		};
		8898571A2D3B0F0F00E3F883 /* Features */ = {
			isa = PBXGroup;
			children = (
				8898571B2D3B0F0F00E3F883 /* Home */,
				889857252D3B0F0F00E3F883 /* Discover */,
				8898572B2D3B0F0F00E3F883 /* Auth */,
				889857332D3B0F0F00E3F883 /* Profile */,
				889857372D3B0F0F00E3F883 /* Main */,
			);
			path = Features;
			sourceTree = "<group>";
		};
		8898571B2D3B0F0F00E3F883 /* Home */ = {
			isa = PBXGroup;
			children = (
				8898571C2D3B0F0F00E3F883 /* ViewModels */,
				8898571E2D3B0F0F00E3F883 /* Components */,
				889857202D3B0F0F00E3F883 /* Views */,
			);
			path = Home;
			sourceTree = "<group>";
		};
		8898571C2D3B0F0F00E3F883 /* ViewModels */ = {
			isa = PBXGroup;
			children = (
				8898571D2D3B0F0F00E3F883 /* HomeViewModel.swift */,
			);
			path = ViewModels;
			sourceTree = "<group>";
		};
		8898571E2D3B0F0F00E3F883 /* Components */ = {
			isa = PBXGroup;
			children = (
				8898571F2D3B0F0F00E3F883 /* ProductCard.swift */,
			);
			path = Components;
			sourceTree = "<group>";
		};
		889857202D3B0F0F00E3F883 /* Views */ = {
			isa = PBXGroup;
			children = (
				889857212D3B0F0F00E3F883 /* ProductSection.swift */,
				889857222D3B0F0F00E3F883 /* HomeCategorySection.swift */,
				889857232D3B0F0F00E3F883 /* BannerView.swift */,
				889857242D3B0F0F00E3F883 /* HomeView.swift */,
			);
			path = Views;
			sourceTree = "<group>";
		};
		889857252D3B0F0F00E3F883 /* Discover */ = {
			isa = PBXGroup;
			children = (
				889857262D3B0F0F00E3F883 /* ViewModels */,
				889857282D3B0F0F00E3F883 /* Views */,
			);
			path = Discover;
			sourceTree = "<group>";
		};
		889857262D3B0F0F00E3F883 /* ViewModels */ = {
			isa = PBXGroup;
			children = (
				889857272D3B0F0F00E3F883 /* DiscoverViewModel.swift */,
			);
			path = ViewModels;
			sourceTree = "<group>";
		};
		889857282D3B0F0F00E3F883 /* Views */ = {
			isa = PBXGroup;
			children = (
				889857292D3B0F0F00E3F883 /* ProductsViewController.swift */,
				8898572A2D3B0F0F00E3F883 /* DiscoverViewController.swift */,
			);
			path = Views;
			sourceTree = "<group>";
		};
		8898572B2D3B0F0F00E3F883 /* Auth */ = {
			isa = PBXGroup;
			children = (
				8898572C2D3B0F0F00E3F883 /* ViewModels */,
				889857302D3B0F0F00E3F883 /* Views */,
			);
			path = Auth;
			sourceTree = "<group>";
		};
		8898572C2D3B0F0F00E3F883 /* ViewModels */ = {
			isa = PBXGroup;
			children = (
				8898572D2D3B0F0F00E3F883 /* LoginViewModel.swift */,
				8898572E2D3B0F0F00E3F883 /* SignUpViewModel.swift */,
				8898572F2D3B0F0F00E3F883 /* AuthViewModel.swift */,
			);
			path = ViewModels;
			sourceTree = "<group>";
		};
		889857302D3B0F0F00E3F883 /* Views */ = {
			isa = PBXGroup;
			children = (
				889857312D3B0F0F00E3F883 /* SignUpViewController.swift */,
				889857322D3B0F0F00E3F883 /* LoginViewController.swift */,
			);
			path = Views;
			sourceTree = "<group>";
		};
		889857332D3B0F0F00E3F883 /* Profile */ = {
			isa = PBXGroup;
			children = (
				889857342D3B0F0F00E3F883 /* ViewModels */,
				889857362D3B0F0F00E3F883 /* ProfileView.swift */,
			);
			path = Profile;
			sourceTree = "<group>";
		};
		889857342D3B0F0F00E3F883 /* ViewModels */ = {
			isa = PBXGroup;
			children = (
				889857352D3B0F0F00E3F883 /* ProfileViewModel.swift */,
			);
			path = ViewModels;
			sourceTree = "<group>";
		};
		889857372D3B0F0F00E3F883 /* Main */ = {
			isa = PBXGroup;
			children = (
				889857382D3B0F0F00E3F883 /* MainTabView.swift */,
			);
			path = Main;
			sourceTree = "<group>";
		};
		88DF7CA52D35EAD400745369 /* Frameworks */ = {
			isa = PBXGroup;
			children = (
			);
			name = Frameworks;
			sourceTree = "<group>";
		};
/* End PBXGroup section */

/* Begin PBXNativeTarget section */
		8804559C2D3094AB0098EAD5 /* Ecommerce */ = {
			isa = PBXNativeTarget;
			buildConfigurationList = 880455AB2D3094AE0098EAD5 /* Build configuration list for PBXNativeTarget "Ecommerce" */;
			buildPhases = (
				880455992D3094AB0098EAD5 /* Sources */,
				8804559A2D3094AB0098EAD5 /* Frameworks */,
				8804559B2D3094AB0098EAD5 /* Resources */,
			);
			buildRules = (
			);
			dependencies = (
			);
			name = Ecommerce;
			packageProductDependencies = (
				88DF7C9B2D35EAA700745369 /* FirebaseAnalytics */,
				88DF7C9D2D35EAA700745369 /* FirebaseAnalyticsOnDeviceConversion */,
				88DF7C9F2D35EAA700745369 /* FirebaseAnalyticsWithoutAdIdSupport */,
				88DF7CA12D35EAA700745369 /* FirebaseAppCheck */,
				88DF7CA32D35EAA700745369 /* FirebaseAppDistribution-Beta */,
				88DF7CA62D35EAD400745369 /* FirebaseCore */,
				88DF7CA82D35EADB00745369 /* FirebaseStorage */,
				88B7854B2D36A16C0066B394 /* FirebaseAuth */,
				88B7854E2D36A2640066B394 /* GoogleSignIn */,
				88B785502D36A2640066B394 /* GoogleSignInSwift */,
				885F1CC82D37F9F30090DCD6 /* FirebaseFirestore */,
			);
			productName = Ecommerce;
			productReference = 8804559D2D3094AB0098EAD5 /* Ecommerce.app */;
			productType = "com.apple.product-type.application";
		};
/* End PBXNativeTarget section */

/* Begin PBXProject section */
		880455952D3094AB0098EAD5 /* Project object */ = {
			isa = PBXProject;
			attributes = {
				BuildIndependentTargetsInParallel = 1;
				LastSwiftUpdateCheck = 1510;
				LastUpgradeCheck = 1510;
				TargetAttributes = {
					8804559C2D3094AB0098EAD5 = {
						CreatedOnToolsVersion = 15.1;
					};
				};
			};
			buildConfigurationList = 880455982D3094AB0098EAD5 /* Build configuration list for PBXProject "Ecommerce" */;
			compatibilityVersion = "Xcode 14.0";
			developmentRegion = en;
			hasScannedForEncodings = 0;
			knownRegions = (
				en,
				Base,
			);
			mainGroup = 880455942D3094AB0098EAD5;
			packageReferences = (
				88DF7C9A2D35EAA700745369 /* XCRemoteSwiftPackageReference "firebase-ios-sdk" */,
				88B7854D2D36A2640066B394 /* XCRemoteSwiftPackageReference "GoogleSignIn-iOS" */,
			);
			productRefGroup = 8804559E2D3094AB0098EAD5 /* Products */;
			projectDirPath = "";
			projectRoot = "";
			targets = (
				8804559C2D3094AB0098EAD5 /* Ecommerce */,
			);
		};
/* End PBXProject section */

/* Begin PBXResourcesBuildPhase section */
		8804559B2D3094AB0098EAD5 /* Resources */ = {
			isa = PBXResourcesBuildPhase;
			buildActionMask = 2147483647;
			files = (
				880455A82D3094AE0098EAD5 /* Preview Assets.xcassets in Resources */,
				880455A52D3094AE0098EAD5 /* Assets.xcassets in Resources */,
				88B785532D36A3720066B394 /* GoogleService-Info.plist in Resources */,
			);
			runOnlyForDeploymentPostprocessing = 0;
		};
/* End PBXResourcesBuildPhase section */

/* Begin PBXSourcesBuildPhase section */
		880455992D3094AB0098EAD5 /* Sources */ = {
			isa = PBXSourcesBuildPhase;
			buildActionMask = 2147483647;
			files = (
				889857532D3B0F1000E3F883 /* ProfileView.swift in Sources */,
				889857422D3B0F1000E3F883 /* FirestoreService.swift in Sources */,
				8898573A2D3B0F0F00E3F883 /* ViewModifiers.swift in Sources */,
				8898574B2D3B0F1000E3F883 /* ProductsViewController.swift in Sources */,
				8898574A2D3B0F1000E3F883 /* DiscoverViewModel.swift in Sources */,
				889857452D3B0F1000E3F883 /* ProductCard.swift in Sources */,
				889857492D3B0F1000E3F883 /* HomeView.swift in Sources */,
				889857472D3B0F1000E3F883 /* HomeCategorySection.swift in Sources */,
				8898574C2D3B0F1000E3F883 /* DiscoverViewController.swift in Sources */,
				889857542D3B0F1000E3F883 /* MainTabView.swift in Sources */,
				889857522D3B0F1000E3F883 /* ProfileViewModel.swift in Sources */,
				889857412D3B0F1000E3F883 /* AuthService.swift in Sources */,
				8898573C2D3B0F0F00E3F883 /* FirestoreRepository.swift in Sources */,
				889857432D3B0F1000E3F883 /* GemStoreApp.swift in Sources */,
				889857512D3B0F1000E3F883 /* LoginViewController.swift in Sources */,
				889857442D3B0F1000E3F883 /* HomeViewModel.swift in Sources */,
				889857462D3B0F1000E3F883 /* ProductSection.swift in Sources */,
				8898573D2D3B0F0F00E3F883 /* AuthError.swift in Sources */,
				889857482D3B0F1000E3F883 /* BannerView.swift in Sources */,
				8898574F2D3B0F1000E3F883 /* AuthViewModel.swift in Sources */,
				889857502D3B0F1000E3F883 /* SignUpViewController.swift in Sources */,
				889857402D3B0F0F00E3F883 /* Banner.swift in Sources */,
				8898573E2D3B0F0F00E3F883 /* Category.swift in Sources */,
				8898573F2D3B0F0F00E3F883 /* Product.swift in Sources */,
				8898574E2D3B0F1000E3F883 /* SignUpViewModel.swift in Sources */,
				8898574D2D3B0F1000E3F883 /* LoginViewModel.swift in Sources */,
			);
			runOnlyForDeploymentPostprocessing = 0;
		};
/* End PBXSourcesBuildPhase section */

/* Begin XCBuildConfiguration section */
		880455A92D3094AE0098EAD5 /* Debug */ = {
			isa = XCBuildConfiguration;
			buildSettings = {
				ALWAYS_SEARCH_USER_PATHS = NO;
				ASSETCATALOG_COMPILER_GENERATE_SWIFT_ASSET_SYMBOL_EXTENSIONS = YES;
				CLANG_ANALYZER_NONNULL = YES;
				CLANG_ANALYZER_NUMBER_OBJECT_CONVERSION = YES_AGGRESSIVE;
				CLANG_CXX_LANGUAGE_STANDARD = "gnu++20";
				CLANG_ENABLE_MODULES = YES;
				CLANG_ENABLE_OBJC_ARC = YES;
				CLANG_ENABLE_OBJC_WEAK = YES;
				CLANG_WARN_BLOCK_CAPTURE_AUTORELEASING = YES;
				CLANG_WARN_BOOL_CONVERSION = YES;
				CLANG_WARN_COMMA = YES;
				CLANG_WARN_CONSTANT_CONVERSION = YES;
				CLANG_WARN_DEPRECATED_OBJC_IMPLEMENTATIONS = YES;
				CLANG_WARN_DIRECT_OBJC_ISA_USAGE = YES_ERROR;
				CLANG_WARN_DOCUMENTATION_COMMENTS = YES;
				CLANG_WARN_EMPTY_BODY = YES;
				CLANG_WARN_ENUM_CONVERSION = YES;
				CLANG_WARN_INFINITE_RECURSION = YES;
				CLANG_WARN_INT_CONVERSION = YES;
				CLANG_WARN_NON_LITERAL_NULL_CONVERSION = YES;
				CLANG_WARN_OBJC_IMPLICIT_RETAIN_SELF = YES;
				CLANG_WARN_OBJC_LITERAL_CONVERSION = YES;
				CLANG_WARN_OBJC_ROOT_CLASS = YES_ERROR;
				CLANG_WARN_QUOTED_INCLUDE_IN_FRAMEWORK_HEADER = YES;
				CLANG_WARN_RANGE_LOOP_ANALYSIS = YES;
				CLANG_WARN_STRICT_PROTOTYPES = YES;
				CLANG_WARN_SUSPICIOUS_MOVE = YES;
				CLANG_WARN_UNGUARDED_AVAILABILITY = YES_AGGRESSIVE;
				CLANG_WARN_UNREACHABLE_CODE = YES;
				CLANG_WARN__DUPLICATE_METHOD_MATCH = YES;
				COPY_PHASE_STRIP = NO;
				DEBUG_INFORMATION_FORMAT = dwarf;
				ENABLE_STRICT_OBJC_MSGSEND = YES;
				ENABLE_TESTABILITY = YES;
				ENABLE_USER_SCRIPT_SANDBOXING = YES;
				GCC_C_LANGUAGE_STANDARD = gnu17;
				GCC_DYNAMIC_NO_PIC = NO;
				GCC_NO_COMMON_BLOCKS = YES;
				GCC_OPTIMIZATION_LEVEL = 0;
				GCC_PREPROCESSOR_DEFINITIONS = (
					"DEBUG=1",
					"$(inherited)",
				);
				GCC_WARN_64_TO_32_BIT_CONVERSION = YES;
				GCC_WARN_ABOUT_RETURN_TYPE = YES_ERROR;
				GCC_WARN_UNDECLARED_SELECTOR = YES;
				GCC_WARN_UNINITIALIZED_AUTOS = YES_AGGRESSIVE;
				GCC_WARN_UNUSED_FUNCTION = YES;
				GCC_WARN_UNUSED_VARIABLE = YES;
				IPHONEOS_DEPLOYMENT_TARGET = 17.2;
				LOCALIZATION_PREFERS_STRING_CATALOGS = YES;
				MTL_ENABLE_DEBUG_INFO = INCLUDE_SOURCE;
				MTL_FAST_MATH = YES;
				ONLY_ACTIVE_ARCH = YES;
				SDKROOT = iphoneos;
				SWIFT_ACTIVE_COMPILATION_CONDITIONS = "DEBUG $(inherited)";
				SWIFT_OPTIMIZATION_LEVEL = "-Onone";
			};
			name = Debug;
		};
		880455AA2D3094AE0098EAD5 /* Release */ = {
			isa = XCBuildConfiguration;
			buildSettings = {
				ALWAYS_SEARCH_USER_PATHS = NO;
				ASSETCATALOG_COMPILER_GENERATE_SWIFT_ASSET_SYMBOL_EXTENSIONS = YES;
				CLANG_ANALYZER_NONNULL = YES;
				CLANG_ANALYZER_NUMBER_OBJECT_CONVERSION = YES_AGGRESSIVE;
				CLANG_CXX_LANGUAGE_STANDARD = "gnu++20";
				CLANG_ENABLE_MODULES = YES;
				CLANG_ENABLE_OBJC_ARC = YES;
				CLANG_ENABLE_OBJC_WEAK = YES;
				CLANG_WARN_BLOCK_CAPTURE_AUTORELEASING = YES;
				CLANG_WARN_BOOL_CONVERSION = YES;
				CLANG_WARN_COMMA = YES;
				CLANG_WARN_CONSTANT_CONVERSION = YES;
				CLANG_WARN_DEPRECATED_OBJC_IMPLEMENTATIONS = YES;
				CLANG_WARN_DIRECT_OBJC_ISA_USAGE = YES_ERROR;
				CLANG_WARN_DOCUMENTATION_COMMENTS = YES;
				CLANG_WARN_EMPTY_BODY = YES;
				CLANG_WARN_ENUM_CONVERSION = YES;
				CLANG_WARN_INFINITE_RECURSION = YES;
				CLANG_WARN_INT_CONVERSION = YES;
				CLANG_WARN_NON_LITERAL_NULL_CONVERSION = YES;
				CLANG_WARN_OBJC_IMPLICIT_RETAIN_SELF = YES;
				CLANG_WARN_OBJC_LITERAL_CONVERSION = YES;
				CLANG_WARN_OBJC_ROOT_CLASS = YES_ERROR;
				CLANG_WARN_QUOTED_INCLUDE_IN_FRAMEWORK_HEADER = YES;
				CLANG_WARN_RANGE_LOOP_ANALYSIS = YES;
				CLANG_WARN_STRICT_PROTOTYPES = YES;
				CLANG_WARN_SUSPICIOUS_MOVE = YES;
				CLANG_WARN_UNGUARDED_AVAILABILITY = YES_AGGRESSIVE;
				CLANG_WARN_UNREACHABLE_CODE = YES;
				CLANG_WARN__DUPLICATE_METHOD_MATCH = YES;
				COPY_PHASE_STRIP = NO;
				DEBUG_INFORMATION_FORMAT = "dwarf-with-dsym";
				ENABLE_NS_ASSERTIONS = NO;
				ENABLE_STRICT_OBJC_MSGSEND = YES;
				ENABLE_USER_SCRIPT_SANDBOXING = YES;
				GCC_C_LANGUAGE_STANDARD = gnu17;
				GCC_NO_COMMON_BLOCKS = YES;
				GCC_WARN_64_TO_32_BIT_CONVERSION = YES;
				GCC_WARN_ABOUT_RETURN_TYPE = YES_ERROR;
				GCC_WARN_UNDECLARED_SELECTOR = YES;
				GCC_WARN_UNINITIALIZED_AUTOS = YES_AGGRESSIVE;
				GCC_WARN_UNUSED_FUNCTION = YES;
				GCC_WARN_UNUSED_VARIABLE = YES;
				IPHONEOS_DEPLOYMENT_TARGET = 17.2;
				LOCALIZATION_PREFERS_STRING_CATALOGS = YES;
				MTL_ENABLE_DEBUG_INFO = NO;
				MTL_FAST_MATH = YES;
				SDKROOT = iphoneos;
				SWIFT_COMPILATION_MODE = wholemodule;
				VALIDATE_PRODUCT = YES;
			};
			name = Release;
		};
		880455AC2D3094AE0098EAD5 /* Debug */ = {
			isa = XCBuildConfiguration;
			buildSettings = {
				ASSETCATALOG_COMPILER_APPICON_NAME = AppIcon;
				ASSETCATALOG_COMPILER_GLOBAL_ACCENT_COLOR_NAME = AccentColor;
				CODE_SIGN_STYLE = Automatic;
				CURRENT_PROJECT_VERSION = 1;
				DEVELOPMENT_ASSET_PATHS = "\"Ecommerce/Preview Content\"";
				DEVELOPMENT_TEAM = YT4G83G78N;
				ENABLE_PREVIEWS = YES;
				GENERATE_INFOPLIST_FILE = YES;
				INFOPLIST_FILE = Ecommerce/Info.plist;
				INFOPLIST_KEY_UIApplicationSceneManifest_Generation = YES;
				INFOPLIST_KEY_UIApplicationSupportsIndirectInputEvents = YES;
				INFOPLIST_KEY_UILaunchScreen_Generation = YES;
				INFOPLIST_KEY_UISupportedInterfaceOrientations_iPad = "UIInterfaceOrientationPortrait UIInterfaceOrientationPortraitUpsideDown UIInterfaceOrientationLandscapeLeft UIInterfaceOrientationLandscapeRight";
				INFOPLIST_KEY_UISupportedInterfaceOrientations_iPhone = "UIInterfaceOrientationPortrait UIInterfaceOrientationLandscapeLeft UIInterfaceOrientationLandscapeRight";
				IPHONEOS_DEPLOYMENT_TARGET = 16.0;
				LD_RUNPATH_SEARCH_PATHS = (
					"$(inherited)",
					"@executable_path/Frameworks",
				);
				MARKETING_VERSION = 1.0;
				PRODUCT_BUNDLE_IDENTIFIER = com.academy.Ecommerce;
				PRODUCT_NAME = "$(TARGET_NAME)";
				SWIFT_EMIT_LOC_STRINGS = YES;
				SWIFT_VERSION = 5.0;
				TARGETED_DEVICE_FAMILY = "1,2";
			};
			name = Debug;
		};
		880455AD2D3094AE0098EAD5 /* Release */ = {
			isa = XCBuildConfiguration;
			buildSettings = {
				ASSETCATALOG_COMPILER_APPICON_NAME = AppIcon;
				ASSETCATALOG_COMPILER_GLOBAL_ACCENT_COLOR_NAME = AccentColor;
				CODE_SIGN_STYLE = Automatic;
				CURRENT_PROJECT_VERSION = 1;
				DEVELOPMENT_ASSET_PATHS = "\"Ecommerce/Preview Content\"";
				DEVELOPMENT_TEAM = YT4G83G78N;
				ENABLE_PREVIEWS = YES;
				GENERATE_INFOPLIST_FILE = YES;
				INFOPLIST_FILE = Ecommerce/Info.plist;
				INFOPLIST_KEY_UIApplicationSceneManifest_Generation = YES;
				INFOPLIST_KEY_UIApplicationSupportsIndirectInputEvents = YES;
				INFOPLIST_KEY_UILaunchScreen_Generation = YES;
				INFOPLIST_KEY_UISupportedInterfaceOrientations_iPad = "UIInterfaceOrientationPortrait UIInterfaceOrientationPortraitUpsideDown UIInterfaceOrientationLandscapeLeft UIInterfaceOrientationLandscapeRight";
				INFOPLIST_KEY_UISupportedInterfaceOrientations_iPhone = "UIInterfaceOrientationPortrait UIInterfaceOrientationLandscapeLeft UIInterfaceOrientationLandscapeRight";
				IPHONEOS_DEPLOYMENT_TARGET = 16.0;
				LD_RUNPATH_SEARCH_PATHS = (
					"$(inherited)",
					"@executable_path/Frameworks",
				);
				MARKETING_VERSION = 1.0;
				PRODUCT_BUNDLE_IDENTIFIER = com.academy.Ecommerce;
				PRODUCT_NAME = "$(TARGET_NAME)";
				SWIFT_EMIT_LOC_STRINGS = YES;
				SWIFT_VERSION = 5.0;
				TARGETED_DEVICE_FAMILY = "1,2";
			};
			name = Release;
		};
/* End XCBuildConfiguration section */

/* Begin XCConfigurationList section */
		880455982D3094AB0098EAD5 /* Build configuration list for PBXProject "Ecommerce" */ = {
			isa = XCConfigurationList;
			buildConfigurations = (
				880455A92D3094AE0098EAD5 /* Debug */,
				880455AA2D3094AE0098EAD5 /* Release */,
			);
			defaultConfigurationIsVisible = 0;
			defaultConfigurationName = Release;
		};
		880455AB2D3094AE0098EAD5 /* Build configuration list for PBXNativeTarget "Ecommerce" */ = {
			isa = XCConfigurationList;
			buildConfigurations = (
				880455AC2D3094AE0098EAD5 /* Debug */,
				880455AD2D3094AE0098EAD5 /* Release */,
			);
			defaultConfigurationIsVisible = 0;
			defaultConfigurationName = Release;
		};
/* End XCConfigurationList section */

/* Begin XCRemoteSwiftPackageReference section */
		88B7854D2D36A2640066B394 /* XCRemoteSwiftPackageReference "GoogleSignIn-iOS" */ = {
			isa = XCRemoteSwiftPackageReference;
			repositoryURL = "https://github.com/google/GoogleSignIn-iOS.git";
			requirement = {
				kind = upToNextMajorVersion;
				minimumVersion = 8.0.0;
			};
		};
		88DF7C9A2D35EAA700745369 /* XCRemoteSwiftPackageReference "firebase-ios-sdk" */ = {
			isa = XCRemoteSwiftPackageReference;
			repositoryURL = "https://github.com/firebase/firebase-ios-sdk";
			requirement = {
				kind = upToNextMajorVersion;
				minimumVersion = 11.7.0;
			};
		};
/* End XCRemoteSwiftPackageReference section */

/* Begin XCSwiftPackageProductDependency section */
		885F1CC82D37F9F30090DCD6 /* FirebaseFirestore */ = {
			isa = XCSwiftPackageProductDependency;
			package = 88DF7C9A2D35EAA700745369 /* XCRemoteSwiftPackageReference "firebase-ios-sdk" */;
			productName = FirebaseFirestore;
		};
		88B7854B2D36A16C0066B394 /* FirebaseAuth */ = {
			isa = XCSwiftPackageProductDependency;
			package = 88DF7C9A2D35EAA700745369 /* XCRemoteSwiftPackageReference "firebase-ios-sdk" */;
			productName = FirebaseAuth;
		};
		88B7854E2D36A2640066B394 /* GoogleSignIn */ = {
			isa = XCSwiftPackageProductDependency;
			package = 88B7854D2D36A2640066B394 /* XCRemoteSwiftPackageReference "GoogleSignIn-iOS" */;
			productName = GoogleSignIn;
		};
		88B785502D36A2640066B394 /* GoogleSignInSwift */ = {
			isa = XCSwiftPackageProductDependency;
			package = 88B7854D2D36A2640066B394 /* XCRemoteSwiftPackageReference "GoogleSignIn-iOS" */;
			productName = GoogleSignInSwift;
		};
		88DF7C9B2D35EAA700745369 /* FirebaseAnalytics */ = {
			isa = XCSwiftPackageProductDependency;
			package = 88DF7C9A2D35EAA700745369 /* XCRemoteSwiftPackageReference "firebase-ios-sdk" */;
			productName = FirebaseAnalytics;
		};
		88DF7C9D2D35EAA700745369 /* FirebaseAnalyticsOnDeviceConversion */ = {
			isa = XCSwiftPackageProductDependency;
			package = 88DF7C9A2D35EAA700745369 /* XCRemoteSwiftPackageReference "firebase-ios-sdk" */;
			productName = FirebaseAnalyticsOnDeviceConversion;
		};
		88DF7C9F2D35EAA700745369 /* FirebaseAnalyticsWithoutAdIdSupport */ = {
			isa = XCSwiftPackageProductDependency;
			package = 88DF7C9A2D35EAA700745369 /* XCRemoteSwiftPackageReference "firebase-ios-sdk" */;
			productName = FirebaseAnalyticsWithoutAdIdSupport;
		};
		88DF7CA12D35EAA700745369 /* FirebaseAppCheck */ = {
			isa = XCSwiftPackageProductDependency;
			package = 88DF7C9A2D35EAA700745369 /* XCRemoteSwiftPackageReference "firebase-ios-sdk" */;
			productName = FirebaseAppCheck;
		};
		88DF7CA32D35EAA700745369 /* FirebaseAppDistribution-Beta */ = {
			isa = XCSwiftPackageProductDependency;
			package = 88DF7C9A2D35EAA700745369 /* XCRemoteSwiftPackageReference "firebase-ios-sdk" */;
			productName = "FirebaseAppDistribution-Beta";
		};
		88DF7CA62D35EAD400745369 /* FirebaseCore */ = {
			isa = XCSwiftPackageProductDependency;
			package = 88DF7C9A2D35EAA700745369 /* XCRemoteSwiftPackageReference "firebase-ios-sdk" */;
			productName = FirebaseCore;
		};
		88DF7CA82D35EADB00745369 /* FirebaseStorage */ = {
			isa = XCSwiftPackageProductDependency;
			package = 88DF7C9A2D35EAA700745369 /* XCRemoteSwiftPackageReference "firebase-ios-sdk" */;
			productName = FirebaseStorage;
		};
/* End XCSwiftPackageProductDependency section */
	};
	rootObject = 880455952D3094AB0098EAD5 /* Project object */;
}
