// !$*UTF8*$!
{
	archiveVersion = 1;
	classes = {
	};
	objectVersion = 56;
	objects = {

/* Begin PBXBuildFile section */
		880455A52D3094AE0098EAD5 /* Assets.xcassets in Resources */ = {isa = PBXBuildFile; fileRef = 880455A42D3094AE0098EAD5 /* Assets.xcassets */; };
		880455A82D3094AE0098EAD5 /* Preview Assets.xcassets in Resources */ = {isa = PBXBuildFile; fileRef = 880455A72D3094AE0098EAD5 /* Preview Assets.xcassets */; };
		885F1CC92D37F9F30090DCD6 /* FirebaseFirestore in Frameworks */ = {isa = PBXBuildFile; productRef = 885F1CC82D37F9F30090DCD6 /* FirebaseFirestore */; };
		88B7854C2D36A16C0066B394 /* FirebaseAuth in Frameworks */ = {isa = PBXBuildFile; productRef = 88B7854B2D36A16C0066B394 /* FirebaseAuth */; };
		88B7854F2D36A2640066B394 /* GoogleSignIn in Frameworks */ = {isa = PBXBuildFile; productRef = 88B7854E2D36A2640066B394 /* GoogleSignIn */; };
		88B785512D36A2640066B394 /* GoogleSignInSwift in Frameworks */ = {isa = PBXBuildFile; productRef = 88B785502D36A2640066B394 /* GoogleSignInSwift */; };
		88B785532D36A3720066B394 /* GoogleService-Info.plist in Resources */ = {isa = PBXBuildFile; fileRef = 88B785522D36A3720066B394 /* GoogleService-Info.plist */; };
		88D073FF2D4985EE0004F65A /* FirestoreRepository.swift in Sources */ = {isa = PBXBuildFile; fileRef = 88D0737F2D4985ED0004F65A /* FirestoreRepository.swift */; };
		88D074002D4985EE0004F65A /* AuthError.swift in Sources */ = {isa = PBXBuildFile; fileRef = 88D073812D4985ED0004F65A /* AuthError.swift */; };
		88D074012D4985EE0004F65A /* CollectionType.swift in Sources */ = {isa = PBXBuildFile; fileRef = 88D073822D4985ED0004F65A /* CollectionType.swift */; };
		88D074022D4985EE0004F65A /* CartItem.swift in Sources */ = {isa = PBXBuildFile; fileRef = 88D073832D4985ED0004F65A /* CartItem.swift */; };
		88D074032D4985EE0004F65A /* Category.swift in Sources */ = {isa = PBXBuildFile; fileRef = 88D073842D4985ED0004F65A /* Category.swift */; };
		88D074042D4985EE0004F65A /* Product.swift in Sources */ = {isa = PBXBuildFile; fileRef = 88D073852D4985ED0004F65A /* Product.swift */; };
		88D074052D4985EE0004F65A /* UserFavorite.swift in Sources */ = {isa = PBXBuildFile; fileRef = 88D073862D4985ED0004F65A /* UserFavorite.swift */; };
		88D074062D4985EE0004F65A /* Banner.swift in Sources */ = {isa = PBXBuildFile; fileRef = 88D073872D4985ED0004F65A /* Banner.swift */; };
		88D074072D4985EE0004F65A /* ViewModifiers.swift in Sources */ = {isa = PBXBuildFile; fileRef = 88D073892D4985ED0004F65A /* ViewModifiers.swift */; };
		88D074092D4985EE0004F65A /* CustomTextField.swift in Sources */ = {isa = PBXBuildFile; fileRef = 88D0738C2D4985ED0004F65A /* CustomTextField.swift */; };
		88D0740A2D4985EE0004F65A /* ProductCardView.swift in Sources */ = {isa = PBXBuildFile; fileRef = 88D0738D2D4985ED0004F65A /* ProductCardView.swift */; };
		88D0740B2D4985EE0004F65A /* SharedViews.swift in Sources */ = {isa = PBXBuildFile; fileRef = 88D0738E2D4985EE0004F65A /* SharedViews.swift */; };
		88D0740C2D4985EE0004F65A /* ErrorView.swift in Sources */ = {isa = PBXBuildFile; fileRef = 88D0738F2D4985EE0004F65A /* ErrorView.swift */; };
		88D0740D2D4985EE0004F65A /* ServiceProtocols.swift in Sources */ = {isa = PBXBuildFile; fileRef = 88D073912D4985EE0004F65A /* ServiceProtocols.swift */; };
		88D0740E2D4985EE0004F65A /* ShippingService.swift in Sources */ = {isa = PBXBuildFile; fileRef = 88D073932D4985EE0004F65A /* ShippingService.swift */; };
		88D0740F2D4985EE0004F65A /* ImageCacheService.swift in Sources */ = {isa = PBXBuildFile; fileRef = 88D073942D4985EE0004F65A /* ImageCacheService.swift */; };
		88D074102D4985EE0004F65A /* FavoritesService.swift in Sources */ = {isa = PBXBuildFile; fileRef = 88D073952D4985EE0004F65A /* FavoritesService.swift */; };
		88D074112D4985EE0004F65A /* PaymentService.swift in Sources */ = {isa = PBXBuildFile; fileRef = 88D073962D4985EE0004F65A /* PaymentService.swift */; };
		88D074122D4985EE0004F65A /* AuthService.swift in Sources */ = {isa = PBXBuildFile; fileRef = 88D073972D4985EE0004F65A /* AuthService.swift */; };
		88D074132D4985EE0004F65A /* ProductFilterService.swift in Sources */ = {isa = PBXBuildFile; fileRef = 88D073982D4985EE0004F65A /* ProductFilterService.swift */; };
		88D074142D4985EE0004F65A /* CartService.swift in Sources */ = {isa = PBXBuildFile; fileRef = 88D073992D4985EE0004F65A /* CartService.swift */; };
		88D074152D4985EE0004F65A /* FirestoreService.swift in Sources */ = {isa = PBXBuildFile; fileRef = 88D0739A2D4985EE0004F65A /* FirestoreService.swift */; };
		88D074162D4985EE0004F65A /* GemStoreApp.swift in Sources */ = {isa = PBXBuildFile; fileRef = 88D0739C2D4985EE0004F65A /* GemStoreApp.swift */; };
		88D074172D4985EE0004F65A /* HomeViewModel.swift in Sources */ = {isa = PBXBuildFile; fileRef = 88D073A02D4985EE0004F65A /* HomeViewModel.swift */; };
		88D074182D4985EE0004F65A /* BannerProductsViewModel.swift in Sources */ = {isa = PBXBuildFile; fileRef = 88D073A12D4985EE0004F65A /* BannerProductsViewModel.swift */; };
		88D074192D4985EE0004F65A /* ProductCard.swift in Sources */ = {isa = PBXBuildFile; fileRef = 88D073A32D4985EE0004F65A /* ProductCard.swift */; };
		88D0741A2D4985EE0004F65A /* ProductSection.swift in Sources */ = {isa = PBXBuildFile; fileRef = 88D073A52D4985EE0004F65A /* ProductSection.swift */; };
		88D0741B2D4985EE0004F65A /* HomeCategorySection.swift in Sources */ = {isa = PBXBuildFile; fileRef = 88D073A62D4985EE0004F65A /* HomeCategorySection.swift */; };
		88D0741C2D4985EE0004F65A /* BannerView.swift in Sources */ = {isa = PBXBuildFile; fileRef = 88D073A72D4985EE0004F65A /* BannerView.swift */; };
		88D0741D2D4985EE0004F65A /* HomeView.swift in Sources */ = {isa = PBXBuildFile; fileRef = 88D073A82D4985EE0004F65A /* HomeView.swift */; };
		88D0741E2D4985EE0004F65A /* CollectionProductsViewModel.swift in Sources */ = {isa = PBXBuildFile; fileRef = 88D073AB2D4985EE0004F65A /* CollectionProductsViewModel.swift */; };
		88D0741F2D4985EE0004F65A /* CollectionProductsView.swift in Sources */ = {isa = PBXBuildFile; fileRef = 88D073AD2D4985EE0004F65A /* CollectionProductsView.swift */; };
		88D074202D4985EE0004F65A /* DiscoverViewModel.swift in Sources */ = {isa = PBXBuildFile; fileRef = 88D073B02D4985EE0004F65A /* DiscoverViewModel.swift */; };
		88D074212D4985EE0004F65A /* SubcategoryCell.swift in Sources */ = {isa = PBXBuildFile; fileRef = 88D073B22D4985EE0004F65A /* SubcategoryCell.swift */; };
		88D074222D4985EE0004F65A /* CategoryCell.swift in Sources */ = {isa = PBXBuildFile; fileRef = 88D073B32D4985EE0004F65A /* CategoryCell.swift */; };
		88D074232D4985EE0004F65A /* ProductsViewController.swift in Sources */ = {isa = PBXBuildFile; fileRef = 88D073B42D4985EE0004F65A /* ProductsViewController.swift */; };
		88D074242D4985EE0004F65A /* DiscoverViewController.swift in Sources */ = {isa = PBXBuildFile; fileRef = 88D073B52D4985EE0004F65A /* DiscoverViewController.swift */; };
		88D074252D4985EE0004F65A /* ProductCell.swift in Sources */ = {isa = PBXBuildFile; fileRef = 88D073B62D4985EE0004F65A /* ProductCell.swift */; };
		88D074262D4985EE0004F65A /* DiscoverSearchView.swift in Sources */ = {isa = PBXBuildFile; fileRef = 88D073B82D4985EE0004F65A /* DiscoverSearchView.swift */; };
		88D074272D4985EE0004F65A /* DiscoverEmptyStateView.swift in Sources */ = {isa = PBXBuildFile; fileRef = 88D073B92D4985EE0004F65A /* DiscoverEmptyStateView.swift */; };
		88D074282D4985EE0004F65A /* LoginViewModel.swift in Sources */ = {isa = PBXBuildFile; fileRef = 88D073BC2D4985EE0004F65A /* LoginViewModel.swift */; };
		88D074292D4985EE0004F65A /* SignUpViewModel.swift in Sources */ = {isa = PBXBuildFile; fileRef = 88D073BD2D4985EE0004F65A /* SignUpViewModel.swift */; };
		88D0742A2D4985EE0004F65A /* AuthViewModel.swift in Sources */ = {isa = PBXBuildFile; fileRef = 88D073BE2D4985EE0004F65A /* AuthViewModel.swift */; };
		88D0742B2D4985EE0004F65A /* SignUpViewController.swift in Sources */ = {isa = PBXBuildFile; fileRef = 88D073C02D4985EE0004F65A /* SignUpViewController.swift */; };
		88D0742C2D4985EE0004F65A /* LoginViewController.swift in Sources */ = {isa = PBXBuildFile; fileRef = 88D073C12D4985EE0004F65A /* LoginViewController.swift */; };
		88D0742D2D4985EE0004F65A /* PaymentViewModel.swift in Sources */ = {isa = PBXBuildFile; fileRef = 88D073C42D4985EE0004F65A /* PaymentViewModel.swift */; };
		88D0742E2D4985EE0004F65A /* AddCardViewModel.swift in Sources */ = {isa = PBXBuildFile; fileRef = 88D073C52D4985EE0004F65A /* AddCardViewModel.swift */; };
		88D0742F2D4985EE0004F65A /* PaymentCard.swift in Sources */ = {isa = PBXBuildFile; fileRef = 88D073C72D4985EE0004F65A /* PaymentCard.swift */; };
		88D074302D4985EE0004F65A /* PaymentView.swift in Sources */ = {isa = PBXBuildFile; fileRef = 88D073C92D4985EE0004F65A /* PaymentView.swift */; };
		88D074312D4985EE0004F65A /* PaymentMethodButton.swift in Sources */ = {isa = PBXBuildFile; fileRef = 88D073CA2D4985EE0004F65A /* PaymentMethodButton.swift */; };
		88D074322D4985EE0004F65A /* AddCardView.swift in Sources */ = {isa = PBXBuildFile; fileRef = 88D073CB2D4985EE0004F65A /* AddCardView.swift */; };
		88D074332D4985EE0004F65A /* PaymentCardView.swift in Sources */ = {isa = PBXBuildFile; fileRef = 88D073CC2D4985EE0004F65A /* PaymentCardView.swift */; };
		88D0743C2D4985EE0004F65A /* WishlistViewModel.swift in Sources */ = {isa = PBXBuildFile; fileRef = 88D073DB2D4985EE0004F65A /* WishlistViewModel.swift */; };
		88D0743D2D4985EE0004F65A /* ProfileViewModel.swift in Sources */ = {isa = PBXBuildFile; fileRef = 88D073DC2D4985EE0004F65A /* ProfileViewModel.swift */; };
		88D0743E2D4985EE0004F65A /* WishlistViewController.swift in Sources */ = {isa = PBXBuildFile; fileRef = 88D073DE2D4985EE0004F65A /* WishlistViewController.swift */; };
		88D0743F2D4985EE0004F65A /* ProfileView.swift in Sources */ = {isa = PBXBuildFile; fileRef = 88D073DF2D4985EE0004F65A /* ProfileView.swift */; };
		88D074402D4985EE0004F65A /* WishlistViewControllerWrapper.swift in Sources */ = {isa = PBXBuildFile; fileRef = 88D073E02D4985EE0004F65A /* WishlistViewControllerWrapper.swift */; };
		88D074412D4985EE0004F65A /* ProductDetailsViewModel.swift in Sources */ = {isa = PBXBuildFile; fileRef = 88D073E32D4985EE0004F65A /* ProductDetailsViewModel.swift */; };
		88D074422D4985EE0004F65A /* ProductDetailsViewController.swift in Sources */ = {isa = PBXBuildFile; fileRef = 88D073E52D4985EE0004F65A /* ProductDetailsViewController.swift */; };
		88D074432D4985EE0004F65A /* CartViewModel.swift in Sources */ = {isa = PBXBuildFile; fileRef = 88D073E82D4985EE0004F65A /* CartViewModel.swift */; };
		88D074442D4985EE0004F65A /* CartView.swift in Sources */ = {isa = PBXBuildFile; fileRef = 88D073EA2D4985EE0004F65A /* CartView.swift */; };
		88D0744B2D4985EE0004F65A /* FilterViewModel.swift in Sources */ = {isa = PBXBuildFile; fileRef = 88D073F82D4985EE0004F65A /* FilterViewModel.swift */; };
		88D0744C2D4985EE0004F65A /* FilterOptions.swift in Sources */ = {isa = PBXBuildFile; fileRef = 88D073FA2D4985EE0004F65A /* FilterOptions.swift */; };
		88D0744D2D4985EE0004F65A /* FilterViewController.swift in Sources */ = {isa = PBXBuildFile; fileRef = 88D073FC2D4985EE0004F65A /* FilterViewController.swift */; };
		88D0744E2D4985EE0004F65A /* MainTabView.swift in Sources */ = {isa = PBXBuildFile; fileRef = 88D073FE2D4985EE0004F65A /* MainTabView.swift */; };
		88D0745C2D4989190004F65A /* OrdersViewModel.swift in Sources */ = {isa = PBXBuildFile; fileRef = 88D074512D4989190004F65A /* OrdersViewModel.swift */; };
		88D0745D2D4989190004F65A /* OrderDetailViewModel.swift in Sources */ = {isa = PBXBuildFile; fileRef = 88D074522D4989190004F65A /* OrderDetailViewModel.swift */; };
		88D0745E2D4989190004F65A /* Order.swift in Sources */ = {isa = PBXBuildFile; fileRef = 88D074542D4989190004F65A /* Order.swift */; };
		88D0745F2D4989190004F65A /* OrderDetailViewController.swift in Sources */ = {isa = PBXBuildFile; fileRef = 88D074562D4989190004F65A /* OrderDetailViewController.swift */; };
		88D074602D4989190004F65A /* OrdersViewControllerWrapper.swift in Sources */ = {isa = PBXBuildFile; fileRef = 88D074572D4989190004F65A /* OrdersViewControllerWrapper.swift */; };
		88D074612D4989190004F65A /* OrdersViewController.swift in Sources */ = {isa = PBXBuildFile; fileRef = 88D074582D4989190004F65A /* OrdersViewController.swift */; };
		88D074622D4989190004F65A /* OrderCell.swift in Sources */ = {isa = PBXBuildFile; fileRef = 88D074592D4989190004F65A /* OrderCell.swift */; };
		88D074632D4989190004F65A /* OrdersService.swift in Sources */ = {isa = PBXBuildFile; fileRef = 88D0745B2D4989190004F65A /* OrdersService.swift */; };
		88D074742D49908E0004F65A /* CheckoutViewModel.swift in Sources */ = {isa = PBXBuildFile; fileRef = 88D074662D49908E0004F65A /* CheckoutViewModel.swift */; };
		88D074752D49908E0004F65A /* OrderCompletedViewModel.swift in Sources */ = {isa = PBXBuildFile; fileRef = 88D074672D49908E0004F65A /* OrderCompletedViewModel.swift */; };
		88D074762D49908E0004F65A /* CheckoutPaymentViewModel.swift in Sources */ = {isa = PBXBuildFile; fileRef = 88D074682D49908E0004F65A /* CheckoutPaymentViewModel.swift */; };
		88D074772D49908E0004F65A /* ShippingMethod.swift in Sources */ = {isa = PBXBuildFile; fileRef = 88D0746A2D49908E0004F65A /* ShippingMethod.swift */; };
		88D074792D49908E0004F65A /* CheckoutView.swift in Sources */ = {isa = PBXBuildFile; fileRef = 88D0746D2D49908E0004F65A /* CheckoutView.swift */; };
		88D0747B2D49908E0004F65A /* CheckoutPaymentView.swift in Sources */ = {isa = PBXBuildFile; fileRef = 88D0746F2D49908E0004F65A /* CheckoutPaymentView.swift */; };
		88D0747C2D49908E0004F65A /* CheckoutComponents.swift in Sources */ = {isa = PBXBuildFile; fileRef = 88D074702D49908E0004F65A /* CheckoutComponents.swift */; };
		88D0747D2D49908E0004F65A /* OrderCompletedView.swift in Sources */ = {isa = PBXBuildFile; fileRef = 88D074712D49908E0004F65A /* OrderCompletedView.swift */; };
		88DF7C9C2D35EAA700745369 /* FirebaseAnalytics in Frameworks */ = {isa = PBXBuildFile; productRef = 88DF7C9B2D35EAA700745369 /* FirebaseAnalytics */; };
		88DF7C9E2D35EAA700745369 /* FirebaseAnalyticsOnDeviceConversion in Frameworks */ = {isa = PBXBuildFile; productRef = 88DF7C9D2D35EAA700745369 /* FirebaseAnalyticsOnDeviceConversion */; };
		88DF7CA02D35EAA700745369 /* FirebaseAnalyticsWithoutAdIdSupport in Frameworks */ = {isa = PBXBuildFile; productRef = 88DF7C9F2D35EAA700745369 /* FirebaseAnalyticsWithoutAdIdSupport */; };
		88DF7CA22D35EAA700745369 /* FirebaseAppCheck in Frameworks */ = {isa = PBXBuildFile; productRef = 88DF7CA12D35EAA700745369 /* FirebaseAppCheck */; };
		88DF7CA42D35EAA700745369 /* FirebaseAppDistribution-Beta in Frameworks */ = {isa = PBXBuildFile; productRef = 88DF7CA32D35EAA700745369 /* FirebaseAppDistribution-Beta */; };
		88DF7CA72D35EAD400745369 /* FirebaseCore in Frameworks */ = {isa = PBXBuildFile; productRef = 88DF7CA62D35EAD400745369 /* FirebaseCore */; };
		88DF7CA92D35EADB00745369 /* FirebaseStorage in Frameworks */ = {isa = PBXBuildFile; productRef = 88DF7CA82D35EADB00745369 /* FirebaseStorage */; };
/* End PBXBuildFile section */

/* Begin PBXFileReference section */
		8804559D2D3094AB0098EAD5 /* Ecommerce.app */ = {isa = PBXFileReference; explicitFileType = wrapper.application; includeInIndex = 0; path = Ecommerce.app; sourceTree = BUILT_PRODUCTS_DIR; };
		880455A42D3094AE0098EAD5 /* Assets.xcassets */ = {isa = PBXFileReference; lastKnownFileType = folder.assetcatalog; path = Assets.xcassets; sourceTree = "<group>"; };
		880455A72D3094AE0098EAD5 /* Preview Assets.xcassets */ = {isa = PBXFileReference; lastKnownFileType = folder.assetcatalog; path = "Preview Assets.xcassets"; sourceTree = "<group>"; };
		88B785522D36A3720066B394 /* GoogleService-Info.plist */ = {isa = PBXFileReference; fileEncoding = 4; lastKnownFileType = text.plist.xml; path = "GoogleService-Info.plist"; sourceTree = "<group>"; };
		88B786152D36B26F0066B394 /* Info.plist */ = {isa = PBXFileReference; fileEncoding = 4; lastKnownFileType = text.plist.xml; path = Info.plist; sourceTree = "<group>"; };
		88D0737F2D4985ED0004F65A /* FirestoreRepository.swift */ = {isa = PBXFileReference; fileEncoding = 4; lastKnownFileType = sourcecode.swift; path = FirestoreRepository.swift; sourceTree = "<group>"; };
		88D073812D4985ED0004F65A /* AuthError.swift */ = {isa = PBXFileReference; fileEncoding = 4; lastKnownFileType = sourcecode.swift; path = AuthError.swift; sourceTree = "<group>"; };
		88D073822D4985ED0004F65A /* CollectionType.swift */ = {isa = PBXFileReference; fileEncoding = 4; lastKnownFileType = sourcecode.swift; path = CollectionType.swift; sourceTree = "<group>"; };
		88D073832D4985ED0004F65A /* CartItem.swift */ = {isa = PBXFileReference; fileEncoding = 4; lastKnownFileType = sourcecode.swift; path = CartItem.swift; sourceTree = "<group>"; };
		88D073842D4985ED0004F65A /* Category.swift */ = {isa = PBXFileReference; fileEncoding = 4; lastKnownFileType = sourcecode.swift; path = Category.swift; sourceTree = "<group>"; };
		88D073852D4985ED0004F65A /* Product.swift */ = {isa = PBXFileReference; fileEncoding = 4; lastKnownFileType = sourcecode.swift; path = Product.swift; sourceTree = "<group>"; };
		88D073862D4985ED0004F65A /* UserFavorite.swift */ = {isa = PBXFileReference; fileEncoding = 4; lastKnownFileType = sourcecode.swift; path = UserFavorite.swift; sourceTree = "<group>"; };
		88D073872D4985ED0004F65A /* Banner.swift */ = {isa = PBXFileReference; fileEncoding = 4; lastKnownFileType = sourcecode.swift; path = Banner.swift; sourceTree = "<group>"; };
		88D073892D4985ED0004F65A /* ViewModifiers.swift */ = {isa = PBXFileReference; fileEncoding = 4; lastKnownFileType = sourcecode.swift; path = ViewModifiers.swift; sourceTree = "<group>"; };
		88D0738C2D4985ED0004F65A /* CustomTextField.swift */ = {isa = PBXFileReference; fileEncoding = 4; lastKnownFileType = sourcecode.swift; path = CustomTextField.swift; sourceTree = "<group>"; };
		88D0738D2D4985ED0004F65A /* ProductCardView.swift */ = {isa = PBXFileReference; fileEncoding = 4; lastKnownFileType = sourcecode.swift; path = ProductCardView.swift; sourceTree = "<group>"; };
		88D0738E2D4985EE0004F65A /* SharedViews.swift */ = {isa = PBXFileReference; fileEncoding = 4; lastKnownFileType = sourcecode.swift; path = SharedViews.swift; sourceTree = "<group>"; };
		88D0738F2D4985EE0004F65A /* ErrorView.swift */ = {isa = PBXFileReference; fileEncoding = 4; lastKnownFileType = sourcecode.swift; path = ErrorView.swift; sourceTree = "<group>"; };
		88D073912D4985EE0004F65A /* ServiceProtocols.swift */ = {isa = PBXFileReference; fileEncoding = 4; lastKnownFileType = sourcecode.swift; path = ServiceProtocols.swift; sourceTree = "<group>"; };
		88D073932D4985EE0004F65A /* ShippingService.swift */ = {isa = PBXFileReference; fileEncoding = 4; lastKnownFileType = sourcecode.swift; path = ShippingService.swift; sourceTree = "<group>"; };
		88D073942D4985EE0004F65A /* ImageCacheService.swift */ = {isa = PBXFileReference; fileEncoding = 4; lastKnownFileType = sourcecode.swift; path = ImageCacheService.swift; sourceTree = "<group>"; };
		88D073952D4985EE0004F65A /* FavoritesService.swift */ = {isa = PBXFileReference; fileEncoding = 4; lastKnownFileType = sourcecode.swift; path = FavoritesService.swift; sourceTree = "<group>"; };
		88D073962D4985EE0004F65A /* PaymentService.swift */ = {isa = PBXFileReference; fileEncoding = 4; lastKnownFileType = sourcecode.swift; path = PaymentService.swift; sourceTree = "<group>"; };
		88D073972D4985EE0004F65A /* AuthService.swift */ = {isa = PBXFileReference; fileEncoding = 4; lastKnownFileType = sourcecode.swift; path = AuthService.swift; sourceTree = "<group>"; };
		88D073982D4985EE0004F65A /* ProductFilterService.swift */ = {isa = PBXFileReference; fileEncoding = 4; lastKnownFileType = sourcecode.swift; path = ProductFilterService.swift; sourceTree = "<group>"; };
		88D073992D4985EE0004F65A /* CartService.swift */ = {isa = PBXFileReference; fileEncoding = 4; lastKnownFileType = sourcecode.swift; path = CartService.swift; sourceTree = "<group>"; };
		88D0739A2D4985EE0004F65A /* FirestoreService.swift */ = {isa = PBXFileReference; fileEncoding = 4; lastKnownFileType = sourcecode.swift; path = FirestoreService.swift; sourceTree = "<group>"; };
		88D0739C2D4985EE0004F65A /* GemStoreApp.swift */ = {isa = PBXFileReference; fileEncoding = 4; lastKnownFileType = sourcecode.swift; path = GemStoreApp.swift; sourceTree = "<group>"; };
		88D073A02D4985EE0004F65A /* HomeViewModel.swift */ = {isa = PBXFileReference; fileEncoding = 4; lastKnownFileType = sourcecode.swift; path = HomeViewModel.swift; sourceTree = "<group>"; };
		88D073A12D4985EE0004F65A /* BannerProductsViewModel.swift */ = {isa = PBXFileReference; fileEncoding = 4; lastKnownFileType = sourcecode.swift; path = BannerProductsViewModel.swift; sourceTree = "<group>"; };
		88D073A32D4985EE0004F65A /* ProductCard.swift */ = {isa = PBXFileReference; fileEncoding = 4; lastKnownFileType = sourcecode.swift; path = ProductCard.swift; sourceTree = "<group>"; };
		88D073A52D4985EE0004F65A /* ProductSection.swift */ = {isa = PBXFileReference; fileEncoding = 4; lastKnownFileType = sourcecode.swift; path = ProductSection.swift; sourceTree = "<group>"; };
		88D073A62D4985EE0004F65A /* HomeCategorySection.swift */ = {isa = PBXFileReference; fileEncoding = 4; lastKnownFileType = sourcecode.swift; path = HomeCategorySection.swift; sourceTree = "<group>"; };
		88D073A72D4985EE0004F65A /* BannerView.swift */ = {isa = PBXFileReference; fileEncoding = 4; lastKnownFileType = sourcecode.swift; path = BannerView.swift; sourceTree = "<group>"; };
		88D073A82D4985EE0004F65A /* HomeView.swift */ = {isa = PBXFileReference; fileEncoding = 4; lastKnownFileType = sourcecode.swift; path = HomeView.swift; sourceTree = "<group>"; };
		88D073AB2D4985EE0004F65A /* CollectionProductsViewModel.swift */ = {isa = PBXFileReference; fileEncoding = 4; lastKnownFileType = sourcecode.swift; path = CollectionProductsViewModel.swift; sourceTree = "<group>"; };
		88D073AD2D4985EE0004F65A /* CollectionProductsView.swift */ = {isa = PBXFileReference; fileEncoding = 4; lastKnownFileType = sourcecode.swift; path = CollectionProductsView.swift; sourceTree = "<group>"; };
		88D073B02D4985EE0004F65A /* DiscoverViewModel.swift */ = {isa = PBXFileReference; fileEncoding = 4; lastKnownFileType = sourcecode.swift; path = DiscoverViewModel.swift; sourceTree = "<group>"; };
		88D073B22D4985EE0004F65A /* SubcategoryCell.swift */ = {isa = PBXFileReference; fileEncoding = 4; lastKnownFileType = sourcecode.swift; path = SubcategoryCell.swift; sourceTree = "<group>"; };
		88D073B32D4985EE0004F65A /* CategoryCell.swift */ = {isa = PBXFileReference; fileEncoding = 4; lastKnownFileType = sourcecode.swift; path = CategoryCell.swift; sourceTree = "<group>"; };
		88D073B42D4985EE0004F65A /* ProductsViewController.swift */ = {isa = PBXFileReference; fileEncoding = 4; lastKnownFileType = sourcecode.swift; path = ProductsViewController.swift; sourceTree = "<group>"; };
		88D073B52D4985EE0004F65A /* DiscoverViewController.swift */ = {isa = PBXFileReference; fileEncoding = 4; lastKnownFileType = sourcecode.swift; path = DiscoverViewController.swift; sourceTree = "<group>"; };
		88D073B62D4985EE0004F65A /* ProductCell.swift */ = {isa = PBXFileReference; fileEncoding = 4; lastKnownFileType = sourcecode.swift; path = ProductCell.swift; sourceTree = "<group>"; };
		88D073B82D4985EE0004F65A /* DiscoverSearchView.swift */ = {isa = PBXFileReference; fileEncoding = 4; lastKnownFileType = sourcecode.swift; path = DiscoverSearchView.swift; sourceTree = "<group>"; };
		88D073B92D4985EE0004F65A /* DiscoverEmptyStateView.swift */ = {isa = PBXFileReference; fileEncoding = 4; lastKnownFileType = sourcecode.swift; path = DiscoverEmptyStateView.swift; sourceTree = "<group>"; };
		88D073BC2D4985EE0004F65A /* LoginViewModel.swift */ = {isa = PBXFileReference; fileEncoding = 4; lastKnownFileType = sourcecode.swift; path = LoginViewModel.swift; sourceTree = "<group>"; };
		88D073BD2D4985EE0004F65A /* SignUpViewModel.swift */ = {isa = PBXFileReference; fileEncoding = 4; lastKnownFileType = sourcecode.swift; path = SignUpViewModel.swift; sourceTree = "<group>"; };
		88D073BE2D4985EE0004F65A /* AuthViewModel.swift */ = {isa = PBXFileReference; fileEncoding = 4; lastKnownFileType = sourcecode.swift; path = AuthViewModel.swift; sourceTree = "<group>"; };
		88D073C02D4985EE0004F65A /* SignUpViewController.swift */ = {isa = PBXFileReference; fileEncoding = 4; lastKnownFileType = sourcecode.swift; path = SignUpViewController.swift; sourceTree = "<group>"; };
		88D073C12D4985EE0004F65A /* LoginViewController.swift */ = {isa = PBXFileReference; fileEncoding = 4; lastKnownFileType = sourcecode.swift; path = LoginViewController.swift; sourceTree = "<group>"; };
		88D073C42D4985EE0004F65A /* PaymentViewModel.swift */ = {isa = PBXFileReference; fileEncoding = 4; lastKnownFileType = sourcecode.swift; path = PaymentViewModel.swift; sourceTree = "<group>"; };
		88D073C52D4985EE0004F65A /* AddCardViewModel.swift */ = {isa = PBXFileReference; fileEncoding = 4; lastKnownFileType = sourcecode.swift; path = AddCardViewModel.swift; sourceTree = "<group>"; };
		88D073C72D4985EE0004F65A /* PaymentCard.swift */ = {isa = PBXFileReference; fileEncoding = 4; lastKnownFileType = sourcecode.swift; path = PaymentCard.swift; sourceTree = "<group>"; };
		88D073C92D4985EE0004F65A /* PaymentView.swift */ = {isa = PBXFileReference; fileEncoding = 4; lastKnownFileType = sourcecode.swift; path = PaymentView.swift; sourceTree = "<group>"; };
		88D073CA2D4985EE0004F65A /* PaymentMethodButton.swift */ = {isa = PBXFileReference; fileEncoding = 4; lastKnownFileType = sourcecode.swift; path = PaymentMethodButton.swift; sourceTree = "<group>"; };
		88D073CB2D4985EE0004F65A /* AddCardView.swift */ = {isa = PBXFileReference; fileEncoding = 4; lastKnownFileType = sourcecode.swift; path = AddCardView.swift; sourceTree = "<group>"; };
		88D073CC2D4985EE0004F65A /* PaymentCardView.swift */ = {isa = PBXFileReference; fileEncoding = 4; lastKnownFileType = sourcecode.swift; path = PaymentCardView.swift; sourceTree = "<group>"; };
		88D073DB2D4985EE0004F65A /* WishlistViewModel.swift */ = {isa = PBXFileReference; fileEncoding = 4; lastKnownFileType = sourcecode.swift; path = WishlistViewModel.swift; sourceTree = "<group>"; };
		88D073DC2D4985EE0004F65A /* ProfileViewModel.swift */ = {isa = PBXFileReference; fileEncoding = 4; lastKnownFileType = sourcecode.swift; path = ProfileViewModel.swift; sourceTree = "<group>"; };
		88D073DE2D4985EE0004F65A /* WishlistViewController.swift */ = {isa = PBXFileReference; fileEncoding = 4; lastKnownFileType = sourcecode.swift; path = WishlistViewController.swift; sourceTree = "<group>"; };
		88D073DF2D4985EE0004F65A /* ProfileView.swift */ = {isa = PBXFileReference; fileEncoding = 4; lastKnownFileType = sourcecode.swift; path = ProfileView.swift; sourceTree = "<group>"; };
		88D073E02D4985EE0004F65A /* WishlistViewControllerWrapper.swift */ = {isa = PBXFileReference; fileEncoding = 4; lastKnownFileType = sourcecode.swift; path = WishlistViewControllerWrapper.swift; sourceTree = "<group>"; };
		88D073E32D4985EE0004F65A /* ProductDetailsViewModel.swift */ = {isa = PBXFileReference; fileEncoding = 4; lastKnownFileType = sourcecode.swift; path = ProductDetailsViewModel.swift; sourceTree = "<group>"; };
		88D073E52D4985EE0004F65A /* ProductDetailsViewController.swift */ = {isa = PBXFileReference; fileEncoding = 4; lastKnownFileType = sourcecode.swift; path = ProductDetailsViewController.swift; sourceTree = "<group>"; };
		88D073E82D4985EE0004F65A /* CartViewModel.swift */ = {isa = PBXFileReference; fileEncoding = 4; lastKnownFileType = sourcecode.swift; path = CartViewModel.swift; sourceTree = "<group>"; };
		88D073EA2D4985EE0004F65A /* CartView.swift */ = {isa = PBXFileReference; fileEncoding = 4; lastKnownFileType = sourcecode.swift; path = CartView.swift; sourceTree = "<group>"; };
		88D073F82D4985EE0004F65A /* FilterViewModel.swift */ = {isa = PBXFileReference; fileEncoding = 4; lastKnownFileType = sourcecode.swift; path = FilterViewModel.swift; sourceTree = "<group>"; };
		88D073FA2D4985EE0004F65A /* FilterOptions.swift */ = {isa = PBXFileReference; fileEncoding = 4; lastKnownFileType = sourcecode.swift; path = FilterOptions.swift; sourceTree = "<group>"; };
		88D073FC2D4985EE0004F65A /* FilterViewController.swift */ = {isa = PBXFileReference; fileEncoding = 4; lastKnownFileType = sourcecode.swift; path = FilterViewController.swift; sourceTree = "<group>"; };
		88D073FE2D4985EE0004F65A /* MainTabView.swift */ = {isa = PBXFileReference; fileEncoding = 4; lastKnownFileType = sourcecode.swift; path = MainTabView.swift; sourceTree = "<group>"; };
		88D074512D4989190004F65A /* OrdersViewModel.swift */ = {isa = PBXFileReference; fileEncoding = 4; lastKnownFileType = sourcecode.swift; path = OrdersViewModel.swift; sourceTree = "<group>"; };
		88D074522D4989190004F65A /* OrderDetailViewModel.swift */ = {isa = PBXFileReference; fileEncoding = 4; lastKnownFileType = sourcecode.swift; path = OrderDetailViewModel.swift; sourceTree = "<group>"; };
		88D074542D4989190004F65A /* Order.swift */ = {isa = PBXFileReference; fileEncoding = 4; lastKnownFileType = sourcecode.swift; path = Order.swift; sourceTree = "<group>"; };
		88D074562D4989190004F65A /* OrderDetailViewController.swift */ = {isa = PBXFileReference; fileEncoding = 4; lastKnownFileType = sourcecode.swift; path = OrderDetailViewController.swift; sourceTree = "<group>"; };
		88D074572D4989190004F65A /* OrdersViewControllerWrapper.swift */ = {isa = PBXFileReference; fileEncoding = 4; lastKnownFileType = sourcecode.swift; path = OrdersViewControllerWrapper.swift; sourceTree = "<group>"; };
		88D074582D4989190004F65A /* OrdersViewController.swift */ = {isa = PBXFileReference; fileEncoding = 4; lastKnownFileType = sourcecode.swift; path = OrdersViewController.swift; sourceTree = "<group>"; };
		88D074592D4989190004F65A /* OrderCell.swift */ = {isa = PBXFileReference; fileEncoding = 4; lastKnownFileType = sourcecode.swift; path = OrderCell.swift; sourceTree = "<group>"; };
		88D0745B2D4989190004F65A /* OrdersService.swift */ = {isa = PBXFileReference; fileEncoding = 4; lastKnownFileType = sourcecode.swift; path = OrdersService.swift; sourceTree = "<group>"; };
		88D074662D49908E0004F65A /* CheckoutViewModel.swift */ = {isa = PBXFileReference; fileEncoding = 4; lastKnownFileType = sourcecode.swift; path = CheckoutViewModel.swift; sourceTree = "<group>"; };
		88D074672D49908E0004F65A /* OrderCompletedViewModel.swift */ = {isa = PBXFileReference; fileEncoding = 4; lastKnownFileType = sourcecode.swift; path = OrderCompletedViewModel.swift; sourceTree = "<group>"; };
		88D074682D49908E0004F65A /* CheckoutPaymentViewModel.swift */ = {isa = PBXFileReference; fileEncoding = 4; lastKnownFileType = sourcecode.swift; path = CheckoutPaymentViewModel.swift; sourceTree = "<group>"; };
		88D0746A2D49908E0004F65A /* ShippingMethod.swift */ = {isa = PBXFileReference; fileEncoding = 4; lastKnownFileType = sourcecode.swift; path = ShippingMethod.swift; sourceTree = "<group>"; };
		88D0746D2D49908E0004F65A /* CheckoutView.swift */ = {isa = PBXFileReference; fileEncoding = 4; lastKnownFileType = sourcecode.swift; path = CheckoutView.swift; sourceTree = "<group>"; };
		88D0746F2D49908E0004F65A /* CheckoutPaymentView.swift */ = {isa = PBXFileReference; fileEncoding = 4; lastKnownFileType = sourcecode.swift; path = CheckoutPaymentView.swift; sourceTree = "<group>"; };
		88D074702D49908E0004F65A /* CheckoutComponents.swift */ = {isa = PBXFileReference; fileEncoding = 4; lastKnownFileType = sourcecode.swift; path = CheckoutComponents.swift; sourceTree = "<group>"; };
		88D074712D49908E0004F65A /* OrderCompletedView.swift */ = {isa = PBXFileReference; fileEncoding = 4; lastKnownFileType = sourcecode.swift; path = OrderCompletedView.swift; sourceTree = "<group>"; };
/* End PBXFileReference section */

/* Begin PBXFrameworksBuildPhase section */
		8804559A2D3094AB0098EAD5 /* Frameworks */ = {
			isa = PBXFrameworksBuildPhase;
			buildActionMask = 2147483647;
			files = (
				88DF7CA22D35EAA700745369 /* FirebaseAppCheck in Frameworks */,
				88DF7C9C2D35EAA700745369 /* FirebaseAnalytics in Frameworks */,
				88DF7CA42D35EAA700745369 /* FirebaseAppDistribution-Beta in Frameworks */,
				88DF7CA02D35EAA700745369 /* FirebaseAnalyticsWithoutAdIdSupport in Frameworks */,
				88DF7CA92D35EADB00745369 /* FirebaseStorage in Frameworks */,
				88B785512D36A2640066B394 /* GoogleSignInSwift in Frameworks */,
				88DF7CA72D35EAD400745369 /* FirebaseCore in Frameworks */,
				88DF7C9E2D35EAA700745369 /* FirebaseAnalyticsOnDeviceConversion in Frameworks */,
				88B7854C2D36A16C0066B394 /* FirebaseAuth in Frameworks */,
				885F1CC92D37F9F30090DCD6 /* FirebaseFirestore in Frameworks */,
				88B7854F2D36A2640066B394 /* GoogleSignIn in Frameworks */,
			);
			runOnlyForDeploymentPostprocessing = 0;
		};
/* End PBXFrameworksBuildPhase section */

/* Begin PBXGroup section */
		880455942D3094AB0098EAD5 = {
			isa = PBXGroup;
			children = (
				8804559F2D3094AB0098EAD5 /* Ecommerce */,
				8804559E2D3094AB0098EAD5 /* Products */,
				88DF7CA52D35EAD400745369 /* Frameworks */,
			);
			sourceTree = "<group>";
		};
		8804559E2D3094AB0098EAD5 /* Products */ = {
			isa = PBXGroup;
			children = (
				8804559D2D3094AB0098EAD5 /* Ecommerce.app */,
			);
			name = Products;
			sourceTree = "<group>";
		};
		8804559F2D3094AB0098EAD5 /* Ecommerce */ = {
			isa = PBXGroup;
			children = (
				88D0737C2D4985ED0004F65A /* GemStore */,
				880455A42D3094AE0098EAD5 /* Assets.xcassets */,
				88B786152D36B26F0066B394 /* Info.plist */,
				88B785522D36A3720066B394 /* GoogleService-Info.plist */,
				880455A62D3094AE0098EAD5 /* Preview Content */,
			);
			path = Ecommerce;
			sourceTree = "<group>";
		};
		880455A62D3094AE0098EAD5 /* Preview Content */ = {
			isa = PBXGroup;
			children = (
				880455A72D3094AE0098EAD5 /* Preview Assets.xcassets */,
			);
			path = "Preview Content";
			sourceTree = "<group>";
		};
		88D0737C2D4985ED0004F65A /* GemStore */ = {
			isa = PBXGroup;
			children = (
				88D0737D2D4985ED0004F65A /* Core */,
				88D0739B2D4985EE0004F65A /* App */,
				88D0739D2D4985EE0004F65A /* Features */,
			);
			path = GemStore;
			sourceTree = "<group>";
		};
		88D0737D2D4985ED0004F65A /* Core */ = {
			isa = PBXGroup;
			children = (
				88D0737E2D4985ED0004F65A /* Repositories */,
				88D073802D4985ED0004F65A /* Models */,
				88D073882D4985ED0004F65A /* Extensions */,
				88D0738A2D4985ED0004F65A /* Views */,
				88D073902D4985EE0004F65A /* Protocols */,
				88D073922D4985EE0004F65A /* Services */,
			);
			path = Core;
			sourceTree = "<group>";
		};
		88D0737E2D4985ED0004F65A /* Repositories */ = {
			isa = PBXGroup;
			children = (
				88D0737F2D4985ED0004F65A /* FirestoreRepository.swift */,
			);
			path = Repositories;
			sourceTree = "<group>";
		};
		88D073802D4985ED0004F65A /* Models */ = {
			isa = PBXGroup;
			children = (
				88D073812D4985ED0004F65A /* AuthError.swift */,
				88D073822D4985ED0004F65A /* CollectionType.swift */,
				88D073832D4985ED0004F65A /* CartItem.swift */,
				88D073842D4985ED0004F65A /* Category.swift */,
				88D073852D4985ED0004F65A /* Product.swift */,
				88D073862D4985ED0004F65A /* UserFavorite.swift */,
				88D073872D4985ED0004F65A /* Banner.swift */,
			);
			path = Models;
			sourceTree = "<group>";
		};
		88D073882D4985ED0004F65A /* Extensions */ = {
			isa = PBXGroup;
			children = (
				88D073892D4985ED0004F65A /* ViewModifiers.swift */,
			);
			path = Extensions;
			sourceTree = "<group>";
		};
		88D0738A2D4985ED0004F65A /* Views */ = {
			isa = PBXGroup;
			children = (
				88D0738C2D4985ED0004F65A /* CustomTextField.swift */,
				88D0738D2D4985ED0004F65A /* ProductCardView.swift */,
				88D0738E2D4985EE0004F65A /* SharedViews.swift */,
				88D0738F2D4985EE0004F65A /* ErrorView.swift */,
			);
			path = Views;
			sourceTree = "<group>";
		};
		88D073902D4985EE0004F65A /* Protocols */ = {
			isa = PBXGroup;
			children = (
				88D073912D4985EE0004F65A /* ServiceProtocols.swift */,
			);
			path = Protocols;
			sourceTree = "<group>";
		};
		88D073922D4985EE0004F65A /* Services */ = {
			isa = PBXGroup;
			children = (
				88D073932D4985EE0004F65A /* ShippingService.swift */,
				88D073942D4985EE0004F65A /* ImageCacheService.swift */,
				88D073952D4985EE0004F65A /* FavoritesService.swift */,
				88D073962D4985EE0004F65A /* PaymentService.swift */,
				88D073972D4985EE0004F65A /* AuthService.swift */,
				88D073982D4985EE0004F65A /* ProductFilterService.swift */,
				88D073992D4985EE0004F65A /* CartService.swift */,
				88D0739A2D4985EE0004F65A /* FirestoreService.swift */,
			);
			path = Services;
			sourceTree = "<group>";
		};
		88D0739B2D4985EE0004F65A /* App */ = {
			isa = PBXGroup;
			children = (
				88D0739C2D4985EE0004F65A /* GemStoreApp.swift */,
			);
			path = App;
			sourceTree = "<group>";
		};
		88D0739D2D4985EE0004F65A /* Features */ = {
			isa = PBXGroup;
			children = (
				88D074642D49908E0004F65A /* Checkout */,
				88D0744F2D4989190004F65A /* Orders */,
				88D0739E2D4985EE0004F65A /* Home */,
				88D073A92D4985EE0004F65A /* Collection */,
				88D073AE2D4985EE0004F65A /* Discover */,
				88D073BA2D4985EE0004F65A /* Auth */,
				88D073C22D4985EE0004F65A /* Payment */,
				88D073D92D4985EE0004F65A /* Profile */,
				88D073E12D4985EE0004F65A /* ProductDetails */,
				88D073E62D4985EE0004F65A /* Cart */,
				88D073F62D4985EE0004F65A /* Filter */,
				88D073FD2D4985EE0004F65A /* Main */,
			);
			path = Features;
			sourceTree = "<group>";
		};
		88D0739E2D4985EE0004F65A /* Home */ = {
			isa = PBXGroup;
			children = (
				88D0739F2D4985EE0004F65A /* ViewModels */,
				88D073A22D4985EE0004F65A /* Components */,
				88D073A42D4985EE0004F65A /* Views */,
			);
			path = Home;
			sourceTree = "<group>";
		};
		88D0739F2D4985EE0004F65A /* ViewModels */ = {
			isa = PBXGroup;
			children = (
				88D073A02D4985EE0004F65A /* HomeViewModel.swift */,
				88D073A12D4985EE0004F65A /* BannerProductsViewModel.swift */,
			);
			path = ViewModels;
			sourceTree = "<group>";
		};
		88D073A22D4985EE0004F65A /* Components */ = {
			isa = PBXGroup;
			children = (
				88D073A32D4985EE0004F65A /* ProductCard.swift */,
			);
			path = Components;
			sourceTree = "<group>";
		};
		88D073A42D4985EE0004F65A /* Views */ = {
			isa = PBXGroup;
			children = (
				88D073A52D4985EE0004F65A /* ProductSection.swift */,
				88D073A62D4985EE0004F65A /* HomeCategorySection.swift */,
				88D073A72D4985EE0004F65A /* BannerView.swift */,
				88D073A82D4985EE0004F65A /* HomeView.swift */,
			);
			path = Views;
			sourceTree = "<group>";
		};
		88D073A92D4985EE0004F65A /* Collection */ = {
			isa = PBXGroup;
			children = (
				88D073AA2D4985EE0004F65A /* ViewModels */,
				88D073AC2D4985EE0004F65A /* Views */,
			);
			path = Collection;
			sourceTree = "<group>";
		};
		88D073AA2D4985EE0004F65A /* ViewModels */ = {
			isa = PBXGroup;
			children = (
				88D073AB2D4985EE0004F65A /* CollectionProductsViewModel.swift */,
			);
			path = ViewModels;
			sourceTree = "<group>";
		};
		88D073AC2D4985EE0004F65A /* Views */ = {
			isa = PBXGroup;
			children = (
				88D073AD2D4985EE0004F65A /* CollectionProductsView.swift */,
			);
			path = Views;
			sourceTree = "<group>";
		};
		88D073AE2D4985EE0004F65A /* Discover */ = {
			isa = PBXGroup;
			children = (
				88D073AF2D4985EE0004F65A /* ViewModels */,
				88D073B12D4985EE0004F65A /* Views */,
			);
			path = Discover;
			sourceTree = "<group>";
		};
		88D073AF2D4985EE0004F65A /* ViewModels */ = {
			isa = PBXGroup;
			children = (
				88D073B02D4985EE0004F65A /* DiscoverViewModel.swift */,
			);
			path = ViewModels;
			sourceTree = "<group>";
		};
		88D073B12D4985EE0004F65A /* Views */ = {
			isa = PBXGroup;
			children = (
				88D073B22D4985EE0004F65A /* SubcategoryCell.swift */,
				88D073B32D4985EE0004F65A /* CategoryCell.swift */,
				88D073B42D4985EE0004F65A /* ProductsViewController.swift */,
				88D073B52D4985EE0004F65A /* DiscoverViewController.swift */,
				88D073B62D4985EE0004F65A /* ProductCell.swift */,
				88D073B72D4985EE0004F65A /* Components */,
			);
			path = Views;
			sourceTree = "<group>";
		};
		88D073B72D4985EE0004F65A /* Components */ = {
			isa = PBXGroup;
			children = (
				88D073B82D4985EE0004F65A /* DiscoverSearchView.swift */,
				88D073B92D4985EE0004F65A /* DiscoverEmptyStateView.swift */,
			);
			path = Components;
			sourceTree = "<group>";
		};
		88D073BA2D4985EE0004F65A /* Auth */ = {
			isa = PBXGroup;
			children = (
				88D073BB2D4985EE0004F65A /* ViewModels */,
				88D073BF2D4985EE0004F65A /* Views */,
			);
			path = Auth;
			sourceTree = "<group>";
		};
		88D073BB2D4985EE0004F65A /* ViewModels */ = {
			isa = PBXGroup;
			children = (
				88D073BC2D4985EE0004F65A /* LoginViewModel.swift */,
				88D073BD2D4985EE0004F65A /* SignUpViewModel.swift */,
				88D073BE2D4985EE0004F65A /* AuthViewModel.swift */,
			);
			path = ViewModels;
			sourceTree = "<group>";
		};
		88D073BF2D4985EE0004F65A /* Views */ = {
			isa = PBXGroup;
			children = (
				88D073C02D4985EE0004F65A /* SignUpViewController.swift */,
				88D073C12D4985EE0004F65A /* LoginViewController.swift */,
			);
			path = Views;
			sourceTree = "<group>";
		};
		88D073C22D4985EE0004F65A /* Payment */ = {
			isa = PBXGroup;
			children = (
				88D073C32D4985EE0004F65A /* ViewModels */,
				88D073C62D4985EE0004F65A /* Models */,
				88D073C82D4985EE0004F65A /* Views */,
			);
			path = Payment;
			sourceTree = "<group>";
		};
		88D073C32D4985EE0004F65A /* ViewModels */ = {
			isa = PBXGroup;
			children = (
				88D073C42D4985EE0004F65A /* PaymentViewModel.swift */,
				88D073C52D4985EE0004F65A /* AddCardViewModel.swift */,
			);
			path = ViewModels;
			sourceTree = "<group>";
		};
		88D073C62D4985EE0004F65A /* Models */ = {
			isa = PBXGroup;
			children = (
				88D073C72D4985EE0004F65A /* PaymentCard.swift */,
			);
			path = Models;
			sourceTree = "<group>";
		};
		88D073C82D4985EE0004F65A /* Views */ = {
			isa = PBXGroup;
			children = (
				88D073C92D4985EE0004F65A /* PaymentView.swift */,
				88D073CA2D4985EE0004F65A /* PaymentMethodButton.swift */,
				88D073CB2D4985EE0004F65A /* AddCardView.swift */,
				88D073CC2D4985EE0004F65A /* PaymentCardView.swift */,
			);
			path = Views;
			sourceTree = "<group>";
		};
		88D073D92D4985EE0004F65A /* Profile */ = {
			isa = PBXGroup;
			children = (
				88D073DA2D4985EE0004F65A /* ViewModels */,
				88D073DD2D4985EE0004F65A /* Views */,
			);
			path = Profile;
			sourceTree = "<group>";
		};
		88D073DA2D4985EE0004F65A /* ViewModels */ = {
			isa = PBXGroup;
			children = (
				88D073DB2D4985EE0004F65A /* WishlistViewModel.swift */,
				88D073DC2D4985EE0004F65A /* ProfileViewModel.swift */,
			);
			path = ViewModels;
			sourceTree = "<group>";
		};
		88D073DD2D4985EE0004F65A /* Views */ = {
			isa = PBXGroup;
			children = (
				88D073DE2D4985EE0004F65A /* WishlistViewController.swift */,
				88D073DF2D4985EE0004F65A /* ProfileView.swift */,
				88D073E02D4985EE0004F65A /* WishlistViewControllerWrapper.swift */,
			);
			path = Views;
			sourceTree = "<group>";
		};
		88D073E12D4985EE0004F65A /* ProductDetails */ = {
			isa = PBXGroup;
			children = (
				88D073E22D4985EE0004F65A /* ViewModels */,
				88D073E42D4985EE0004F65A /* Views */,
			);
			path = ProductDetails;
			sourceTree = "<group>";
		};
		88D073E22D4985EE0004F65A /* ViewModels */ = {
			isa = PBXGroup;
			children = (
				88D073E32D4985EE0004F65A /* ProductDetailsViewModel.swift */,
			);
			path = ViewModels;
			sourceTree = "<group>";
		};
		88D073E42D4985EE0004F65A /* Views */ = {
			isa = PBXGroup;
			children = (
				88D073E52D4985EE0004F65A /* ProductDetailsViewController.swift */,
			);
			path = Views;
			sourceTree = "<group>";
		};
		88D073E62D4985EE0004F65A /* Cart */ = {
			isa = PBXGroup;
			children = (
				88D073E72D4985EE0004F65A /* ViewModels */,
				88D073E92D4985EE0004F65A /* Views */,
			);
			path = Cart;
			sourceTree = "<group>";
		};
		88D073E72D4985EE0004F65A /* ViewModels */ = {
			isa = PBXGroup;
			children = (
				88D073E82D4985EE0004F65A /* CartViewModel.swift */,
			);
			path = ViewModels;
			sourceTree = "<group>";
		};
		88D073E92D4985EE0004F65A /* Views */ = {
			isa = PBXGroup;
			children = (
				88D073EA2D4985EE0004F65A /* CartView.swift */,
			);
			path = Views;
			sourceTree = "<group>";
		};
		88D073F62D4985EE0004F65A /* Filter */ = {
			isa = PBXGroup;
			children = (
				88D073F72D4985EE0004F65A /* ViewModels */,
				88D073F92D4985EE0004F65A /* Models */,
				88D073FB2D4985EE0004F65A /* Views */,
			);
			path = Filter;
			sourceTree = "<group>";
		};
		88D073F72D4985EE0004F65A /* ViewModels */ = {
			isa = PBXGroup;
			children = (
				88D073F82D4985EE0004F65A /* FilterViewModel.swift */,
			);
			path = ViewModels;
			sourceTree = "<group>";
		};
		88D073F92D4985EE0004F65A /* Models */ = {
			isa = PBXGroup;
			children = (
				88D073FA2D4985EE0004F65A /* FilterOptions.swift */,
			);
			path = Models;
			sourceTree = "<group>";
		};
		88D073FB2D4985EE0004F65A /* Views */ = {
			isa = PBXGroup;
			children = (
				88D073FC2D4985EE0004F65A /* FilterViewController.swift */,
			);
			path = Views;
			sourceTree = "<group>";
		};
		88D073FD2D4985EE0004F65A /* Main */ = {
			isa = PBXGroup;
			children = (
				88D073FE2D4985EE0004F65A /* MainTabView.swift */,
			);
			path = Main;
			sourceTree = "<group>";
		};
		88D0744F2D4989190004F65A /* Orders */ = {
			isa = PBXGroup;
			children = (
				88D074502D4989190004F65A /* ViewModels */,
				88D074532D4989190004F65A /* Models */,
				88D074552D4989190004F65A /* Views */,
				88D0745A2D4989190004F65A /* Services */,
			);
			path = Orders;
			sourceTree = "<group>";
		};
		88D074502D4989190004F65A /* ViewModels */ = {
			isa = PBXGroup;
			children = (
				88D074512D4989190004F65A /* OrdersViewModel.swift */,
				88D074522D4989190004F65A /* OrderDetailViewModel.swift */,
			);
			path = ViewModels;
			sourceTree = "<group>";
		};
		88D074532D4989190004F65A /* Models */ = {
			isa = PBXGroup;
			children = (
				88D074542D4989190004F65A /* Order.swift */,
			);
			path = Models;
			sourceTree = "<group>";
		};
		88D074552D4989190004F65A /* Views */ = {
			isa = PBXGroup;
			children = (
				88D074562D4989190004F65A /* OrderDetailViewController.swift */,
				88D074572D4989190004F65A /* OrdersViewControllerWrapper.swift */,
				88D074582D4989190004F65A /* OrdersViewController.swift */,
				88D074592D4989190004F65A /* OrderCell.swift */,
			);
			path = Views;
			sourceTree = "<group>";
		};
		88D0745A2D4989190004F65A /* Services */ = {
			isa = PBXGroup;
			children = (
				88D0745B2D4989190004F65A /* OrdersService.swift */,
			);
			path = Services;
			sourceTree = "<group>";
		};
		88D074642D49908E0004F65A /* Checkout */ = {
			isa = PBXGroup;
			children = (
				88D074652D49908E0004F65A /* ViewModels */,
				88D074692D49908E0004F65A /* Models */,
				88D0746C2D49908E0004F65A /* Views */,
			);
			path = Checkout;
			sourceTree = "<group>";
		};
		88D074652D49908E0004F65A /* ViewModels */ = {
			isa = PBXGroup;
			children = (
				88D074662D49908E0004F65A /* CheckoutViewModel.swift */,
				88D074672D49908E0004F65A /* OrderCompletedViewModel.swift */,
				88D074682D49908E0004F65A /* CheckoutPaymentViewModel.swift */,
			);
			path = ViewModels;
			sourceTree = "<group>";
		};
		88D074692D49908E0004F65A /* Models */ = {
			isa = PBXGroup;
			children = (
				88D0746A2D49908E0004F65A /* ShippingMethod.swift */,
			);
			path = Models;
			sourceTree = "<group>";
		};
		88D0746C2D49908E0004F65A /* Views */ = {
			isa = PBXGroup;
			children = (
				88D0746D2D49908E0004F65A /* CheckoutView.swift */,
				88D0746F2D49908E0004F65A /* CheckoutPaymentView.swift */,
				88D074702D49908E0004F65A /* CheckoutComponents.swift */,
				88D074712D49908E0004F65A /* OrderCompletedView.swift */,
			);
			path = Views;
			sourceTree = "<group>";
		};
		88DF7CA52D35EAD400745369 /* Frameworks */ = {
			isa = PBXGroup;
			children = (
			);
			name = Frameworks;
			sourceTree = "<group>";
		};
/* End PBXGroup section */

/* Begin PBXNativeTarget section */
		8804559C2D3094AB0098EAD5 /* Ecommerce */ = {
			isa = PBXNativeTarget;
			buildConfigurationList = 880455AB2D3094AE0098EAD5 /* Build configuration list for PBXNativeTarget "Ecommerce" */;
			buildPhases = (
				880455992D3094AB0098EAD5 /* Sources */,
				8804559A2D3094AB0098EAD5 /* Frameworks */,
				8804559B2D3094AB0098EAD5 /* Resources */,
			);
			buildRules = (
			);
			dependencies = (
			);
			name = Ecommerce;
			packageProductDependencies = (
				88DF7C9B2D35EAA700745369 /* FirebaseAnalytics */,
				88DF7C9D2D35EAA700745369 /* FirebaseAnalyticsOnDeviceConversion */,
				88DF7C9F2D35EAA700745369 /* FirebaseAnalyticsWithoutAdIdSupport */,
				88DF7CA12D35EAA700745369 /* FirebaseAppCheck */,
				88DF7CA32D35EAA700745369 /* FirebaseAppDistribution-Beta */,
				88DF7CA62D35EAD400745369 /* FirebaseCore */,
				88DF7CA82D35EADB00745369 /* FirebaseStorage */,
				88B7854B2D36A16C0066B394 /* FirebaseAuth */,
				88B7854E2D36A2640066B394 /* GoogleSignIn */,
				88B785502D36A2640066B394 /* GoogleSignInSwift */,
				885F1CC82D37F9F30090DCD6 /* FirebaseFirestore */,
			);
			productName = Ecommerce;
			productReference = 8804559D2D3094AB0098EAD5 /* Ecommerce.app */;
			productType = "com.apple.product-type.application";
		};
/* End PBXNativeTarget section */

/* Begin PBXProject section */
		880455952D3094AB0098EAD5 /* Project object */ = {
			isa = PBXProject;
			attributes = {
				BuildIndependentTargetsInParallel = 1;
				LastSwiftUpdateCheck = 1510;
				LastUpgradeCheck = 1510;
				TargetAttributes = {
					8804559C2D3094AB0098EAD5 = {
						CreatedOnToolsVersion = 15.1;
					};
				};
			};
			buildConfigurationList = 880455982D3094AB0098EAD5 /* Build configuration list for PBXProject "Ecommerce" */;
			compatibilityVersion = "Xcode 14.0";
			developmentRegion = en;
			hasScannedForEncodings = 0;
			knownRegions = (
				en,
				Base,
			);
			mainGroup = 880455942D3094AB0098EAD5;
			packageReferences = (
				88DF7C9A2D35EAA700745369 /* XCRemoteSwiftPackageReference "firebase-ios-sdk" */,
				88B7854D2D36A2640066B394 /* XCRemoteSwiftPackageReference "GoogleSignIn-iOS" */,
			);
			productRefGroup = 8804559E2D3094AB0098EAD5 /* Products */;
			projectDirPath = "";
			projectRoot = "";
			targets = (
				8804559C2D3094AB0098EAD5 /* Ecommerce */,
			);
		};
/* End PBXProject section */

/* Begin PBXResourcesBuildPhase section */
		8804559B2D3094AB0098EAD5 /* Resources */ = {
			isa = PBXResourcesBuildPhase;
			buildActionMask = 2147483647;
			files = (
				880455A82D3094AE0098EAD5 /* Preview Assets.xcassets in Resources */,
				880455A52D3094AE0098EAD5 /* Assets.xcassets in Resources */,
				88B785532D36A3720066B394 /* GoogleService-Info.plist in Resources */,
			);
			runOnlyForDeploymentPostprocessing = 0;
		};
/* End PBXResourcesBuildPhase section */

/* Begin PBXSourcesBuildPhase section */
		880455992D3094AB0098EAD5 /* Sources */ = {
			isa = PBXSourcesBuildPhase;
			buildActionMask = 2147483647;
			files = (
				88D074132D4985EE0004F65A /* ProductFilterService.swift in Sources */,
				88D0740D2D4985EE0004F65A /* ServiceProtocols.swift in Sources */,
				88D074182D4985EE0004F65A /* BannerProductsViewModel.swift in Sources */,
				88D074232D4985EE0004F65A /* ProductsViewController.swift in Sources */,
				88D074002D4985EE0004F65A /* AuthError.swift in Sources */,
				88D074172D4985EE0004F65A /* HomeViewModel.swift in Sources */,
				88D074192D4985EE0004F65A /* ProductCard.swift in Sources */,
				88D074162D4985EE0004F65A /* GemStoreApp.swift in Sources */,
				88D074092D4985EE0004F65A /* CustomTextField.swift in Sources */,
				88D074752D49908E0004F65A /* OrderCompletedViewModel.swift in Sources */,
				88D074432D4985EE0004F65A /* CartViewModel.swift in Sources */,
				88D0745D2D4989190004F65A /* OrderDetailViewModel.swift in Sources */,
				88D074292D4985EE0004F65A /* SignUpViewModel.swift in Sources */,
				88D0740E2D4985EE0004F65A /* ShippingService.swift in Sources */,
				88D0741A2D4985EE0004F65A /* ProductSection.swift in Sources */,
				88D0743E2D4985EE0004F65A /* WishlistViewController.swift in Sources */,
				88D0741B2D4985EE0004F65A /* HomeCategorySection.swift in Sources */,
				88D074612D4989190004F65A /* OrdersViewController.swift in Sources */,
				88D0744E2D4985EE0004F65A /* MainTabView.swift in Sources */,
				88D074412D4985EE0004F65A /* ProductDetailsViewModel.swift in Sources */,
				88D074772D49908E0004F65A /* ShippingMethod.swift in Sources */,
				88D074622D4989190004F65A /* OrderCell.swift in Sources */,
				88D074152D4985EE0004F65A /* FirestoreService.swift in Sources */,
				88D0745E2D4989190004F65A /* Order.swift in Sources */,
				88D074112D4985EE0004F65A /* PaymentService.swift in Sources */,
				88D0747C2D49908E0004F65A /* CheckoutComponents.swift in Sources */,
				88D074032D4985EE0004F65A /* Category.swift in Sources */,
				88D0742E2D4985EE0004F65A /* AddCardViewModel.swift in Sources */,
				88D073FF2D4985EE0004F65A /* FirestoreRepository.swift in Sources */,
				88D074122D4985EE0004F65A /* AuthService.swift in Sources */,
				88D0741D2D4985EE0004F65A /* HomeView.swift in Sources */,
				88D074402D4985EE0004F65A /* WishlistViewControllerWrapper.swift in Sources */,
				88D0743F2D4985EE0004F65A /* ProfileView.swift in Sources */,
				88D0741F2D4985EE0004F65A /* CollectionProductsView.swift in Sources */,
				88D0743C2D4985EE0004F65A /* WishlistViewModel.swift in Sources */,
				88D074282D4985EE0004F65A /* LoginViewModel.swift in Sources */,
				88D074302D4985EE0004F65A /* PaymentView.swift in Sources */,
				88D074072D4985EE0004F65A /* ViewModifiers.swift in Sources */,
				88D074272D4985EE0004F65A /* DiscoverEmptyStateView.swift in Sources */,
				88D074742D49908E0004F65A /* CheckoutViewModel.swift in Sources */,
				88D074632D4989190004F65A /* OrdersService.swift in Sources */,
				88D0742B2D4985EE0004F65A /* SignUpViewController.swift in Sources */,
				88D074312D4985EE0004F65A /* PaymentMethodButton.swift in Sources */,
				88D0742F2D4985EE0004F65A /* PaymentCard.swift in Sources */,
				88D074602D4989190004F65A /* OrdersViewControllerWrapper.swift in Sources */,
				88D074142D4985EE0004F65A /* CartService.swift in Sources */,
				88D0747B2D49908E0004F65A /* CheckoutPaymentView.swift in Sources */,
				88D0742C2D4985EE0004F65A /* LoginViewController.swift in Sources */,
				88D0740B2D4985EE0004F65A /* SharedViews.swift in Sources */,
				88D074422D4985EE0004F65A /* ProductDetailsViewController.swift in Sources */,
				88D0741C2D4985EE0004F65A /* BannerView.swift in Sources */,
				88D074222D4985EE0004F65A /* CategoryCell.swift in Sources */,
				88D074792D49908E0004F65A /* CheckoutView.swift in Sources */,
				88D074102D4985EE0004F65A /* FavoritesService.swift in Sources */,
				88D0740A2D4985EE0004F65A /* ProductCardView.swift in Sources */,
				88D0747D2D49908E0004F65A /* OrderCompletedView.swift in Sources */,
				88D074442D4985EE0004F65A /* CartView.swift in Sources */,
				88D074262D4985EE0004F65A /* DiscoverSearchView.swift in Sources */,
				88D074242D4985EE0004F65A /* DiscoverViewController.swift in Sources */,
				88D0741E2D4985EE0004F65A /* CollectionProductsViewModel.swift in Sources */,
				88D074022D4985EE0004F65A /* CartItem.swift in Sources */,
				88D0743D2D4985EE0004F65A /* ProfileViewModel.swift in Sources */,
				88D074252D4985EE0004F65A /* ProductCell.swift in Sources */,
				88D0745C2D4989190004F65A /* OrdersViewModel.swift in Sources */,
				88D074012D4985EE0004F65A /* CollectionType.swift in Sources */,
				88D0744B2D4985EE0004F65A /* FilterViewModel.swift in Sources */,
				88D074762D49908E0004F65A /* CheckoutPaymentViewModel.swift in Sources */,
				88D0744D2D4985EE0004F65A /* FilterViewController.swift in Sources */,
				88D074332D4985EE0004F65A /* PaymentCardView.swift in Sources */,
				88D074062D4985EE0004F65A /* Banner.swift in Sources */,
				88D0744C2D4985EE0004F65A /* FilterOptions.swift in Sources */,
				88D0740C2D4985EE0004F65A /* ErrorView.swift in Sources */,
				88D074042D4985EE0004F65A /* Product.swift in Sources */,
				88D0740F2D4985EE0004F65A /* ImageCacheService.swift in Sources */,
				88D074322D4985EE0004F65A /* AddCardView.swift in Sources */,
				88D0745F2D4989190004F65A /* OrderDetailViewController.swift in Sources */,
				88D0742A2D4985EE0004F65A /* AuthViewModel.swift in Sources */,
				88D074052D4985EE0004F65A /* UserFavorite.swift in Sources */,
				88D074212D4985EE0004F65A /* SubcategoryCell.swift in Sources */,
				88D0742D2D4985EE0004F65A /* PaymentViewModel.swift in Sources */,
				88D074202D4985EE0004F65A /* DiscoverViewModel.swift in Sources */,
			);
			runOnlyForDeploymentPostprocessing = 0;
		};
/* End PBXSourcesBuildPhase section */

/* Begin XCBuildConfiguration section */
		880455A92D3094AE0098EAD5 /* Debug */ = {
			isa = XCBuildConfiguration;
			buildSettings = {
				ALWAYS_SEARCH_USER_PATHS = NO;
				ASSETCATALOG_COMPILER_GENERATE_SWIFT_ASSET_SYMBOL_EXTENSIONS = YES;
				CLANG_ANALYZER_NONNULL = YES;
				CLANG_ANALYZER_NUMBER_OBJECT_CONVERSION = YES_AGGRESSIVE;
				CLANG_CXX_LANGUAGE_STANDARD = "gnu++20";
				CLANG_ENABLE_MODULES = YES;
				CLANG_ENABLE_OBJC_ARC = YES;
				CLANG_ENABLE_OBJC_WEAK = YES;
				CLANG_WARN_BLOCK_CAPTURE_AUTORELEASING = YES;
				CLANG_WARN_BOOL_CONVERSION = YES;
				CLANG_WARN_COMMA = YES;
				CLANG_WARN_CONSTANT_CONVERSION = YES;
				CLANG_WARN_DEPRECATED_OBJC_IMPLEMENTATIONS = YES;
				CLANG_WARN_DIRECT_OBJC_ISA_USAGE = YES_ERROR;
				CLANG_WARN_DOCUMENTATION_COMMENTS = YES;
				CLANG_WARN_EMPTY_BODY = YES;
				CLANG_WARN_ENUM_CONVERSION = YES;
				CLANG_WARN_INFINITE_RECURSION = YES;
				CLANG_WARN_INT_CONVERSION = YES;
				CLANG_WARN_NON_LITERAL_NULL_CONVERSION = YES;
				CLANG_WARN_OBJC_IMPLICIT_RETAIN_SELF = YES;
				CLANG_WARN_OBJC_LITERAL_CONVERSION = YES;
				CLANG_WARN_OBJC_ROOT_CLASS = YES_ERROR;
				CLANG_WARN_QUOTED_INCLUDE_IN_FRAMEWORK_HEADER = YES;
				CLANG_WARN_RANGE_LOOP_ANALYSIS = YES;
				CLANG_WARN_STRICT_PROTOTYPES = YES;
				CLANG_WARN_SUSPICIOUS_MOVE = YES;
				CLANG_WARN_UNGUARDED_AVAILABILITY = YES_AGGRESSIVE;
				CLANG_WARN_UNREACHABLE_CODE = YES;
				CLANG_WARN__DUPLICATE_METHOD_MATCH = YES;
				COPY_PHASE_STRIP = NO;
				DEBUG_INFORMATION_FORMAT = dwarf;
				ENABLE_STRICT_OBJC_MSGSEND = YES;
				ENABLE_TESTABILITY = YES;
				ENABLE_USER_SCRIPT_SANDBOXING = YES;
				GCC_C_LANGUAGE_STANDARD = gnu17;
				GCC_DYNAMIC_NO_PIC = NO;
				GCC_NO_COMMON_BLOCKS = YES;
				GCC_OPTIMIZATION_LEVEL = 0;
				GCC_PREPROCESSOR_DEFINITIONS = (
					"DEBUG=1",
					"$(inherited)",
				);
				GCC_WARN_64_TO_32_BIT_CONVERSION = YES;
				GCC_WARN_ABOUT_RETURN_TYPE = YES_ERROR;
				GCC_WARN_UNDECLARED_SELECTOR = YES;
				GCC_WARN_UNINITIALIZED_AUTOS = YES_AGGRESSIVE;
				GCC_WARN_UNUSED_FUNCTION = YES;
				GCC_WARN_UNUSED_VARIABLE = YES;
				IPHONEOS_DEPLOYMENT_TARGET = 17.2;
				LOCALIZATION_PREFERS_STRING_CATALOGS = YES;
				MTL_ENABLE_DEBUG_INFO = INCLUDE_SOURCE;
				MTL_FAST_MATH = YES;
				ONLY_ACTIVE_ARCH = YES;
				SDKROOT = iphoneos;
				SWIFT_ACTIVE_COMPILATION_CONDITIONS = "DEBUG $(inherited)";
				SWIFT_OPTIMIZATION_LEVEL = "-Onone";
			};
			name = Debug;
		};
		880455AA2D3094AE0098EAD5 /* Release */ = {
			isa = XCBuildConfiguration;
			buildSettings = {
				ALWAYS_SEARCH_USER_PATHS = NO;
				ASSETCATALOG_COMPILER_GENERATE_SWIFT_ASSET_SYMBOL_EXTENSIONS = YES;
				CLANG_ANALYZER_NONNULL = YES;
				CLANG_ANALYZER_NUMBER_OBJECT_CONVERSION = YES_AGGRESSIVE;
				CLANG_CXX_LANGUAGE_STANDARD = "gnu++20";
				CLANG_ENABLE_MODULES = YES;
				CLANG_ENABLE_OBJC_ARC = YES;
				CLANG_ENABLE_OBJC_WEAK = YES;
				CLANG_WARN_BLOCK_CAPTURE_AUTORELEASING = YES;
				CLANG_WARN_BOOL_CONVERSION = YES;
				CLANG_WARN_COMMA = YES;
				CLANG_WARN_CONSTANT_CONVERSION = YES;
				CLANG_WARN_DEPRECATED_OBJC_IMPLEMENTATIONS = YES;
				CLANG_WARN_DIRECT_OBJC_ISA_USAGE = YES_ERROR;
				CLANG_WARN_DOCUMENTATION_COMMENTS = YES;
				CLANG_WARN_EMPTY_BODY = YES;
				CLANG_WARN_ENUM_CONVERSION = YES;
				CLANG_WARN_INFINITE_RECURSION = YES;
				CLANG_WARN_INT_CONVERSION = YES;
				CLANG_WARN_NON_LITERAL_NULL_CONVERSION = YES;
				CLANG_WARN_OBJC_IMPLICIT_RETAIN_SELF = YES;
				CLANG_WARN_OBJC_LITERAL_CONVERSION = YES;
				CLANG_WARN_OBJC_ROOT_CLASS = YES_ERROR;
				CLANG_WARN_QUOTED_INCLUDE_IN_FRAMEWORK_HEADER = YES;
				CLANG_WARN_RANGE_LOOP_ANALYSIS = YES;
				CLANG_WARN_STRICT_PROTOTYPES = YES;
				CLANG_WARN_SUSPICIOUS_MOVE = YES;
				CLANG_WARN_UNGUARDED_AVAILABILITY = YES_AGGRESSIVE;
				CLANG_WARN_UNREACHABLE_CODE = YES;
				CLANG_WARN__DUPLICATE_METHOD_MATCH = YES;
				COPY_PHASE_STRIP = NO;
				DEBUG_INFORMATION_FORMAT = "dwarf-with-dsym";
				ENABLE_NS_ASSERTIONS = NO;
				ENABLE_STRICT_OBJC_MSGSEND = YES;
				ENABLE_USER_SCRIPT_SANDBOXING = YES;
				GCC_C_LANGUAGE_STANDARD = gnu17;
				GCC_NO_COMMON_BLOCKS = YES;
				GCC_WARN_64_TO_32_BIT_CONVERSION = YES;
				GCC_WARN_ABOUT_RETURN_TYPE = YES_ERROR;
				GCC_WARN_UNDECLARED_SELECTOR = YES;
				GCC_WARN_UNINITIALIZED_AUTOS = YES_AGGRESSIVE;
				GCC_WARN_UNUSED_FUNCTION = YES;
				GCC_WARN_UNUSED_VARIABLE = YES;
				IPHONEOS_DEPLOYMENT_TARGET = 17.2;
				LOCALIZATION_PREFERS_STRING_CATALOGS = YES;
				MTL_ENABLE_DEBUG_INFO = NO;
				MTL_FAST_MATH = YES;
				SDKROOT = iphoneos;
				SWIFT_COMPILATION_MODE = wholemodule;
				VALIDATE_PRODUCT = YES;
			};
			name = Release;
		};
		880455AC2D3094AE0098EAD5 /* Debug */ = {
			isa = XCBuildConfiguration;
			buildSettings = {
				ASSETCATALOG_COMPILER_APPICON_NAME = AppIcon;
				ASSETCATALOG_COMPILER_GLOBAL_ACCENT_COLOR_NAME = AccentColor;
				CODE_SIGN_STYLE = Automatic;
				CURRENT_PROJECT_VERSION = 1;
				DEVELOPMENT_ASSET_PATHS = "\"Ecommerce/Preview Content\"";
				DEVELOPMENT_TEAM = YT4G83G78N;
				ENABLE_PREVIEWS = YES;
				GENERATE_INFOPLIST_FILE = YES;
				INFOPLIST_FILE = Ecommerce/Info.plist;
				INFOPLIST_KEY_UIApplicationSceneManifest_Generation = YES;
				INFOPLIST_KEY_UIApplicationSupportsIndirectInputEvents = YES;
				INFOPLIST_KEY_UILaunchScreen_Generation = YES;
				INFOPLIST_KEY_UISupportedInterfaceOrientations_iPad = "UIInterfaceOrientationPortrait UIInterfaceOrientationPortraitUpsideDown UIInterfaceOrientationLandscapeLeft UIInterfaceOrientationLandscapeRight";
				INFOPLIST_KEY_UISupportedInterfaceOrientations_iPhone = "UIInterfaceOrientationPortrait UIInterfaceOrientationLandscapeLeft UIInterfaceOrientationLandscapeRight";
				IPHONEOS_DEPLOYMENT_TARGET = 16.0;
				LD_RUNPATH_SEARCH_PATHS = (
					"$(inherited)",
					"@executable_path/Frameworks",
				);
				MARKETING_VERSION = 1.0;
				PRODUCT_BUNDLE_IDENTIFIER = com.academy.Ecommerce;
				PRODUCT_NAME = "$(TARGET_NAME)";
				SWIFT_EMIT_LOC_STRINGS = YES;
				SWIFT_VERSION = 5.0;
				TARGETED_DEVICE_FAMILY = "1,2";
			};
			name = Debug;
		};
		880455AD2D3094AE0098EAD5 /* Release */ = {
			isa = XCBuildConfiguration;
			buildSettings = {
				ASSETCATALOG_COMPILER_APPICON_NAME = AppIcon;
				ASSETCATALOG_COMPILER_GLOBAL_ACCENT_COLOR_NAME = AccentColor;
				CODE_SIGN_STYLE = Automatic;
				CURRENT_PROJECT_VERSION = 1;
				DEVELOPMENT_ASSET_PATHS = "\"Ecommerce/Preview Content\"";
				DEVELOPMENT_TEAM = YT4G83G78N;
				ENABLE_PREVIEWS = YES;
				GENERATE_INFOPLIST_FILE = YES;
				INFOPLIST_FILE = Ecommerce/Info.plist;
				INFOPLIST_KEY_UIApplicationSceneManifest_Generation = YES;
				INFOPLIST_KEY_UIApplicationSupportsIndirectInputEvents = YES;
				INFOPLIST_KEY_UILaunchScreen_Generation = YES;
				INFOPLIST_KEY_UISupportedInterfaceOrientations_iPad = "UIInterfaceOrientationPortrait UIInterfaceOrientationPortraitUpsideDown UIInterfaceOrientationLandscapeLeft UIInterfaceOrientationLandscapeRight";
				INFOPLIST_KEY_UISupportedInterfaceOrientations_iPhone = "UIInterfaceOrientationPortrait UIInterfaceOrientationLandscapeLeft UIInterfaceOrientationLandscapeRight";
				IPHONEOS_DEPLOYMENT_TARGET = 16.0;
				LD_RUNPATH_SEARCH_PATHS = (
					"$(inherited)",
					"@executable_path/Frameworks",
				);
				MARKETING_VERSION = 1.0;
				PRODUCT_BUNDLE_IDENTIFIER = com.academy.Ecommerce;
				PRODUCT_NAME = "$(TARGET_NAME)";
				SWIFT_EMIT_LOC_STRINGS = YES;
				SWIFT_VERSION = 5.0;
				TARGETED_DEVICE_FAMILY = "1,2";
			};
			name = Release;
		};
/* End XCBuildConfiguration section */

/* Begin XCConfigurationList section */
		880455982D3094AB0098EAD5 /* Build configuration list for PBXProject "Ecommerce" */ = {
			isa = XCConfigurationList;
			buildConfigurations = (
				880455A92D3094AE0098EAD5 /* Debug */,
				880455AA2D3094AE0098EAD5 /* Release */,
			);
			defaultConfigurationIsVisible = 0;
			defaultConfigurationName = Release;
		};
		880455AB2D3094AE0098EAD5 /* Build configuration list for PBXNativeTarget "Ecommerce" */ = {
			isa = XCConfigurationList;
			buildConfigurations = (
				880455AC2D3094AE0098EAD5 /* Debug */,
				880455AD2D3094AE0098EAD5 /* Release */,
			);
			defaultConfigurationIsVisible = 0;
			defaultConfigurationName = Release;
		};
/* End XCConfigurationList section */

/* Begin XCRemoteSwiftPackageReference section */
		88B7854D2D36A2640066B394 /* XCRemoteSwiftPackageReference "GoogleSignIn-iOS" */ = {
			isa = XCRemoteSwiftPackageReference;
			repositoryURL = "https://github.com/google/GoogleSignIn-iOS.git";
			requirement = {
				kind = upToNextMajorVersion;
				minimumVersion = 8.0.0;
			};
		};
		88DF7C9A2D35EAA700745369 /* XCRemoteSwiftPackageReference "firebase-ios-sdk" */ = {
			isa = XCRemoteSwiftPackageReference;
			repositoryURL = "https://github.com/firebase/firebase-ios-sdk";
			requirement = {
				kind = upToNextMajorVersion;
				minimumVersion = 11.7.0;
			};
		};
/* End XCRemoteSwiftPackageReference section */

/* Begin XCSwiftPackageProductDependency section */
		885F1CC82D37F9F30090DCD6 /* FirebaseFirestore */ = {
			isa = XCSwiftPackageProductDependency;
			package = 88DF7C9A2D35EAA700745369 /* XCRemoteSwiftPackageReference "firebase-ios-sdk" */;
			productName = FirebaseFirestore;
		};
		88B7854B2D36A16C0066B394 /* FirebaseAuth */ = {
			isa = XCSwiftPackageProductDependency;
			package = 88DF7C9A2D35EAA700745369 /* XCRemoteSwiftPackageReference "firebase-ios-sdk" */;
			productName = FirebaseAuth;
		};
		88B7854E2D36A2640066B394 /* GoogleSignIn */ = {
			isa = XCSwiftPackageProductDependency;
			package = 88B7854D2D36A2640066B394 /* XCRemoteSwiftPackageReference "GoogleSignIn-iOS" */;
			productName = GoogleSignIn;
		};
		88B785502D36A2640066B394 /* GoogleSignInSwift */ = {
			isa = XCSwiftPackageProductDependency;
			package = 88B7854D2D36A2640066B394 /* XCRemoteSwiftPackageReference "GoogleSignIn-iOS" */;
			productName = GoogleSignInSwift;
		};
		88DF7C9B2D35EAA700745369 /* FirebaseAnalytics */ = {
			isa = XCSwiftPackageProductDependency;
			package = 88DF7C9A2D35EAA700745369 /* XCRemoteSwiftPackageReference "firebase-ios-sdk" */;
			productName = FirebaseAnalytics;
		};
		88DF7C9D2D35EAA700745369 /* FirebaseAnalyticsOnDeviceConversion */ = {
			isa = XCSwiftPackageProductDependency;
			package = 88DF7C9A2D35EAA700745369 /* XCRemoteSwiftPackageReference "firebase-ios-sdk" */;
			productName = FirebaseAnalyticsOnDeviceConversion;
		};
		88DF7C9F2D35EAA700745369 /* FirebaseAnalyticsWithoutAdIdSupport */ = {
			isa = XCSwiftPackageProductDependency;
			package = 88DF7C9A2D35EAA700745369 /* XCRemoteSwiftPackageReference "firebase-ios-sdk" */;
			productName = FirebaseAnalyticsWithoutAdIdSupport;
		};
		88DF7CA12D35EAA700745369 /* FirebaseAppCheck */ = {
			isa = XCSwiftPackageProductDependency;
			package = 88DF7C9A2D35EAA700745369 /* XCRemoteSwiftPackageReference "firebase-ios-sdk" */;
			productName = FirebaseAppCheck;
		};
		88DF7CA32D35EAA700745369 /* FirebaseAppDistribution-Beta */ = {
			isa = XCSwiftPackageProductDependency;
			package = 88DF7C9A2D35EAA700745369 /* XCRemoteSwiftPackageReference "firebase-ios-sdk" */;
			productName = "FirebaseAppDistribution-Beta";
		};
		88DF7CA62D35EAD400745369 /* FirebaseCore */ = {
			isa = XCSwiftPackageProductDependency;
			package = 88DF7C9A2D35EAA700745369 /* XCRemoteSwiftPackageReference "firebase-ios-sdk" */;
			productName = FirebaseCore;
		};
		88DF7CA82D35EADB00745369 /* FirebaseStorage */ = {
			isa = XCSwiftPackageProductDependency;
			package = 88DF7C9A2D35EAA700745369 /* XCRemoteSwiftPackageReference "firebase-ios-sdk" */;
			productName = FirebaseStorage;
		};
/* End XCSwiftPackageProductDependency section */
	};
	rootObject = 880455952D3094AB0098EAD5 /* Project object */;
}
