// !$*UTF8*$!
{
	archiveVersion = 1;
	classes = {
	};
	objectVersion = 56;
	objects = {

/* Begin PBXBuildFile section */
		880455A52D3094AE0098EAD5 /* Assets.xcassets in Resources */ = {isa = PBXBuildFile; fileRef = 880455A42D3094AE0098EAD5 /* Assets.xcassets */; };
		880455A82D3094AE0098EAD5 /* Preview Assets.xcassets in Resources */ = {isa = PBXBuildFile; fileRef = 880455A72D3094AE0098EAD5 /* Preview Assets.xcassets */; };
		885F1CC92D37F9F30090DCD6 /* FirebaseFirestore in Frameworks */ = {isa = PBXBuildFile; productRef = 885F1CC82D37F9F30090DCD6 /* FirebaseFirestore */; };
		88B7854C2D36A16C0066B394 /* FirebaseAuth in Frameworks */ = {isa = PBXBuildFile; productRef = 88B7854B2D36A16C0066B394 /* FirebaseAuth */; };
		88B7854F2D36A2640066B394 /* GoogleSignIn in Frameworks */ = {isa = PBXBuildFile; productRef = 88B7854E2D36A2640066B394 /* GoogleSignIn */; };
		88B785512D36A2640066B394 /* GoogleSignInSwift in Frameworks */ = {isa = PBXBuildFile; productRef = 88B785502D36A2640066B394 /* GoogleSignInSwift */; };
		88B785532D36A3720066B394 /* GoogleService-Info.plist in Resources */ = {isa = PBXBuildFile; fileRef = 88B785522D36A3720066B394 /* GoogleService-Info.plist */; };
		88D03F5E2D47A8DE00FDAE42 /* FirestoreRepository.swift in Sources */ = {isa = PBXBuildFile; fileRef = 88D03EEC2D47A8DE00FDAE42 /* FirestoreRepository.swift */; };
		88D03F5F2D47A8DE00FDAE42 /* AuthError.swift in Sources */ = {isa = PBXBuildFile; fileRef = 88D03EEE2D47A8DE00FDAE42 /* AuthError.swift */; };
		88D03F602D47A8DE00FDAE42 /* CollectionType.swift in Sources */ = {isa = PBXBuildFile; fileRef = 88D03EEF2D47A8DE00FDAE42 /* CollectionType.swift */; };
		88D03F612D47A8DE00FDAE42 /* CartItem.swift in Sources */ = {isa = PBXBuildFile; fileRef = 88D03EF02D47A8DE00FDAE42 /* CartItem.swift */; };
		88D03F622D47A8DE00FDAE42 /* Category.swift in Sources */ = {isa = PBXBuildFile; fileRef = 88D03EF12D47A8DE00FDAE42 /* Category.swift */; };
		88D03F632D47A8DE00FDAE42 /* Product.swift in Sources */ = {isa = PBXBuildFile; fileRef = 88D03EF22D47A8DE00FDAE42 /* Product.swift */; };
		88D03F642D47A8DE00FDAE42 /* UserFavorite.swift in Sources */ = {isa = PBXBuildFile; fileRef = 88D03EF32D47A8DE00FDAE42 /* UserFavorite.swift */; };
		88D03F652D47A8DE00FDAE42 /* Banner.swift in Sources */ = {isa = PBXBuildFile; fileRef = 88D03EF42D47A8DE00FDAE42 /* Banner.swift */; };
		88D03F662D47A8DE00FDAE42 /* ViewModifiers.swift in Sources */ = {isa = PBXBuildFile; fileRef = 88D03EF62D47A8DE00FDAE42 /* ViewModifiers.swift */; };
		88D03F672D47A8DE00FDAE42 /* CustomTextField.swift in Sources */ = {isa = PBXBuildFile; fileRef = 88D03EF82D47A8DE00FDAE42 /* CustomTextField.swift */; };
		88D03F682D47A8DE00FDAE42 /* ProductCardView.swift in Sources */ = {isa = PBXBuildFile; fileRef = 88D03EF92D47A8DE00FDAE42 /* ProductCardView.swift */; };
		88D03F692D47A8DE00FDAE42 /* SharedViews.swift in Sources */ = {isa = PBXBuildFile; fileRef = 88D03EFA2D47A8DE00FDAE42 /* SharedViews.swift */; };
		88D03F6A2D47A8DE00FDAE42 /* ErrorView.swift in Sources */ = {isa = PBXBuildFile; fileRef = 88D03EFB2D47A8DE00FDAE42 /* ErrorView.swift */; };
		88D03F6B2D47A8DE00FDAE42 /* ServiceProtocols.swift in Sources */ = {isa = PBXBuildFile; fileRef = 88D03EFD2D47A8DE00FDAE42 /* ServiceProtocols.swift */; };
		88D03F6C2D47A8DE00FDAE42 /* ShippingService.swift in Sources */ = {isa = PBXBuildFile; fileRef = 88D03EFF2D47A8DE00FDAE42 /* ShippingService.swift */; };
		88D03F6D2D47A8DE00FDAE42 /* ImageCacheService.swift in Sources */ = {isa = PBXBuildFile; fileRef = 88D03F002D47A8DE00FDAE42 /* ImageCacheService.swift */; };
		88D03F6E2D47A8DE00FDAE42 /* FavoritesService.swift in Sources */ = {isa = PBXBuildFile; fileRef = 88D03F012D47A8DE00FDAE42 /* FavoritesService.swift */; };
		88D03F6F2D47A8DE00FDAE42 /* PaymentService.swift in Sources */ = {isa = PBXBuildFile; fileRef = 88D03F022D47A8DE00FDAE42 /* PaymentService.swift */; };
		88D03F702D47A8DE00FDAE42 /* AuthService.swift in Sources */ = {isa = PBXBuildFile; fileRef = 88D03F032D47A8DE00FDAE42 /* AuthService.swift */; };
		88D03F712D47A8DE00FDAE42 /* ProductFilterService.swift in Sources */ = {isa = PBXBuildFile; fileRef = 88D03F042D47A8DE00FDAE42 /* ProductFilterService.swift */; };
		88D03F722D47A8DE00FDAE42 /* CartService.swift in Sources */ = {isa = PBXBuildFile; fileRef = 88D03F052D47A8DE00FDAE42 /* CartService.swift */; };
		88D03F732D47A8DE00FDAE42 /* FirestoreService.swift in Sources */ = {isa = PBXBuildFile; fileRef = 88D03F062D47A8DE00FDAE42 /* FirestoreService.swift */; };
		88D03F742D47A8DE00FDAE42 /* GemStoreApp.swift in Sources */ = {isa = PBXBuildFile; fileRef = 88D03F082D47A8DE00FDAE42 /* GemStoreApp.swift */; };
		88D03F752D47A8DE00FDAE42 /* HomeViewModel.swift in Sources */ = {isa = PBXBuildFile; fileRef = 88D03F0C2D47A8DE00FDAE42 /* HomeViewModel.swift */; };
		88D03F762D47A8DE00FDAE42 /* BannerProductsViewModel.swift in Sources */ = {isa = PBXBuildFile; fileRef = 88D03F0D2D47A8DE00FDAE42 /* BannerProductsViewModel.swift */; };
		88D03F772D47A8DE00FDAE42 /* ProductCard.swift in Sources */ = {isa = PBXBuildFile; fileRef = 88D03F0F2D47A8DE00FDAE42 /* ProductCard.swift */; };
		88D03F782D47A8DE00FDAE42 /* ProductSection.swift in Sources */ = {isa = PBXBuildFile; fileRef = 88D03F112D47A8DE00FDAE42 /* ProductSection.swift */; };
		88D03F792D47A8DE00FDAE42 /* HomeCategorySection.swift in Sources */ = {isa = PBXBuildFile; fileRef = 88D03F122D47A8DE00FDAE42 /* HomeCategorySection.swift */; };
		88D03F7A2D47A8DE00FDAE42 /* BannerView.swift in Sources */ = {isa = PBXBuildFile; fileRef = 88D03F132D47A8DE00FDAE42 /* BannerView.swift */; };
		88D03F7B2D47A8DE00FDAE42 /* HomeView.swift in Sources */ = {isa = PBXBuildFile; fileRef = 88D03F142D47A8DE00FDAE42 /* HomeView.swift */; };
		88D03F7C2D47A8DE00FDAE42 /* CollectionProductsViewModel.swift in Sources */ = {isa = PBXBuildFile; fileRef = 88D03F172D47A8DE00FDAE42 /* CollectionProductsViewModel.swift */; };
		88D03F7D2D47A8DE00FDAE42 /* CollectionProductsView.swift in Sources */ = {isa = PBXBuildFile; fileRef = 88D03F192D47A8DE00FDAE42 /* CollectionProductsView.swift */; };
		88D03F7E2D47A8DE00FDAE42 /* DiscoverViewModel.swift in Sources */ = {isa = PBXBuildFile; fileRef = 88D03F1C2D47A8DE00FDAE42 /* DiscoverViewModel.swift */; };
		88D03F7F2D47A8DE00FDAE42 /* SubcategoryCell.swift in Sources */ = {isa = PBXBuildFile; fileRef = 88D03F1E2D47A8DE00FDAE42 /* SubcategoryCell.swift */; };
		88D03F802D47A8DE00FDAE42 /* CategoryCell.swift in Sources */ = {isa = PBXBuildFile; fileRef = 88D03F1F2D47A8DE00FDAE42 /* CategoryCell.swift */; };
		88D03F812D47A8DE00FDAE42 /* ProductsViewController.swift in Sources */ = {isa = PBXBuildFile; fileRef = 88D03F202D47A8DE00FDAE42 /* ProductsViewController.swift */; };
		88D03F822D47A8DE00FDAE42 /* DiscoverViewController.swift in Sources */ = {isa = PBXBuildFile; fileRef = 88D03F212D47A8DE00FDAE42 /* DiscoverViewController.swift */; };
		88D03F832D47A8DE00FDAE42 /* ProductCell.swift in Sources */ = {isa = PBXBuildFile; fileRef = 88D03F222D47A8DE00FDAE42 /* ProductCell.swift */; };
		88D03F842D47A8DE00FDAE42 /* DiscoverSearchView.swift in Sources */ = {isa = PBXBuildFile; fileRef = 88D03F242D47A8DE00FDAE42 /* DiscoverSearchView.swift */; };
		88D03F852D47A8DE00FDAE42 /* DiscoverEmptyStateView.swift in Sources */ = {isa = PBXBuildFile; fileRef = 88D03F252D47A8DE00FDAE42 /* DiscoverEmptyStateView.swift */; };
		88D03F862D47A8DE00FDAE42 /* LoginViewModel.swift in Sources */ = {isa = PBXBuildFile; fileRef = 88D03F282D47A8DE00FDAE42 /* LoginViewModel.swift */; };
		88D03F872D47A8DE00FDAE42 /* SignUpViewModel.swift in Sources */ = {isa = PBXBuildFile; fileRef = 88D03F292D47A8DE00FDAE42 /* SignUpViewModel.swift */; };
		88D03F882D47A8DE00FDAE42 /* AuthViewModel.swift in Sources */ = {isa = PBXBuildFile; fileRef = 88D03F2A2D47A8DE00FDAE42 /* AuthViewModel.swift */; };
		88D03F892D47A8DE00FDAE42 /* SignUpViewController.swift in Sources */ = {isa = PBXBuildFile; fileRef = 88D03F2C2D47A8DE00FDAE42 /* SignUpViewController.swift */; };
		88D03F8A2D47A8DE00FDAE42 /* LoginViewController.swift in Sources */ = {isa = PBXBuildFile; fileRef = 88D03F2D2D47A8DE00FDAE42 /* LoginViewController.swift */; };
		88D03F8B2D47A8DE00FDAE42 /* PaymentViewModel.swift in Sources */ = {isa = PBXBuildFile; fileRef = 88D03F302D47A8DE00FDAE42 /* PaymentViewModel.swift */; };
		88D03F8C2D47A8DE00FDAE42 /* AddCardViewModel.swift in Sources */ = {isa = PBXBuildFile; fileRef = 88D03F312D47A8DE00FDAE42 /* AddCardViewModel.swift */; };
		88D03F8D2D47A8DE00FDAE42 /* PaymentCard.swift in Sources */ = {isa = PBXBuildFile; fileRef = 88D03F332D47A8DE00FDAE42 /* PaymentCard.swift */; };
		88D03F8E2D47A8DE00FDAE42 /* PaymentView.swift in Sources */ = {isa = PBXBuildFile; fileRef = 88D03F352D47A8DE00FDAE42 /* PaymentView.swift */; };
		88D03F8F2D47A8DE00FDAE42 /* PaymentMethodButton.swift in Sources */ = {isa = PBXBuildFile; fileRef = 88D03F362D47A8DE00FDAE42 /* PaymentMethodButton.swift */; };
		88D03F902D47A8DE00FDAE42 /* AddCardView.swift in Sources */ = {isa = PBXBuildFile; fileRef = 88D03F372D47A8DE00FDAE42 /* AddCardView.swift */; };
		88D03F912D47A8DE00FDAE42 /* PaymentCardView.swift in Sources */ = {isa = PBXBuildFile; fileRef = 88D03F382D47A8DE00FDAE42 /* PaymentCardView.swift */; };
		88D03F982D47A8DE00FDAE42 /* WishlistViewModel.swift in Sources */ = {isa = PBXBuildFile; fileRef = 88D03F452D47A8DE00FDAE42 /* WishlistViewModel.swift */; };
		88D03F992D47A8DE00FDAE42 /* ProfileViewModel.swift in Sources */ = {isa = PBXBuildFile; fileRef = 88D03F462D47A8DE00FDAE42 /* ProfileViewModel.swift */; };
		88D03F9A2D47A8DE00FDAE42 /* WishlistViewController.swift in Sources */ = {isa = PBXBuildFile; fileRef = 88D03F482D47A8DE00FDAE42 /* WishlistViewController.swift */; };
		88D03F9B2D47A8DE00FDAE42 /* ProfileView.swift in Sources */ = {isa = PBXBuildFile; fileRef = 88D03F492D47A8DE00FDAE42 /* ProfileView.swift */; };
		88D03F9C2D47A8DE00FDAE42 /* WishlistViewControllerWrapper.swift in Sources */ = {isa = PBXBuildFile; fileRef = 88D03F4A2D47A8DE00FDAE42 /* WishlistViewControllerWrapper.swift */; };
		88D03F9D2D47A8DE00FDAE42 /* ProductDetailsViewModel.swift in Sources */ = {isa = PBXBuildFile; fileRef = 88D03F4D2D47A8DE00FDAE42 /* ProductDetailsViewModel.swift */; };
		88D03F9E2D47A8DE00FDAE42 /* ProductDetailsViewController.swift in Sources */ = {isa = PBXBuildFile; fileRef = 88D03F4F2D47A8DE00FDAE42 /* ProductDetailsViewController.swift */; };
		88D03F9F2D47A8DE00FDAE42 /* CartViewModel.swift in Sources */ = {isa = PBXBuildFile; fileRef = 88D03F522D47A8DE00FDAE42 /* CartViewModel.swift */; };
		88D03FA02D47A8DE00FDAE42 /* CartView.swift in Sources */ = {isa = PBXBuildFile; fileRef = 88D03F542D47A8DE00FDAE42 /* CartView.swift */; };
		88D03FA12D47A8DE00FDAE42 /* FilterViewModel.swift in Sources */ = {isa = PBXBuildFile; fileRef = 88D03F572D47A8DE00FDAE42 /* FilterViewModel.swift */; };
		88D03FA22D47A8DE00FDAE42 /* FilterOptions.swift in Sources */ = {isa = PBXBuildFile; fileRef = 88D03F592D47A8DE00FDAE42 /* FilterOptions.swift */; };
		88D03FA32D47A8DE00FDAE42 /* FilterViewController.swift in Sources */ = {isa = PBXBuildFile; fileRef = 88D03F5B2D47A8DE00FDAE42 /* FilterViewController.swift */; };
		88D03FA42D47A8DE00FDAE42 /* MainTabView.swift in Sources */ = {isa = PBXBuildFile; fileRef = 88D03F5D2D47A8DE00FDAE42 /* MainTabView.swift */; };
		88D03FB12D47C16200FDAE42 /* CheckoutViewModel.swift in Sources */ = {isa = PBXBuildFile; fileRef = 88D03FA72D47C16200FDAE42 /* CheckoutViewModel.swift */; };
		88D03FB22D47C16200FDAE42 /* OrderCompletedViewModel.swift in Sources */ = {isa = PBXBuildFile; fileRef = 88D03FA82D47C16200FDAE42 /* OrderCompletedViewModel.swift */; };
		88D03FB32D47C16200FDAE42 /* CheckoutPaymentViewModel.swift in Sources */ = {isa = PBXBuildFile; fileRef = 88D03FA92D47C16200FDAE42 /* CheckoutPaymentViewModel.swift */; };
		88D03FB42D47C16200FDAE42 /* ShippingMethod.swift in Sources */ = {isa = PBXBuildFile; fileRef = 88D03FAB2D47C16200FDAE42 /* ShippingMethod.swift */; };
		88D03FB52D47C16200FDAE42 /* CheckoutView.swift in Sources */ = {isa = PBXBuildFile; fileRef = 88D03FAD2D47C16200FDAE42 /* CheckoutView.swift */; };
		88D03FB62D47C16200FDAE42 /* CheckoutPaymentView.swift in Sources */ = {isa = PBXBuildFile; fileRef = 88D03FAE2D47C16200FDAE42 /* CheckoutPaymentView.swift */; };
		88D03FB72D47C16200FDAE42 /* CheckoutComponents.swift in Sources */ = {isa = PBXBuildFile; fileRef = 88D03FAF2D47C16200FDAE42 /* CheckoutComponents.swift */; };
		88D03FB82D47C16200FDAE42 /* OrderCompletedView.swift in Sources */ = {isa = PBXBuildFile; fileRef = 88D03FB02D47C16200FDAE42 /* OrderCompletedView.swift */; };
		88D03FC32D47CC3800FDAE42 /* OrdersViewModel.swift in Sources */ = {isa = PBXBuildFile; fileRef = 88D03FBB2D47CC3800FDAE42 /* OrdersViewModel.swift */; };
		88D03FC42D47CC3800FDAE42 /* Order.swift in Sources */ = {isa = PBXBuildFile; fileRef = 88D03FBD2D47CC3800FDAE42 /* Order.swift */; };
		88D03FC52D47CC3800FDAE42 /* OrdersViewController.swift in Sources */ = {isa = PBXBuildFile; fileRef = 88D03FBF2D47CC3800FDAE42 /* OrdersViewController.swift */; };
		88D03FC62D47CC3800FDAE42 /* OrderCell.swift in Sources */ = {isa = PBXBuildFile; fileRef = 88D03FC02D47CC3800FDAE42 /* OrderCell.swift */; };
		88D03FC72D47CC3800FDAE42 /* OrdersService.swift in Sources */ = {isa = PBXBuildFile; fileRef = 88D03FC22D47CC3800FDAE42 /* OrdersService.swift */; };
		88D03FC92D47CD7100FDAE42 /* OrdersViewControllerWrapper.swift in Sources */ = {isa = PBXBuildFile; fileRef = 88D03FC82D47CD7100FDAE42 /* OrdersViewControllerWrapper.swift */; };
		88DF7C9C2D35EAA700745369 /* FirebaseAnalytics in Frameworks */ = {isa = PBXBuildFile; productRef = 88DF7C9B2D35EAA700745369 /* FirebaseAnalytics */; };
		88DF7C9E2D35EAA700745369 /* FirebaseAnalyticsOnDeviceConversion in Frameworks */ = {isa = PBXBuildFile; productRef = 88DF7C9D2D35EAA700745369 /* FirebaseAnalyticsOnDeviceConversion */; };
		88DF7CA02D35EAA700745369 /* FirebaseAnalyticsWithoutAdIdSupport in Frameworks */ = {isa = PBXBuildFile; productRef = 88DF7C9F2D35EAA700745369 /* FirebaseAnalyticsWithoutAdIdSupport */; };
		88DF7CA22D35EAA700745369 /* FirebaseAppCheck in Frameworks */ = {isa = PBXBuildFile; productRef = 88DF7CA12D35EAA700745369 /* FirebaseAppCheck */; };
		88DF7CA42D35EAA700745369 /* FirebaseAppDistribution-Beta in Frameworks */ = {isa = PBXBuildFile; productRef = 88DF7CA32D35EAA700745369 /* FirebaseAppDistribution-Beta */; };
		88DF7CA72D35EAD400745369 /* FirebaseCore in Frameworks */ = {isa = PBXBuildFile; productRef = 88DF7CA62D35EAD400745369 /* FirebaseCore */; };
		88DF7CA92D35EADB00745369 /* FirebaseStorage in Frameworks */ = {isa = PBXBuildFile; productRef = 88DF7CA82D35EADB00745369 /* FirebaseStorage */; };
/* End PBXBuildFile section */

/* Begin PBXFileReference section */
		8804559D2D3094AB0098EAD5 /* Ecommerce.app */ = {isa = PBXFileReference; explicitFileType = wrapper.application; includeInIndex = 0; path = Ecommerce.app; sourceTree = BUILT_PRODUCTS_DIR; };
		880455A42D3094AE0098EAD5 /* Assets.xcassets */ = {isa = PBXFileReference; lastKnownFileType = folder.assetcatalog; path = Assets.xcassets; sourceTree = "<group>"; };
		880455A72D3094AE0098EAD5 /* Preview Assets.xcassets */ = {isa = PBXFileReference; lastKnownFileType = folder.assetcatalog; path = "Preview Assets.xcassets"; sourceTree = "<group>"; };
		88B785522D36A3720066B394 /* GoogleService-Info.plist */ = {isa = PBXFileReference; fileEncoding = 4; lastKnownFileType = text.plist.xml; path = "GoogleService-Info.plist"; sourceTree = "<group>"; };
		88B786152D36B26F0066B394 /* Info.plist */ = {isa = PBXFileReference; fileEncoding = 4; lastKnownFileType = text.plist.xml; path = Info.plist; sourceTree = "<group>"; };
		88D03EEC2D47A8DE00FDAE42 /* FirestoreRepository.swift */ = {isa = PBXFileReference; fileEncoding = 4; lastKnownFileType = sourcecode.swift; path = FirestoreRepository.swift; sourceTree = "<group>"; };
		88D03EEE2D47A8DE00FDAE42 /* AuthError.swift */ = {isa = PBXFileReference; fileEncoding = 4; lastKnownFileType = sourcecode.swift; path = AuthError.swift; sourceTree = "<group>"; };
		88D03EEF2D47A8DE00FDAE42 /* CollectionType.swift */ = {isa = PBXFileReference; fileEncoding = 4; lastKnownFileType = sourcecode.swift; path = CollectionType.swift; sourceTree = "<group>"; };
		88D03EF02D47A8DE00FDAE42 /* CartItem.swift */ = {isa = PBXFileReference; fileEncoding = 4; lastKnownFileType = sourcecode.swift; path = CartItem.swift; sourceTree = "<group>"; };
		88D03EF12D47A8DE00FDAE42 /* Category.swift */ = {isa = PBXFileReference; fileEncoding = 4; lastKnownFileType = sourcecode.swift; path = Category.swift; sourceTree = "<group>"; };
		88D03EF22D47A8DE00FDAE42 /* Product.swift */ = {isa = PBXFileReference; fileEncoding = 4; lastKnownFileType = sourcecode.swift; path = Product.swift; sourceTree = "<group>"; };
		88D03EF32D47A8DE00FDAE42 /* UserFavorite.swift */ = {isa = PBXFileReference; fileEncoding = 4; lastKnownFileType = sourcecode.swift; path = UserFavorite.swift; sourceTree = "<group>"; };
		88D03EF42D47A8DE00FDAE42 /* Banner.swift */ = {isa = PBXFileReference; fileEncoding = 4; lastKnownFileType = sourcecode.swift; path = Banner.swift; sourceTree = "<group>"; };
		88D03EF62D47A8DE00FDAE42 /* ViewModifiers.swift */ = {isa = PBXFileReference; fileEncoding = 4; lastKnownFileType = sourcecode.swift; path = ViewModifiers.swift; sourceTree = "<group>"; };
		88D03EF82D47A8DE00FDAE42 /* CustomTextField.swift */ = {isa = PBXFileReference; fileEncoding = 4; lastKnownFileType = sourcecode.swift; path = CustomTextField.swift; sourceTree = "<group>"; };
		88D03EF92D47A8DE00FDAE42 /* ProductCardView.swift */ = {isa = PBXFileReference; fileEncoding = 4; lastKnownFileType = sourcecode.swift; path = ProductCardView.swift; sourceTree = "<group>"; };
		88D03EFA2D47A8DE00FDAE42 /* SharedViews.swift */ = {isa = PBXFileReference; fileEncoding = 4; lastKnownFileType = sourcecode.swift; path = SharedViews.swift; sourceTree = "<group>"; };
		88D03EFB2D47A8DE00FDAE42 /* ErrorView.swift */ = {isa = PBXFileReference; fileEncoding = 4; lastKnownFileType = sourcecode.swift; path = ErrorView.swift; sourceTree = "<group>"; };
		88D03EFD2D47A8DE00FDAE42 /* ServiceProtocols.swift */ = {isa = PBXFileReference; fileEncoding = 4; lastKnownFileType = sourcecode.swift; path = ServiceProtocols.swift; sourceTree = "<group>"; };
		88D03EFF2D47A8DE00FDAE42 /* ShippingService.swift */ = {isa = PBXFileReference; fileEncoding = 4; lastKnownFileType = sourcecode.swift; path = ShippingService.swift; sourceTree = "<group>"; };
		88D03F002D47A8DE00FDAE42 /* ImageCacheService.swift */ = {isa = PBXFileReference; fileEncoding = 4; lastKnownFileType = sourcecode.swift; path = ImageCacheService.swift; sourceTree = "<group>"; };
		88D03F012D47A8DE00FDAE42 /* FavoritesService.swift */ = {isa = PBXFileReference; fileEncoding = 4; lastKnownFileType = sourcecode.swift; path = FavoritesService.swift; sourceTree = "<group>"; };
		88D03F022D47A8DE00FDAE42 /* PaymentService.swift */ = {isa = PBXFileReference; fileEncoding = 4; lastKnownFileType = sourcecode.swift; path = PaymentService.swift; sourceTree = "<group>"; };
		88D03F032D47A8DE00FDAE42 /* AuthService.swift */ = {isa = PBXFileReference; fileEncoding = 4; lastKnownFileType = sourcecode.swift; path = AuthService.swift; sourceTree = "<group>"; };
		88D03F042D47A8DE00FDAE42 /* ProductFilterService.swift */ = {isa = PBXFileReference; fileEncoding = 4; lastKnownFileType = sourcecode.swift; path = ProductFilterService.swift; sourceTree = "<group>"; };
		88D03F052D47A8DE00FDAE42 /* CartService.swift */ = {isa = PBXFileReference; fileEncoding = 4; lastKnownFileType = sourcecode.swift; path = CartService.swift; sourceTree = "<group>"; };
		88D03F062D47A8DE00FDAE42 /* FirestoreService.swift */ = {isa = PBXFileReference; fileEncoding = 4; lastKnownFileType = sourcecode.swift; path = FirestoreService.swift; sourceTree = "<group>"; };
		88D03F082D47A8DE00FDAE42 /* GemStoreApp.swift */ = {isa = PBXFileReference; fileEncoding = 4; lastKnownFileType = sourcecode.swift; path = GemStoreApp.swift; sourceTree = "<group>"; };
		88D03F0C2D47A8DE00FDAE42 /* HomeViewModel.swift */ = {isa = PBXFileReference; fileEncoding = 4; lastKnownFileType = sourcecode.swift; path = HomeViewModel.swift; sourceTree = "<group>"; };
		88D03F0D2D47A8DE00FDAE42 /* BannerProductsViewModel.swift */ = {isa = PBXFileReference; fileEncoding = 4; lastKnownFileType = sourcecode.swift; path = BannerProductsViewModel.swift; sourceTree = "<group>"; };
		88D03F0F2D47A8DE00FDAE42 /* ProductCard.swift */ = {isa = PBXFileReference; fileEncoding = 4; lastKnownFileType = sourcecode.swift; path = ProductCard.swift; sourceTree = "<group>"; };
		88D03F112D47A8DE00FDAE42 /* ProductSection.swift */ = {isa = PBXFileReference; fileEncoding = 4; lastKnownFileType = sourcecode.swift; path = ProductSection.swift; sourceTree = "<group>"; };
		88D03F122D47A8DE00FDAE42 /* HomeCategorySection.swift */ = {isa = PBXFileReference; fileEncoding = 4; lastKnownFileType = sourcecode.swift; path = HomeCategorySection.swift; sourceTree = "<group>"; };
		88D03F132D47A8DE00FDAE42 /* BannerView.swift */ = {isa = PBXFileReference; fileEncoding = 4; lastKnownFileType = sourcecode.swift; path = BannerView.swift; sourceTree = "<group>"; };
		88D03F142D47A8DE00FDAE42 /* HomeView.swift */ = {isa = PBXFileReference; fileEncoding = 4; lastKnownFileType = sourcecode.swift; path = HomeView.swift; sourceTree = "<group>"; };
		88D03F172D47A8DE00FDAE42 /* CollectionProductsViewModel.swift */ = {isa = PBXFileReference; fileEncoding = 4; lastKnownFileType = sourcecode.swift; path = CollectionProductsViewModel.swift; sourceTree = "<group>"; };
		88D03F192D47A8DE00FDAE42 /* CollectionProductsView.swift */ = {isa = PBXFileReference; fileEncoding = 4; lastKnownFileType = sourcecode.swift; path = CollectionProductsView.swift; sourceTree = "<group>"; };
		88D03F1C2D47A8DE00FDAE42 /* DiscoverViewModel.swift */ = {isa = PBXFileReference; fileEncoding = 4; lastKnownFileType = sourcecode.swift; path = DiscoverViewModel.swift; sourceTree = "<group>"; };
		88D03F1E2D47A8DE00FDAE42 /* SubcategoryCell.swift */ = {isa = PBXFileReference; fileEncoding = 4; lastKnownFileType = sourcecode.swift; path = SubcategoryCell.swift; sourceTree = "<group>"; };
		88D03F1F2D47A8DE00FDAE42 /* CategoryCell.swift */ = {isa = PBXFileReference; fileEncoding = 4; lastKnownFileType = sourcecode.swift; path = CategoryCell.swift; sourceTree = "<group>"; };
		88D03F202D47A8DE00FDAE42 /* ProductsViewController.swift */ = {isa = PBXFileReference; fileEncoding = 4; lastKnownFileType = sourcecode.swift; path = ProductsViewController.swift; sourceTree = "<group>"; };
		88D03F212D47A8DE00FDAE42 /* DiscoverViewController.swift */ = {isa = PBXFileReference; fileEncoding = 4; lastKnownFileType = sourcecode.swift; path = DiscoverViewController.swift; sourceTree = "<group>"; };
		88D03F222D47A8DE00FDAE42 /* ProductCell.swift */ = {isa = PBXFileReference; fileEncoding = 4; lastKnownFileType = sourcecode.swift; path = ProductCell.swift; sourceTree = "<group>"; };
		88D03F242D47A8DE00FDAE42 /* DiscoverSearchView.swift */ = {isa = PBXFileReference; fileEncoding = 4; lastKnownFileType = sourcecode.swift; path = DiscoverSearchView.swift; sourceTree = "<group>"; };
		88D03F252D47A8DE00FDAE42 /* DiscoverEmptyStateView.swift */ = {isa = PBXFileReference; fileEncoding = 4; lastKnownFileType = sourcecode.swift; path = DiscoverEmptyStateView.swift; sourceTree = "<group>"; };
		88D03F282D47A8DE00FDAE42 /* LoginViewModel.swift */ = {isa = PBXFileReference; fileEncoding = 4; lastKnownFileType = sourcecode.swift; path = LoginViewModel.swift; sourceTree = "<group>"; };
		88D03F292D47A8DE00FDAE42 /* SignUpViewModel.swift */ = {isa = PBXFileReference; fileEncoding = 4; lastKnownFileType = sourcecode.swift; path = SignUpViewModel.swift; sourceTree = "<group>"; };
		88D03F2A2D47A8DE00FDAE42 /* AuthViewModel.swift */ = {isa = PBXFileReference; fileEncoding = 4; lastKnownFileType = sourcecode.swift; path = AuthViewModel.swift; sourceTree = "<group>"; };
		88D03F2C2D47A8DE00FDAE42 /* SignUpViewController.swift */ = {isa = PBXFileReference; fileEncoding = 4; lastKnownFileType = sourcecode.swift; path = SignUpViewController.swift; sourceTree = "<group>"; };
		88D03F2D2D47A8DE00FDAE42 /* LoginViewController.swift */ = {isa = PBXFileReference; fileEncoding = 4; lastKnownFileType = sourcecode.swift; path = LoginViewController.swift; sourceTree = "<group>"; };
		88D03F302D47A8DE00FDAE42 /* PaymentViewModel.swift */ = {isa = PBXFileReference; fileEncoding = 4; lastKnownFileType = sourcecode.swift; path = PaymentViewModel.swift; sourceTree = "<group>"; };
		88D03F312D47A8DE00FDAE42 /* AddCardViewModel.swift */ = {isa = PBXFileReference; fileEncoding = 4; lastKnownFileType = sourcecode.swift; path = AddCardViewModel.swift; sourceTree = "<group>"; };
		88D03F332D47A8DE00FDAE42 /* PaymentCard.swift */ = {isa = PBXFileReference; fileEncoding = 4; lastKnownFileType = sourcecode.swift; path = PaymentCard.swift; sourceTree = "<group>"; };
		88D03F352D47A8DE00FDAE42 /* PaymentView.swift */ = {isa = PBXFileReference; fileEncoding = 4; lastKnownFileType = sourcecode.swift; path = PaymentView.swift; sourceTree = "<group>"; };
		88D03F362D47A8DE00FDAE42 /* PaymentMethodButton.swift */ = {isa = PBXFileReference; fileEncoding = 4; lastKnownFileType = sourcecode.swift; path = PaymentMethodButton.swift; sourceTree = "<group>"; };
		88D03F372D47A8DE00FDAE42 /* AddCardView.swift */ = {isa = PBXFileReference; fileEncoding = 4; lastKnownFileType = sourcecode.swift; path = AddCardView.swift; sourceTree = "<group>"; };
		88D03F382D47A8DE00FDAE42 /* PaymentCardView.swift */ = {isa = PBXFileReference; fileEncoding = 4; lastKnownFileType = sourcecode.swift; path = PaymentCardView.swift; sourceTree = "<group>"; };
		88D03F452D47A8DE00FDAE42 /* WishlistViewModel.swift */ = {isa = PBXFileReference; fileEncoding = 4; lastKnownFileType = sourcecode.swift; path = WishlistViewModel.swift; sourceTree = "<group>"; };
		88D03F462D47A8DE00FDAE42 /* ProfileViewModel.swift */ = {isa = PBXFileReference; fileEncoding = 4; lastKnownFileType = sourcecode.swift; path = ProfileViewModel.swift; sourceTree = "<group>"; };
		88D03F482D47A8DE00FDAE42 /* WishlistViewController.swift */ = {isa = PBXFileReference; fileEncoding = 4; lastKnownFileType = sourcecode.swift; path = WishlistViewController.swift; sourceTree = "<group>"; };
		88D03F492D47A8DE00FDAE42 /* ProfileView.swift */ = {isa = PBXFileReference; fileEncoding = 4; lastKnownFileType = sourcecode.swift; path = ProfileView.swift; sourceTree = "<group>"; };
		88D03F4A2D47A8DE00FDAE42 /* WishlistViewControllerWrapper.swift */ = {isa = PBXFileReference; fileEncoding = 4; lastKnownFileType = sourcecode.swift; path = WishlistViewControllerWrapper.swift; sourceTree = "<group>"; };
		88D03F4D2D47A8DE00FDAE42 /* ProductDetailsViewModel.swift */ = {isa = PBXFileReference; fileEncoding = 4; lastKnownFileType = sourcecode.swift; path = ProductDetailsViewModel.swift; sourceTree = "<group>"; };
		88D03F4F2D47A8DE00FDAE42 /* ProductDetailsViewController.swift */ = {isa = PBXFileReference; fileEncoding = 4; lastKnownFileType = sourcecode.swift; path = ProductDetailsViewController.swift; sourceTree = "<group>"; };
		88D03F522D47A8DE00FDAE42 /* CartViewModel.swift */ = {isa = PBXFileReference; fileEncoding = 4; lastKnownFileType = sourcecode.swift; path = CartViewModel.swift; sourceTree = "<group>"; };
		88D03F542D47A8DE00FDAE42 /* CartView.swift */ = {isa = PBXFileReference; fileEncoding = 4; lastKnownFileType = sourcecode.swift; path = CartView.swift; sourceTree = "<group>"; };
		88D03F572D47A8DE00FDAE42 /* FilterViewModel.swift */ = {isa = PBXFileReference; fileEncoding = 4; lastKnownFileType = sourcecode.swift; path = FilterViewModel.swift; sourceTree = "<group>"; };
		88D03F592D47A8DE00FDAE42 /* FilterOptions.swift */ = {isa = PBXFileReference; fileEncoding = 4; lastKnownFileType = sourcecode.swift; path = FilterOptions.swift; sourceTree = "<group>"; };
		88D03F5B2D47A8DE00FDAE42 /* FilterViewController.swift */ = {isa = PBXFileReference; fileEncoding = 4; lastKnownFileType = sourcecode.swift; path = FilterViewController.swift; sourceTree = "<group>"; };
		88D03F5D2D47A8DE00FDAE42 /* MainTabView.swift */ = {isa = PBXFileReference; fileEncoding = 4; lastKnownFileType = sourcecode.swift; path = MainTabView.swift; sourceTree = "<group>"; };
		88D03FA72D47C16200FDAE42 /* CheckoutViewModel.swift */ = {isa = PBXFileReference; fileEncoding = 4; lastKnownFileType = sourcecode.swift; path = CheckoutViewModel.swift; sourceTree = "<group>"; };
		88D03FA82D47C16200FDAE42 /* OrderCompletedViewModel.swift */ = {isa = PBXFileReference; fileEncoding = 4; lastKnownFileType = sourcecode.swift; path = OrderCompletedViewModel.swift; sourceTree = "<group>"; };
		88D03FA92D47C16200FDAE42 /* CheckoutPaymentViewModel.swift */ = {isa = PBXFileReference; fileEncoding = 4; lastKnownFileType = sourcecode.swift; path = CheckoutPaymentViewModel.swift; sourceTree = "<group>"; };
		88D03FAB2D47C16200FDAE42 /* ShippingMethod.swift */ = {isa = PBXFileReference; fileEncoding = 4; lastKnownFileType = sourcecode.swift; path = ShippingMethod.swift; sourceTree = "<group>"; };
		88D03FAD2D47C16200FDAE42 /* CheckoutView.swift */ = {isa = PBXFileReference; fileEncoding = 4; lastKnownFileType = sourcecode.swift; path = CheckoutView.swift; sourceTree = "<group>"; };
		88D03FAE2D47C16200FDAE42 /* CheckoutPaymentView.swift */ = {isa = PBXFileReference; fileEncoding = 4; lastKnownFileType = sourcecode.swift; path = CheckoutPaymentView.swift; sourceTree = "<group>"; };
		88D03FAF2D47C16200FDAE42 /* CheckoutComponents.swift */ = {isa = PBXFileReference; fileEncoding = 4; lastKnownFileType = sourcecode.swift; path = CheckoutComponents.swift; sourceTree = "<group>"; };
		88D03FB02D47C16200FDAE42 /* OrderCompletedView.swift */ = {isa = PBXFileReference; fileEncoding = 4; lastKnownFileType = sourcecode.swift; path = OrderCompletedView.swift; sourceTree = "<group>"; };
		88D03FBB2D47CC3800FDAE42 /* OrdersViewModel.swift */ = {isa = PBXFileReference; fileEncoding = 4; lastKnownFileType = sourcecode.swift; path = OrdersViewModel.swift; sourceTree = "<group>"; };
		88D03FBD2D47CC3800FDAE42 /* Order.swift */ = {isa = PBXFileReference; fileEncoding = 4; lastKnownFileType = sourcecode.swift; path = Order.swift; sourceTree = "<group>"; };
		88D03FBF2D47CC3800FDAE42 /* OrdersViewController.swift */ = {isa = PBXFileReference; fileEncoding = 4; lastKnownFileType = sourcecode.swift; path = OrdersViewController.swift; sourceTree = "<group>"; };
		88D03FC02D47CC3800FDAE42 /* OrderCell.swift */ = {isa = PBXFileReference; fileEncoding = 4; lastKnownFileType = sourcecode.swift; path = OrderCell.swift; sourceTree = "<group>"; };
		88D03FC22D47CC3800FDAE42 /* OrdersService.swift */ = {isa = PBXFileReference; fileEncoding = 4; lastKnownFileType = sourcecode.swift; path = OrdersService.swift; sourceTree = "<group>"; };
		88D03FC82D47CD7100FDAE42 /* OrdersViewControllerWrapper.swift */ = {isa = PBXFileReference; fileEncoding = 4; lastKnownFileType = sourcecode.swift; path = OrdersViewControllerWrapper.swift; sourceTree = "<group>"; };
/* End PBXFileReference section */

/* Begin PBXFrameworksBuildPhase section */
		8804559A2D3094AB0098EAD5 /* Frameworks */ = {
			isa = PBXFrameworksBuildPhase;
			buildActionMask = 2147483647;
			files = (
				88DF7CA22D35EAA700745369 /* FirebaseAppCheck in Frameworks */,
				88DF7C9C2D35EAA700745369 /* FirebaseAnalytics in Frameworks */,
				88DF7CA42D35EAA700745369 /* FirebaseAppDistribution-Beta in Frameworks */,
				88DF7CA02D35EAA700745369 /* FirebaseAnalyticsWithoutAdIdSupport in Frameworks */,
				88DF7CA92D35EADB00745369 /* FirebaseStorage in Frameworks */,
				88B785512D36A2640066B394 /* GoogleSignInSwift in Frameworks */,
				88DF7CA72D35EAD400745369 /* FirebaseCore in Frameworks */,
				88DF7C9E2D35EAA700745369 /* FirebaseAnalyticsOnDeviceConversion in Frameworks */,
				88B7854C2D36A16C0066B394 /* FirebaseAuth in Frameworks */,
				885F1CC92D37F9F30090DCD6 /* FirebaseFirestore in Frameworks */,
				88B7854F2D36A2640066B394 /* GoogleSignIn in Frameworks */,
			);
			runOnlyForDeploymentPostprocessing = 0;
		};
/* End PBXFrameworksBuildPhase section */

/* Begin PBXGroup section */
		880455942D3094AB0098EAD5 = {
			isa = PBXGroup;
			children = (
				8804559F2D3094AB0098EAD5 /* Ecommerce */,
				8804559E2D3094AB0098EAD5 /* Products */,
				88DF7CA52D35EAD400745369 /* Frameworks */,
			);
			sourceTree = "<group>";
		};
		8804559E2D3094AB0098EAD5 /* Products */ = {
			isa = PBXGroup;
			children = (
				8804559D2D3094AB0098EAD5 /* Ecommerce.app */,
			);
			name = Products;
			sourceTree = "<group>";
		};
		8804559F2D3094AB0098EAD5 /* Ecommerce */ = {
			isa = PBXGroup;
			children = (
				88D03EE92D47A8DE00FDAE42 /* GemStore */,
				880455A42D3094AE0098EAD5 /* Assets.xcassets */,
				88B786152D36B26F0066B394 /* Info.plist */,
				88B785522D36A3720066B394 /* GoogleService-Info.plist */,
				880455A62D3094AE0098EAD5 /* Preview Content */,
			);
			path = Ecommerce;
			sourceTree = "<group>";
		};
		880455A62D3094AE0098EAD5 /* Preview Content */ = {
			isa = PBXGroup;
			children = (
				880455A72D3094AE0098EAD5 /* Preview Assets.xcassets */,
			);
			path = "Preview Content";
			sourceTree = "<group>";
		};
		88D03EE92D47A8DE00FDAE42 /* GemStore */ = {
			isa = PBXGroup;
			children = (
				88D03EEA2D47A8DE00FDAE42 /* Core */,
				88D03F072D47A8DE00FDAE42 /* App */,
				88D03F092D47A8DE00FDAE42 /* Features */,
			);
			path = GemStore;
			sourceTree = "<group>";
		};
		88D03EEA2D47A8DE00FDAE42 /* Core */ = {
			isa = PBXGroup;
			children = (
				88D03EEB2D47A8DE00FDAE42 /* Repositories */,
				88D03EED2D47A8DE00FDAE42 /* Models */,
				88D03EF52D47A8DE00FDAE42 /* Extensions */,
				88D03EF72D47A8DE00FDAE42 /* Views */,
				88D03EFC2D47A8DE00FDAE42 /* Protocols */,
				88D03EFE2D47A8DE00FDAE42 /* Services */,
			);
			path = Core;
			sourceTree = "<group>";
		};
		88D03EEB2D47A8DE00FDAE42 /* Repositories */ = {
			isa = PBXGroup;
			children = (
				88D03EEC2D47A8DE00FDAE42 /* FirestoreRepository.swift */,
			);
			path = Repositories;
			sourceTree = "<group>";
		};
		88D03EED2D47A8DE00FDAE42 /* Models */ = {
			isa = PBXGroup;
			children = (
				88D03EEE2D47A8DE00FDAE42 /* AuthError.swift */,
				88D03EEF2D47A8DE00FDAE42 /* CollectionType.swift */,
				88D03EF02D47A8DE00FDAE42 /* CartItem.swift */,
				88D03EF12D47A8DE00FDAE42 /* Category.swift */,
				88D03EF22D47A8DE00FDAE42 /* Product.swift */,
				88D03EF32D47A8DE00FDAE42 /* UserFavorite.swift */,
				88D03EF42D47A8DE00FDAE42 /* Banner.swift */,
			);
			path = Models;
			sourceTree = "<group>";
		};
		88D03EF52D47A8DE00FDAE42 /* Extensions */ = {
			isa = PBXGroup;
			children = (
				88D03EF62D47A8DE00FDAE42 /* ViewModifiers.swift */,
			);
			path = Extensions;
			sourceTree = "<group>";
		};
		88D03EF72D47A8DE00FDAE42 /* Views */ = {
			isa = PBXGroup;
			children = (
				88D03EF82D47A8DE00FDAE42 /* CustomTextField.swift */,
				88D03EF92D47A8DE00FDAE42 /* ProductCardView.swift */,
				88D03EFA2D47A8DE00FDAE42 /* SharedViews.swift */,
				88D03EFB2D47A8DE00FDAE42 /* ErrorView.swift */,
			);
			path = Views;
			sourceTree = "<group>";
		};
		88D03EFC2D47A8DE00FDAE42 /* Protocols */ = {
			isa = PBXGroup;
			children = (
				88D03EFD2D47A8DE00FDAE42 /* ServiceProtocols.swift */,
			);
			path = Protocols;
			sourceTree = "<group>";
		};
		88D03EFE2D47A8DE00FDAE42 /* Services */ = {
			isa = PBXGroup;
			children = (
				88D03EFF2D47A8DE00FDAE42 /* ShippingService.swift */,
				88D03F002D47A8DE00FDAE42 /* ImageCacheService.swift */,
				88D03F012D47A8DE00FDAE42 /* FavoritesService.swift */,
				88D03F022D47A8DE00FDAE42 /* PaymentService.swift */,
				88D03F032D47A8DE00FDAE42 /* AuthService.swift */,
				88D03F042D47A8DE00FDAE42 /* ProductFilterService.swift */,
				88D03F052D47A8DE00FDAE42 /* CartService.swift */,
				88D03F062D47A8DE00FDAE42 /* FirestoreService.swift */,
			);
			path = Services;
			sourceTree = "<group>";
		};
		88D03F072D47A8DE00FDAE42 /* App */ = {
			isa = PBXGroup;
			children = (
				88D03F082D47A8DE00FDAE42 /* GemStoreApp.swift */,
			);
			path = App;
			sourceTree = "<group>";
		};
		88D03F092D47A8DE00FDAE42 /* Features */ = {
			isa = PBXGroup;
			children = (
				88D03FB92D47CC3800FDAE42 /* Orders */,
				88D03FA52D47C16200FDAE42 /* Checkout */,
				88D03F0A2D47A8DE00FDAE42 /* Home */,
				88D03F152D47A8DE00FDAE42 /* Collection */,
				88D03F1A2D47A8DE00FDAE42 /* Discover */,
				88D03F262D47A8DE00FDAE42 /* Auth */,
				88D03F2E2D47A8DE00FDAE42 /* Payment */,
				88D03F432D47A8DE00FDAE42 /* Profile */,
				88D03F4B2D47A8DE00FDAE42 /* ProductDetails */,
				88D03F502D47A8DE00FDAE42 /* Cart */,
				88D03F552D47A8DE00FDAE42 /* Filter */,
				88D03F5C2D47A8DE00FDAE42 /* Main */,
			);
			path = Features;
			sourceTree = "<group>";
		};
		88D03F0A2D47A8DE00FDAE42 /* Home */ = {
			isa = PBXGroup;
			children = (
				88D03F0B2D47A8DE00FDAE42 /* ViewModels */,
				88D03F0E2D47A8DE00FDAE42 /* Components */,
				88D03F102D47A8DE00FDAE42 /* Views */,
			);
			path = Home;
			sourceTree = "<group>";
		};
		88D03F0B2D47A8DE00FDAE42 /* ViewModels */ = {
			isa = PBXGroup;
			children = (
				88D03F0C2D47A8DE00FDAE42 /* HomeViewModel.swift */,
				88D03F0D2D47A8DE00FDAE42 /* BannerProductsViewModel.swift */,
			);
			path = ViewModels;
			sourceTree = "<group>";
		};
		88D03F0E2D47A8DE00FDAE42 /* Components */ = {
			isa = PBXGroup;
			children = (
				88D03F0F2D47A8DE00FDAE42 /* ProductCard.swift */,
			);
			path = Components;
			sourceTree = "<group>";
		};
		88D03F102D47A8DE00FDAE42 /* Views */ = {
			isa = PBXGroup;
			children = (
				88D03F112D47A8DE00FDAE42 /* ProductSection.swift */,
				88D03F122D47A8DE00FDAE42 /* HomeCategorySection.swift */,
				88D03F132D47A8DE00FDAE42 /* BannerView.swift */,
				88D03F142D47A8DE00FDAE42 /* HomeView.swift */,
			);
			path = Views;
			sourceTree = "<group>";
		};
		88D03F152D47A8DE00FDAE42 /* Collection */ = {
			isa = PBXGroup;
			children = (
				88D03F162D47A8DE00FDAE42 /* ViewModels */,
				88D03F182D47A8DE00FDAE42 /* Views */,
			);
			path = Collection;
			sourceTree = "<group>";
		};
		88D03F162D47A8DE00FDAE42 /* ViewModels */ = {
			isa = PBXGroup;
			children = (
				88D03F172D47A8DE00FDAE42 /* CollectionProductsViewModel.swift */,
			);
			path = ViewModels;
			sourceTree = "<group>";
		};
		88D03F182D47A8DE00FDAE42 /* Views */ = {
			isa = PBXGroup;
			children = (
				88D03F192D47A8DE00FDAE42 /* CollectionProductsView.swift */,
			);
			path = Views;
			sourceTree = "<group>";
		};
		88D03F1A2D47A8DE00FDAE42 /* Discover */ = {
			isa = PBXGroup;
			children = (
				88D03F1B2D47A8DE00FDAE42 /* ViewModels */,
				88D03F1D2D47A8DE00FDAE42 /* Views */,
			);
			path = Discover;
			sourceTree = "<group>";
		};
		88D03F1B2D47A8DE00FDAE42 /* ViewModels */ = {
			isa = PBXGroup;
			children = (
				88D03F1C2D47A8DE00FDAE42 /* DiscoverViewModel.swift */,
			);
			path = ViewModels;
			sourceTree = "<group>";
		};
		88D03F1D2D47A8DE00FDAE42 /* Views */ = {
			isa = PBXGroup;
			children = (
				88D03F1E2D47A8DE00FDAE42 /* SubcategoryCell.swift */,
				88D03F1F2D47A8DE00FDAE42 /* CategoryCell.swift */,
				88D03F202D47A8DE00FDAE42 /* ProductsViewController.swift */,
				88D03F212D47A8DE00FDAE42 /* DiscoverViewController.swift */,
				88D03F222D47A8DE00FDAE42 /* ProductCell.swift */,
				88D03F232D47A8DE00FDAE42 /* Components */,
			);
			path = Views;
			sourceTree = "<group>";
		};
		88D03F232D47A8DE00FDAE42 /* Components */ = {
			isa = PBXGroup;
			children = (
				88D03F242D47A8DE00FDAE42 /* DiscoverSearchView.swift */,
				88D03F252D47A8DE00FDAE42 /* DiscoverEmptyStateView.swift */,
			);
			path = Components;
			sourceTree = "<group>";
		};
		88D03F262D47A8DE00FDAE42 /* Auth */ = {
			isa = PBXGroup;
			children = (
				88D03F272D47A8DE00FDAE42 /* ViewModels */,
				88D03F2B2D47A8DE00FDAE42 /* Views */,
			);
			path = Auth;
			sourceTree = "<group>";
		};
		88D03F272D47A8DE00FDAE42 /* ViewModels */ = {
			isa = PBXGroup;
			children = (
				88D03F282D47A8DE00FDAE42 /* LoginViewModel.swift */,
				88D03F292D47A8DE00FDAE42 /* SignUpViewModel.swift */,
				88D03F2A2D47A8DE00FDAE42 /* AuthViewModel.swift */,
			);
			path = ViewModels;
			sourceTree = "<group>";
		};
		88D03F2B2D47A8DE00FDAE42 /* Views */ = {
			isa = PBXGroup;
			children = (
				88D03F2C2D47A8DE00FDAE42 /* SignUpViewController.swift */,
				88D03F2D2D47A8DE00FDAE42 /* LoginViewController.swift */,
			);
			path = Views;
			sourceTree = "<group>";
		};
		88D03F2E2D47A8DE00FDAE42 /* Payment */ = {
			isa = PBXGroup;
			children = (
				88D03F2F2D47A8DE00FDAE42 /* ViewModels */,
				88D03F322D47A8DE00FDAE42 /* Models */,
				88D03F342D47A8DE00FDAE42 /* Views */,
			);
			path = Payment;
			sourceTree = "<group>";
		};
		88D03F2F2D47A8DE00FDAE42 /* ViewModels */ = {
			isa = PBXGroup;
			children = (
				88D03F302D47A8DE00FDAE42 /* PaymentViewModel.swift */,
				88D03F312D47A8DE00FDAE42 /* AddCardViewModel.swift */,
			);
			path = ViewModels;
			sourceTree = "<group>";
		};
		88D03F322D47A8DE00FDAE42 /* Models */ = {
			isa = PBXGroup;
			children = (
				88D03F332D47A8DE00FDAE42 /* PaymentCard.swift */,
			);
			path = Models;
			sourceTree = "<group>";
		};
		88D03F342D47A8DE00FDAE42 /* Views */ = {
			isa = PBXGroup;
			children = (
				88D03F352D47A8DE00FDAE42 /* PaymentView.swift */,
				88D03F362D47A8DE00FDAE42 /* PaymentMethodButton.swift */,
				88D03F372D47A8DE00FDAE42 /* AddCardView.swift */,
				88D03F382D47A8DE00FDAE42 /* PaymentCardView.swift */,
			);
			path = Views;
			sourceTree = "<group>";
		};
		88D03F432D47A8DE00FDAE42 /* Profile */ = {
			isa = PBXGroup;
			children = (
				88D03F442D47A8DE00FDAE42 /* ViewModels */,
				88D03F472D47A8DE00FDAE42 /* Views */,
			);
			path = Profile;
			sourceTree = "<group>";
		};
		88D03F442D47A8DE00FDAE42 /* ViewModels */ = {
			isa = PBXGroup;
			children = (
				88D03F452D47A8DE00FDAE42 /* WishlistViewModel.swift */,
				88D03F462D47A8DE00FDAE42 /* ProfileViewModel.swift */,
			);
			path = ViewModels;
			sourceTree = "<group>";
		};
		88D03F472D47A8DE00FDAE42 /* Views */ = {
			isa = PBXGroup;
			children = (
				88D03F482D47A8DE00FDAE42 /* WishlistViewController.swift */,
				88D03F492D47A8DE00FDAE42 /* ProfileView.swift */,
				88D03F4A2D47A8DE00FDAE42 /* WishlistViewControllerWrapper.swift */,
			);
			path = Views;
			sourceTree = "<group>";
		};
		88D03F4B2D47A8DE00FDAE42 /* ProductDetails */ = {
			isa = PBXGroup;
			children = (
				88D03F4C2D47A8DE00FDAE42 /* ViewModels */,
				88D03F4E2D47A8DE00FDAE42 /* Views */,
			);
			path = ProductDetails;
			sourceTree = "<group>";
		};
		88D03F4C2D47A8DE00FDAE42 /* ViewModels */ = {
			isa = PBXGroup;
			children = (
				88D03F4D2D47A8DE00FDAE42 /* ProductDetailsViewModel.swift */,
			);
			path = ViewModels;
			sourceTree = "<group>";
		};
		88D03F4E2D47A8DE00FDAE42 /* Views */ = {
			isa = PBXGroup;
			children = (
				88D03F4F2D47A8DE00FDAE42 /* ProductDetailsViewController.swift */,
			);
			path = Views;
			sourceTree = "<group>";
		};
		88D03F502D47A8DE00FDAE42 /* Cart */ = {
			isa = PBXGroup;
			children = (
				88D03F512D47A8DE00FDAE42 /* ViewModels */,
				88D03F532D47A8DE00FDAE42 /* Views */,
			);
			path = Cart;
			sourceTree = "<group>";
		};
		88D03F512D47A8DE00FDAE42 /* ViewModels */ = {
			isa = PBXGroup;
			children = (
				88D03F522D47A8DE00FDAE42 /* CartViewModel.swift */,
			);
			path = ViewModels;
			sourceTree = "<group>";
		};
		88D03F532D47A8DE00FDAE42 /* Views */ = {
			isa = PBXGroup;
			children = (
				88D03F542D47A8DE00FDAE42 /* CartView.swift */,
			);
			path = Views;
			sourceTree = "<group>";
		};
		88D03F552D47A8DE00FDAE42 /* Filter */ = {
			isa = PBXGroup;
			children = (
				88D03F562D47A8DE00FDAE42 /* ViewModels */,
				88D03F582D47A8DE00FDAE42 /* Models */,
				88D03F5A2D47A8DE00FDAE42 /* Views */,
			);
			path = Filter;
			sourceTree = "<group>";
		};
		88D03F562D47A8DE00FDAE42 /* ViewModels */ = {
			isa = PBXGroup;
			children = (
				88D03F572D47A8DE00FDAE42 /* FilterViewModel.swift */,
			);
			path = ViewModels;
			sourceTree = "<group>";
		};
		88D03F582D47A8DE00FDAE42 /* Models */ = {
			isa = PBXGroup;
			children = (
				88D03F592D47A8DE00FDAE42 /* FilterOptions.swift */,
			);
			path = Models;
			sourceTree = "<group>";
		};
		88D03F5A2D47A8DE00FDAE42 /* Views */ = {
			isa = PBXGroup;
			children = (
				88D03F5B2D47A8DE00FDAE42 /* FilterViewController.swift */,
			);
			path = Views;
			sourceTree = "<group>";
		};
		88D03F5C2D47A8DE00FDAE42 /* Main */ = {
			isa = PBXGroup;
			children = (
				88D03F5D2D47A8DE00FDAE42 /* MainTabView.swift */,
			);
			path = Main;
			sourceTree = "<group>";
		};
		88D03FA52D47C16200FDAE42 /* Checkout */ = {
			isa = PBXGroup;
			children = (
				88D03FA62D47C16200FDAE42 /* ViewModels */,
				88D03FAA2D47C16200FDAE42 /* Models */,
				88D03FAC2D47C16200FDAE42 /* Views */,
			);
			path = Checkout;
			sourceTree = "<group>";
		};
		88D03FA62D47C16200FDAE42 /* ViewModels */ = {
			isa = PBXGroup;
			children = (
				88D03FA72D47C16200FDAE42 /* CheckoutViewModel.swift */,
				88D03FA82D47C16200FDAE42 /* OrderCompletedViewModel.swift */,
				88D03FA92D47C16200FDAE42 /* CheckoutPaymentViewModel.swift */,
			);
			path = ViewModels;
			sourceTree = "<group>";
		};
		88D03FAA2D47C16200FDAE42 /* Models */ = {
			isa = PBXGroup;
			children = (
				88D03FAB2D47C16200FDAE42 /* ShippingMethod.swift */,
			);
			path = Models;
			sourceTree = "<group>";
		};
		88D03FAC2D47C16200FDAE42 /* Views */ = {
			isa = PBXGroup;
			children = (
				88D03FAD2D47C16200FDAE42 /* CheckoutView.swift */,
				88D03FAE2D47C16200FDAE42 /* CheckoutPaymentView.swift */,
				88D03FAF2D47C16200FDAE42 /* CheckoutComponents.swift */,
				88D03FB02D47C16200FDAE42 /* OrderCompletedView.swift */,
			);
			path = Views;
			sourceTree = "<group>";
		};
		88D03FB92D47CC3800FDAE42 /* Orders */ = {
			isa = PBXGroup;
			children = (
				88D03FBA2D47CC3800FDAE42 /* ViewModels */,
				88D03FBC2D47CC3800FDAE42 /* Models */,
				88D03FBE2D47CC3800FDAE42 /* Views */,
				88D03FC12D47CC3800FDAE42 /* Services */,
			);
			path = Orders;
			sourceTree = "<group>";
		};
		88D03FBA2D47CC3800FDAE42 /* ViewModels */ = {
			isa = PBXGroup;
			children = (
				88D03FBB2D47CC3800FDAE42 /* OrdersViewModel.swift */,
			);
			path = ViewModels;
			sourceTree = "<group>";
		};
		88D03FBC2D47CC3800FDAE42 /* Models */ = {
			isa = PBXGroup;
			children = (
				88D03FBD2D47CC3800FDAE42 /* Order.swift */,
			);
			path = Models;
			sourceTree = "<group>";
		};
		88D03FBE2D47CC3800FDAE42 /* Views */ = {
			isa = PBXGroup;
			children = (
				88D03FBF2D47CC3800FDAE42 /* OrdersViewController.swift */,
				88D03FC02D47CC3800FDAE42 /* OrderCell.swift */,
				88D03FC82D47CD7100FDAE42 /* OrdersViewControllerWrapper.swift */,
			);
			path = Views;
			sourceTree = "<group>";
		};
		88D03FC12D47CC3800FDAE42 /* Services */ = {
			isa = PBXGroup;
			children = (
				88D03FC22D47CC3800FDAE42 /* OrdersService.swift */,
			);
			path = Services;
			sourceTree = "<group>";
		};
		88DF7CA52D35EAD400745369 /* Frameworks */ = {
			isa = PBXGroup;
			children = (
			);
			name = Frameworks;
			sourceTree = "<group>";
		};
/* End PBXGroup section */

/* Begin PBXNativeTarget section */
		8804559C2D3094AB0098EAD5 /* Ecommerce */ = {
			isa = PBXNativeTarget;
			buildConfigurationList = 880455AB2D3094AE0098EAD5 /* Build configuration list for PBXNativeTarget "Ecommerce" */;
			buildPhases = (
				880455992D3094AB0098EAD5 /* Sources */,
				8804559A2D3094AB0098EAD5 /* Frameworks */,
				8804559B2D3094AB0098EAD5 /* Resources */,
			);
			buildRules = (
			);
			dependencies = (
			);
			name = Ecommerce;
			packageProductDependencies = (
				88DF7C9B2D35EAA700745369 /* FirebaseAnalytics */,
				88DF7C9D2D35EAA700745369 /* FirebaseAnalyticsOnDeviceConversion */,
				88DF7C9F2D35EAA700745369 /* FirebaseAnalyticsWithoutAdIdSupport */,
				88DF7CA12D35EAA700745369 /* FirebaseAppCheck */,
				88DF7CA32D35EAA700745369 /* FirebaseAppDistribution-Beta */,
				88DF7CA62D35EAD400745369 /* FirebaseCore */,
				88DF7CA82D35EADB00745369 /* FirebaseStorage */,
				88B7854B2D36A16C0066B394 /* FirebaseAuth */,
				88B7854E2D36A2640066B394 /* GoogleSignIn */,
				88B785502D36A2640066B394 /* GoogleSignInSwift */,
				885F1CC82D37F9F30090DCD6 /* FirebaseFirestore */,
			);
			productName = Ecommerce;
			productReference = 8804559D2D3094AB0098EAD5 /* Ecommerce.app */;
			productType = "com.apple.product-type.application";
		};
/* End PBXNativeTarget section */

/* Begin PBXProject section */
		880455952D3094AB0098EAD5 /* Project object */ = {
			isa = PBXProject;
			attributes = {
				BuildIndependentTargetsInParallel = 1;
				LastSwiftUpdateCheck = 1510;
				LastUpgradeCheck = 1510;
				TargetAttributes = {
					8804559C2D3094AB0098EAD5 = {
						CreatedOnToolsVersion = 15.1;
					};
				};
			};
			buildConfigurationList = 880455982D3094AB0098EAD5 /* Build configuration list for PBXProject "Ecommerce" */;
			compatibilityVersion = "Xcode 14.0";
			developmentRegion = en;
			hasScannedForEncodings = 0;
			knownRegions = (
				en,
				Base,
			);
			mainGroup = 880455942D3094AB0098EAD5;
			packageReferences = (
				88DF7C9A2D35EAA700745369 /* XCRemoteSwiftPackageReference "firebase-ios-sdk" */,
				88B7854D2D36A2640066B394 /* XCRemoteSwiftPackageReference "GoogleSignIn-iOS" */,
			);
			productRefGroup = 8804559E2D3094AB0098EAD5 /* Products */;
			projectDirPath = "";
			projectRoot = "";
			targets = (
				8804559C2D3094AB0098EAD5 /* Ecommerce */,
			);
		};
/* End PBXProject section */

/* Begin PBXResourcesBuildPhase section */
		8804559B2D3094AB0098EAD5 /* Resources */ = {
			isa = PBXResourcesBuildPhase;
			buildActionMask = 2147483647;
			files = (
				880455A82D3094AE0098EAD5 /* Preview Assets.xcassets in Resources */,
				880455A52D3094AE0098EAD5 /* Assets.xcassets in Resources */,
				88B785532D36A3720066B394 /* GoogleService-Info.plist in Resources */,
			);
			runOnlyForDeploymentPostprocessing = 0;
		};
/* End PBXResourcesBuildPhase section */

/* Begin PBXSourcesBuildPhase section */
		880455992D3094AB0098EAD5 /* Sources */ = {
			isa = PBXSourcesBuildPhase;
			buildActionMask = 2147483647;
			files = (
				88D03F722D47A8DE00FDAE42 /* CartService.swift in Sources */,
				88D03FB82D47C16200FDAE42 /* OrderCompletedView.swift in Sources */,
				88D03F8C2D47A8DE00FDAE42 /* AddCardViewModel.swift in Sources */,
				88D03F782D47A8DE00FDAE42 /* ProductSection.swift in Sources */,
				88D03F5F2D47A8DE00FDAE42 /* AuthError.swift in Sources */,
				88D03F7B2D47A8DE00FDAE42 /* HomeView.swift in Sources */,
				88D03F622D47A8DE00FDAE42 /* Category.swift in Sources */,
				88D03FA42D47A8DE00FDAE42 /* MainTabView.swift in Sources */,
				88D03F862D47A8DE00FDAE42 /* LoginViewModel.swift in Sources */,
				88D03F822D47A8DE00FDAE42 /* DiscoverViewController.swift in Sources */,
				88D03F732D47A8DE00FDAE42 /* FirestoreService.swift in Sources */,
				88D03FC52D47CC3800FDAE42 /* OrdersViewController.swift in Sources */,
				88D03F812D47A8DE00FDAE42 /* ProductsViewController.swift in Sources */,
				88D03FC42D47CC3800FDAE42 /* Order.swift in Sources */,
				88D03FC72D47CC3800FDAE42 /* OrdersService.swift in Sources */,
				88D03FC92D47CD7100FDAE42 /* OrdersViewControllerWrapper.swift in Sources */,
				88D03F5E2D47A8DE00FDAE42 /* FirestoreRepository.swift in Sources */,
				88D03F662D47A8DE00FDAE42 /* ViewModifiers.swift in Sources */,
				88D03F672D47A8DE00FDAE42 /* CustomTextField.swift in Sources */,
				88D03FA32D47A8DE00FDAE42 /* FilterViewController.swift in Sources */,
				88D03F7E2D47A8DE00FDAE42 /* DiscoverViewModel.swift in Sources */,
				88D03F6E2D47A8DE00FDAE42 /* FavoritesService.swift in Sources */,
				88D03F702D47A8DE00FDAE42 /* AuthService.swift in Sources */,
				88D03FB12D47C16200FDAE42 /* CheckoutViewModel.swift in Sources */,
				88D03F9C2D47A8DE00FDAE42 /* WishlistViewControllerWrapper.swift in Sources */,
				88D03FC62D47CC3800FDAE42 /* OrderCell.swift in Sources */,
				88D03FB42D47C16200FDAE42 /* ShippingMethod.swift in Sources */,
				88D03F9B2D47A8DE00FDAE42 /* ProfileView.swift in Sources */,
				88D03F612D47A8DE00FDAE42 /* CartItem.swift in Sources */,
				88D03F832D47A8DE00FDAE42 /* ProductCell.swift in Sources */,
				88D03F8B2D47A8DE00FDAE42 /* PaymentViewModel.swift in Sources */,
				88D03F7C2D47A8DE00FDAE42 /* CollectionProductsViewModel.swift in Sources */,
				88D03FA22D47A8DE00FDAE42 /* FilterOptions.swift in Sources */,
				88D03F982D47A8DE00FDAE42 /* WishlistViewModel.swift in Sources */,
				88D03F8D2D47A8DE00FDAE42 /* PaymentCard.swift in Sources */,
				88D03F8A2D47A8DE00FDAE42 /* LoginViewController.swift in Sources */,
				88D03F602D47A8DE00FDAE42 /* CollectionType.swift in Sources */,
				88D03F912D47A8DE00FDAE42 /* PaymentCardView.swift in Sources */,
				88D03F652D47A8DE00FDAE42 /* Banner.swift in Sources */,
				88D03F8E2D47A8DE00FDAE42 /* PaymentView.swift in Sources */,
				88D03FA02D47A8DE00FDAE42 /* CartView.swift in Sources */,
				88D03F632D47A8DE00FDAE42 /* Product.swift in Sources */,
				88D03FA12D47A8DE00FDAE42 /* FilterViewModel.swift in Sources */,
				88D03F692D47A8DE00FDAE42 /* SharedViews.swift in Sources */,
				88D03FB32D47C16200FDAE42 /* CheckoutPaymentViewModel.swift in Sources */,
				88D03F892D47A8DE00FDAE42 /* SignUpViewController.swift in Sources */,
				88D03F6D2D47A8DE00FDAE42 /* ImageCacheService.swift in Sources */,
				88D03FB22D47C16200FDAE42 /* OrderCompletedViewModel.swift in Sources */,
				88D03F7D2D47A8DE00FDAE42 /* CollectionProductsView.swift in Sources */,
				88D03F712D47A8DE00FDAE42 /* ProductFilterService.swift in Sources */,
				88D03F762D47A8DE00FDAE42 /* BannerProductsViewModel.swift in Sources */,
				88D03F852D47A8DE00FDAE42 /* DiscoverEmptyStateView.swift in Sources */,
				88D03F772D47A8DE00FDAE42 /* ProductCard.swift in Sources */,
				88D03F682D47A8DE00FDAE42 /* ProductCardView.swift in Sources */,
				88D03F9D2D47A8DE00FDAE42 /* ProductDetailsViewModel.swift in Sources */,
				88D03F802D47A8DE00FDAE42 /* CategoryCell.swift in Sources */,
				88D03F7A2D47A8DE00FDAE42 /* BannerView.swift in Sources */,
				88D03F9A2D47A8DE00FDAE42 /* WishlistViewController.swift in Sources */,
				88D03FB62D47C16200FDAE42 /* CheckoutPaymentView.swift in Sources */,
				88D03FB52D47C16200FDAE42 /* CheckoutView.swift in Sources */,
				88D03F9E2D47A8DE00FDAE42 /* ProductDetailsViewController.swift in Sources */,
				88D03F6A2D47A8DE00FDAE42 /* ErrorView.swift in Sources */,
				88D03FC32D47CC3800FDAE42 /* OrdersViewModel.swift in Sources */,
				88D03F742D47A8DE00FDAE42 /* GemStoreApp.swift in Sources */,
				88D03F752D47A8DE00FDAE42 /* HomeViewModel.swift in Sources */,
				88D03F872D47A8DE00FDAE42 /* SignUpViewModel.swift in Sources */,
				88D03F8F2D47A8DE00FDAE42 /* PaymentMethodButton.swift in Sources */,
				88D03F9F2D47A8DE00FDAE42 /* CartViewModel.swift in Sources */,
				88D03F642D47A8DE00FDAE42 /* UserFavorite.swift in Sources */,
				88D03F792D47A8DE00FDAE42 /* HomeCategorySection.swift in Sources */,
				88D03FB72D47C16200FDAE42 /* CheckoutComponents.swift in Sources */,
				88D03F6B2D47A8DE00FDAE42 /* ServiceProtocols.swift in Sources */,
				88D03F6F2D47A8DE00FDAE42 /* PaymentService.swift in Sources */,
				88D03F882D47A8DE00FDAE42 /* AuthViewModel.swift in Sources */,
				88D03F992D47A8DE00FDAE42 /* ProfileViewModel.swift in Sources */,
				88D03F902D47A8DE00FDAE42 /* AddCardView.swift in Sources */,
				88D03F7F2D47A8DE00FDAE42 /* SubcategoryCell.swift in Sources */,
				88D03F6C2D47A8DE00FDAE42 /* ShippingService.swift in Sources */,
				88D03F842D47A8DE00FDAE42 /* DiscoverSearchView.swift in Sources */,
			);
			runOnlyForDeploymentPostprocessing = 0;
		};
/* End PBXSourcesBuildPhase section */

/* Begin XCBuildConfiguration section */
		880455A92D3094AE0098EAD5 /* Debug */ = {
			isa = XCBuildConfiguration;
			buildSettings = {
				ALWAYS_SEARCH_USER_PATHS = NO;
				ASSETCATALOG_COMPILER_GENERATE_SWIFT_ASSET_SYMBOL_EXTENSIONS = YES;
				CLANG_ANALYZER_NONNULL = YES;
				CLANG_ANALYZER_NUMBER_OBJECT_CONVERSION = YES_AGGRESSIVE;
				CLANG_CXX_LANGUAGE_STANDARD = "gnu++20";
				CLANG_ENABLE_MODULES = YES;
				CLANG_ENABLE_OBJC_ARC = YES;
				CLANG_ENABLE_OBJC_WEAK = YES;
				CLANG_WARN_BLOCK_CAPTURE_AUTORELEASING = YES;
				CLANG_WARN_BOOL_CONVERSION = YES;
				CLANG_WARN_COMMA = YES;
				CLANG_WARN_CONSTANT_CONVERSION = YES;
				CLANG_WARN_DEPRECATED_OBJC_IMPLEMENTATIONS = YES;
				CLANG_WARN_DIRECT_OBJC_ISA_USAGE = YES_ERROR;
				CLANG_WARN_DOCUMENTATION_COMMENTS = YES;
				CLANG_WARN_EMPTY_BODY = YES;
				CLANG_WARN_ENUM_CONVERSION = YES;
				CLANG_WARN_INFINITE_RECURSION = YES;
				CLANG_WARN_INT_CONVERSION = YES;
				CLANG_WARN_NON_LITERAL_NULL_CONVERSION = YES;
				CLANG_WARN_OBJC_IMPLICIT_RETAIN_SELF = YES;
				CLANG_WARN_OBJC_LITERAL_CONVERSION = YES;
				CLANG_WARN_OBJC_ROOT_CLASS = YES_ERROR;
				CLANG_WARN_QUOTED_INCLUDE_IN_FRAMEWORK_HEADER = YES;
				CLANG_WARN_RANGE_LOOP_ANALYSIS = YES;
				CLANG_WARN_STRICT_PROTOTYPES = YES;
				CLANG_WARN_SUSPICIOUS_MOVE = YES;
				CLANG_WARN_UNGUARDED_AVAILABILITY = YES_AGGRESSIVE;
				CLANG_WARN_UNREACHABLE_CODE = YES;
				CLANG_WARN__DUPLICATE_METHOD_MATCH = YES;
				COPY_PHASE_STRIP = NO;
				DEBUG_INFORMATION_FORMAT = dwarf;
				ENABLE_STRICT_OBJC_MSGSEND = YES;
				ENABLE_TESTABILITY = YES;
				ENABLE_USER_SCRIPT_SANDBOXING = YES;
				GCC_C_LANGUAGE_STANDARD = gnu17;
				GCC_DYNAMIC_NO_PIC = NO;
				GCC_NO_COMMON_BLOCKS = YES;
				GCC_OPTIMIZATION_LEVEL = 0;
				GCC_PREPROCESSOR_DEFINITIONS = (
					"DEBUG=1",
					"$(inherited)",
				);
				GCC_WARN_64_TO_32_BIT_CONVERSION = YES;
				GCC_WARN_ABOUT_RETURN_TYPE = YES_ERROR;
				GCC_WARN_UNDECLARED_SELECTOR = YES;
				GCC_WARN_UNINITIALIZED_AUTOS = YES_AGGRESSIVE;
				GCC_WARN_UNUSED_FUNCTION = YES;
				GCC_WARN_UNUSED_VARIABLE = YES;
				IPHONEOS_DEPLOYMENT_TARGET = 17.2;
				LOCALIZATION_PREFERS_STRING_CATALOGS = YES;
				MTL_ENABLE_DEBUG_INFO = INCLUDE_SOURCE;
				MTL_FAST_MATH = YES;
				ONLY_ACTIVE_ARCH = YES;
				SDKROOT = iphoneos;
				SWIFT_ACTIVE_COMPILATION_CONDITIONS = "DEBUG $(inherited)";
				SWIFT_OPTIMIZATION_LEVEL = "-Onone";
			};
			name = Debug;
		};
		880455AA2D3094AE0098EAD5 /* Release */ = {
			isa = XCBuildConfiguration;
			buildSettings = {
				ALWAYS_SEARCH_USER_PATHS = NO;
				ASSETCATALOG_COMPILER_GENERATE_SWIFT_ASSET_SYMBOL_EXTENSIONS = YES;
				CLANG_ANALYZER_NONNULL = YES;
				CLANG_ANALYZER_NUMBER_OBJECT_CONVERSION = YES_AGGRESSIVE;
				CLANG_CXX_LANGUAGE_STANDARD = "gnu++20";
				CLANG_ENABLE_MODULES = YES;
				CLANG_ENABLE_OBJC_ARC = YES;
				CLANG_ENABLE_OBJC_WEAK = YES;
				CLANG_WARN_BLOCK_CAPTURE_AUTORELEASING = YES;
				CLANG_WARN_BOOL_CONVERSION = YES;
				CLANG_WARN_COMMA = YES;
				CLANG_WARN_CONSTANT_CONVERSION = YES;
				CLANG_WARN_DEPRECATED_OBJC_IMPLEMENTATIONS = YES;
				CLANG_WARN_DIRECT_OBJC_ISA_USAGE = YES_ERROR;
				CLANG_WARN_DOCUMENTATION_COMMENTS = YES;
				CLANG_WARN_EMPTY_BODY = YES;
				CLANG_WARN_ENUM_CONVERSION = YES;
				CLANG_WARN_INFINITE_RECURSION = YES;
				CLANG_WARN_INT_CONVERSION = YES;
				CLANG_WARN_NON_LITERAL_NULL_CONVERSION = YES;
				CLANG_WARN_OBJC_IMPLICIT_RETAIN_SELF = YES;
				CLANG_WARN_OBJC_LITERAL_CONVERSION = YES;
				CLANG_WARN_OBJC_ROOT_CLASS = YES_ERROR;
				CLANG_WARN_QUOTED_INCLUDE_IN_FRAMEWORK_HEADER = YES;
				CLANG_WARN_RANGE_LOOP_ANALYSIS = YES;
				CLANG_WARN_STRICT_PROTOTYPES = YES;
				CLANG_WARN_SUSPICIOUS_MOVE = YES;
				CLANG_WARN_UNGUARDED_AVAILABILITY = YES_AGGRESSIVE;
				CLANG_WARN_UNREACHABLE_CODE = YES;
				CLANG_WARN__DUPLICATE_METHOD_MATCH = YES;
				COPY_PHASE_STRIP = NO;
				DEBUG_INFORMATION_FORMAT = "dwarf-with-dsym";
				ENABLE_NS_ASSERTIONS = NO;
				ENABLE_STRICT_OBJC_MSGSEND = YES;
				ENABLE_USER_SCRIPT_SANDBOXING = YES;
				GCC_C_LANGUAGE_STANDARD = gnu17;
				GCC_NO_COMMON_BLOCKS = YES;
				GCC_WARN_64_TO_32_BIT_CONVERSION = YES;
				GCC_WARN_ABOUT_RETURN_TYPE = YES_ERROR;
				GCC_WARN_UNDECLARED_SELECTOR = YES;
				GCC_WARN_UNINITIALIZED_AUTOS = YES_AGGRESSIVE;
				GCC_WARN_UNUSED_FUNCTION = YES;
				GCC_WARN_UNUSED_VARIABLE = YES;
				IPHONEOS_DEPLOYMENT_TARGET = 17.2;
				LOCALIZATION_PREFERS_STRING_CATALOGS = YES;
				MTL_ENABLE_DEBUG_INFO = NO;
				MTL_FAST_MATH = YES;
				SDKROOT = iphoneos;
				SWIFT_COMPILATION_MODE = wholemodule;
				VALIDATE_PRODUCT = YES;
			};
			name = Release;
		};
		880455AC2D3094AE0098EAD5 /* Debug */ = {
			isa = XCBuildConfiguration;
			buildSettings = {
				ASSETCATALOG_COMPILER_APPICON_NAME = AppIcon;
				ASSETCATALOG_COMPILER_GLOBAL_ACCENT_COLOR_NAME = AccentColor;
				CODE_SIGN_STYLE = Automatic;
				CURRENT_PROJECT_VERSION = 1;
				DEVELOPMENT_ASSET_PATHS = "\"Ecommerce/Preview Content\"";
				DEVELOPMENT_TEAM = YT4G83G78N;
				ENABLE_PREVIEWS = YES;
				GENERATE_INFOPLIST_FILE = YES;
				INFOPLIST_FILE = Ecommerce/Info.plist;
				INFOPLIST_KEY_UIApplicationSceneManifest_Generation = YES;
				INFOPLIST_KEY_UIApplicationSupportsIndirectInputEvents = YES;
				INFOPLIST_KEY_UILaunchScreen_Generation = YES;
				INFOPLIST_KEY_UISupportedInterfaceOrientations_iPad = "UIInterfaceOrientationPortrait UIInterfaceOrientationPortraitUpsideDown UIInterfaceOrientationLandscapeLeft UIInterfaceOrientationLandscapeRight";
				INFOPLIST_KEY_UISupportedInterfaceOrientations_iPhone = "UIInterfaceOrientationPortrait UIInterfaceOrientationLandscapeLeft UIInterfaceOrientationLandscapeRight";
				IPHONEOS_DEPLOYMENT_TARGET = 16.0;
				LD_RUNPATH_SEARCH_PATHS = (
					"$(inherited)",
					"@executable_path/Frameworks",
				);
				MARKETING_VERSION = 1.0;
				PRODUCT_BUNDLE_IDENTIFIER = com.academy.Ecommerce;
				PRODUCT_NAME = "$(TARGET_NAME)";
				SWIFT_EMIT_LOC_STRINGS = YES;
				SWIFT_VERSION = 5.0;
				TARGETED_DEVICE_FAMILY = "1,2";
			};
			name = Debug;
		};
		880455AD2D3094AE0098EAD5 /* Release */ = {
			isa = XCBuildConfiguration;
			buildSettings = {
				ASSETCATALOG_COMPILER_APPICON_NAME = AppIcon;
				ASSETCATALOG_COMPILER_GLOBAL_ACCENT_COLOR_NAME = AccentColor;
				CODE_SIGN_STYLE = Automatic;
				CURRENT_PROJECT_VERSION = 1;
				DEVELOPMENT_ASSET_PATHS = "\"Ecommerce/Preview Content\"";
				DEVELOPMENT_TEAM = YT4G83G78N;
				ENABLE_PREVIEWS = YES;
				GENERATE_INFOPLIST_FILE = YES;
				INFOPLIST_FILE = Ecommerce/Info.plist;
				INFOPLIST_KEY_UIApplicationSceneManifest_Generation = YES;
				INFOPLIST_KEY_UIApplicationSupportsIndirectInputEvents = YES;
				INFOPLIST_KEY_UILaunchScreen_Generation = YES;
				INFOPLIST_KEY_UISupportedInterfaceOrientations_iPad = "UIInterfaceOrientationPortrait UIInterfaceOrientationPortraitUpsideDown UIInterfaceOrientationLandscapeLeft UIInterfaceOrientationLandscapeRight";
				INFOPLIST_KEY_UISupportedInterfaceOrientations_iPhone = "UIInterfaceOrientationPortrait UIInterfaceOrientationLandscapeLeft UIInterfaceOrientationLandscapeRight";
				IPHONEOS_DEPLOYMENT_TARGET = 16.0;
				LD_RUNPATH_SEARCH_PATHS = (
					"$(inherited)",
					"@executable_path/Frameworks",
				);
				MARKETING_VERSION = 1.0;
				PRODUCT_BUNDLE_IDENTIFIER = com.academy.Ecommerce;
				PRODUCT_NAME = "$(TARGET_NAME)";
				SWIFT_EMIT_LOC_STRINGS = YES;
				SWIFT_VERSION = 5.0;
				TARGETED_DEVICE_FAMILY = "1,2";
			};
			name = Release;
		};
/* End XCBuildConfiguration section */

/* Begin XCConfigurationList section */
		880455982D3094AB0098EAD5 /* Build configuration list for PBXProject "Ecommerce" */ = {
			isa = XCConfigurationList;
			buildConfigurations = (
				880455A92D3094AE0098EAD5 /* Debug */,
				880455AA2D3094AE0098EAD5 /* Release */,
			);
			defaultConfigurationIsVisible = 0;
			defaultConfigurationName = Release;
		};
		880455AB2D3094AE0098EAD5 /* Build configuration list for PBXNativeTarget "Ecommerce" */ = {
			isa = XCConfigurationList;
			buildConfigurations = (
				880455AC2D3094AE0098EAD5 /* Debug */,
				880455AD2D3094AE0098EAD5 /* Release */,
			);
			defaultConfigurationIsVisible = 0;
			defaultConfigurationName = Release;
		};
/* End XCConfigurationList section */

/* Begin XCRemoteSwiftPackageReference section */
		88B7854D2D36A2640066B394 /* XCRemoteSwiftPackageReference "GoogleSignIn-iOS" */ = {
			isa = XCRemoteSwiftPackageReference;
			repositoryURL = "https://github.com/google/GoogleSignIn-iOS.git";
			requirement = {
				kind = upToNextMajorVersion;
				minimumVersion = 8.0.0;
			};
		};
		88DF7C9A2D35EAA700745369 /* XCRemoteSwiftPackageReference "firebase-ios-sdk" */ = {
			isa = XCRemoteSwiftPackageReference;
			repositoryURL = "https://github.com/firebase/firebase-ios-sdk";
			requirement = {
				kind = upToNextMajorVersion;
				minimumVersion = 11.7.0;
			};
		};
/* End XCRemoteSwiftPackageReference section */

/* Begin XCSwiftPackageProductDependency section */
		885F1CC82D37F9F30090DCD6 /* FirebaseFirestore */ = {
			isa = XCSwiftPackageProductDependency;
			package = 88DF7C9A2D35EAA700745369 /* XCRemoteSwiftPackageReference "firebase-ios-sdk" */;
			productName = FirebaseFirestore;
		};
		88B7854B2D36A16C0066B394 /* FirebaseAuth */ = {
			isa = XCSwiftPackageProductDependency;
			package = 88DF7C9A2D35EAA700745369 /* XCRemoteSwiftPackageReference "firebase-ios-sdk" */;
			productName = FirebaseAuth;
		};
		88B7854E2D36A2640066B394 /* GoogleSignIn */ = {
			isa = XCSwiftPackageProductDependency;
			package = 88B7854D2D36A2640066B394 /* XCRemoteSwiftPackageReference "GoogleSignIn-iOS" */;
			productName = GoogleSignIn;
		};
		88B785502D36A2640066B394 /* GoogleSignInSwift */ = {
			isa = XCSwiftPackageProductDependency;
			package = 88B7854D2D36A2640066B394 /* XCRemoteSwiftPackageReference "GoogleSignIn-iOS" */;
			productName = GoogleSignInSwift;
		};
		88DF7C9B2D35EAA700745369 /* FirebaseAnalytics */ = {
			isa = XCSwiftPackageProductDependency;
			package = 88DF7C9A2D35EAA700745369 /* XCRemoteSwiftPackageReference "firebase-ios-sdk" */;
			productName = FirebaseAnalytics;
		};
		88DF7C9D2D35EAA700745369 /* FirebaseAnalyticsOnDeviceConversion */ = {
			isa = XCSwiftPackageProductDependency;
			package = 88DF7C9A2D35EAA700745369 /* XCRemoteSwiftPackageReference "firebase-ios-sdk" */;
			productName = FirebaseAnalyticsOnDeviceConversion;
		};
		88DF7C9F2D35EAA700745369 /* FirebaseAnalyticsWithoutAdIdSupport */ = {
			isa = XCSwiftPackageProductDependency;
			package = 88DF7C9A2D35EAA700745369 /* XCRemoteSwiftPackageReference "firebase-ios-sdk" */;
			productName = FirebaseAnalyticsWithoutAdIdSupport;
		};
		88DF7CA12D35EAA700745369 /* FirebaseAppCheck */ = {
			isa = XCSwiftPackageProductDependency;
			package = 88DF7C9A2D35EAA700745369 /* XCRemoteSwiftPackageReference "firebase-ios-sdk" */;
			productName = FirebaseAppCheck;
		};
		88DF7CA32D35EAA700745369 /* FirebaseAppDistribution-Beta */ = {
			isa = XCSwiftPackageProductDependency;
			package = 88DF7C9A2D35EAA700745369 /* XCRemoteSwiftPackageReference "firebase-ios-sdk" */;
			productName = "FirebaseAppDistribution-Beta";
		};
		88DF7CA62D35EAD400745369 /* FirebaseCore */ = {
			isa = XCSwiftPackageProductDependency;
			package = 88DF7C9A2D35EAA700745369 /* XCRemoteSwiftPackageReference "firebase-ios-sdk" */;
			productName = FirebaseCore;
		};
		88DF7CA82D35EADB00745369 /* FirebaseStorage */ = {
			isa = XCSwiftPackageProductDependency;
			package = 88DF7C9A2D35EAA700745369 /* XCRemoteSwiftPackageReference "firebase-ios-sdk" */;
			productName = FirebaseStorage;
		};
/* End XCSwiftPackageProductDependency section */
	};
	rootObject = 880455952D3094AB0098EAD5 /* Project object */;
}
